<?xml version="1.0" encoding="utf-8"?>
<Project ToolsVersion="4.0" xmlns="http://schemas.microsoft.com/developer/msbuild/2003">
  <ItemGroup>
    <Filter Include="Samples">
      <UniqueIdentifier>{f04e7cb1-0019-4ff3-9314-56072db588cf}</UniqueIdentifier>
    </Filter>
    <Filter Include="Samples\DragDropDemo">
      <UniqueIdentifier>{b512fe93-7487-47b7-8d1d-f2cab2255752}</UniqueIdentifier>
    </Filter>
  </ItemGroup>
  <ItemGroup>
    <ClCompile Include="..\..\..\..\Samples\DragDropDemo\Sample_DragDropDemo.cpp">
      <Filter>Samples\DragDropDemo</Filter>
    </ClCompile>
  </ItemGroup>
  <ItemGroup>
    <ClInclude Include="..\..\..\..\Samples\DragDropDemo\Sample_DragDropDemo.h">
      <Filter>Samples\DragDropDemo</Filter>
    </ClInclude>
  </ItemGroup>
</Project>