<?xml version="1.0" encoding="utf-8"?>
<Project ToolsVersion="4.0" xmlns="http://schemas.microsoft.com/developer/msbuild/2003">
  <ItemGroup>
    <Filter Include="cegui">
      <UniqueIdentifier>{02effee8-dae2-413c-9520-128c097204fa}</UniqueIdentifier>
    </Filter>
    <Filter Include="cegui\src">
      <UniqueIdentifier>{b9ca2bf2-08f5-4d99-8264-3126c5919e7c}</UniqueIdentifier>
    </Filter>
    <Filter Include="cegui\src\ImageCodecModules">
      <UniqueIdentifier>{7093be42-75b3-4e53-acd9-67692ebc691e}</UniqueIdentifier>
    </Filter>
    <Filter Include="cegui\src\ImageCodecModules\TGAImageCodec">
      <UniqueIdentifier>{cf60fe71-c9ab-4e6e-9ebc-ba780895fb62}</UniqueIdentifier>
    </Filter>
    <Filter Include="cegui\include">
      <UniqueIdentifier>{245b883d-2376-4c20-9e42-e9e4da384a17}</UniqueIdentifier>
    </Filter>
    <Filter Include="cegui\include\ImageCodecModules">
      <UniqueIdentifier>{c53d4c4e-a58e-4f26-9f02-5297c33276f8}</UniqueIdentifier>
    </Filter>
    <Filter Include="cegui\include\ImageCodecModules\TGAImageCodec">
      <UniqueIdentifier>{d83acb94-939d-444d-9558-c9eaefb79738}</UniqueIdentifier>
    </Filter>
  </ItemGroup>
  <ItemGroup>
    <ClCompile Include="..\..\..\..\cegui\src\ImageCodecModules\TGAImageCodec\CEGUITGAImageCodec.cpp">
      <Filter>cegui\src\ImageCodecModules\TGAImageCodec</Filter>
    </ClCompile>
    <ClCompile Include="..\..\..\..\cegui\src\ImageCodecModules\TGAImageCodec\CEGUITGAImageCodecModule.cpp">
      <Filter>cegui\src\ImageCodecModules\TGAImageCodec</Filter>
    </ClCompile>
  </ItemGroup>
  <ItemGroup>
    <ClInclude Include="..\..\..\..\cegui\include\ImageCodecModules\TGAImageCodec\CEGUITGAImageCodec.h">
      <Filter>cegui\include\ImageCodecModules\TGAImageCodec</Filter>
    </ClInclude>
    <ClInclude Include="..\..\..\..\cegui\include\ImageCodecModules\TGAImageCodec\CEGUITGAImageCodecModule.h">
      <Filter>cegui\include\ImageCodecModules\TGAImageCodec</Filter>
    </ClInclude>
  </ItemGroup>
</Project>