// !$*UTF8*$!
{
	archiveVersion = 1;
	classes = {
	};
	objectVersion = 46;
	objects = {

/* Begin PBXBuildFile section */
		4A68D5A015DA6AC300739084 /* Foundation.framework in Frameworks */ = {isa = PBXBuildFile; fileRef = 4A68D59F15DA6AC300739084 /* Foundation.framework */; };
		4A68D5A615DA6AC300739084 /* pcrelib.m in Sources */ = {isa = PBXBuildFile; fileRef = 4A68D5A515DA6AC300739084 /* pcrelib.m */; };
		4A68D5B015DA6B2F00739084 /* config.h in Headers */ = {isa = PBXBuildFile; fileRef = 4A68D5AE15DA6B2F00739084 /* config.h */; };
		4A68D5B115DA6B2F00739084 /* pcre.h in Headers */ = {isa = PBXBuildFile; fileRef = 4A68D5AF15DA6B2F00739084 /* pcre.h */; };
		4A68D5B315DA6BC000739084 /* pcre_byte_order.c in Sources */ = {isa = PBXBuildFile; fileRef = 4A68D5B215DA6BC000739084 /* pcre_byte_order.c */; };
		4A68D5B515DA6C0400739084 /* pcre_chartables.c in Sources */ = {isa = PBXBuildFile; fileRef = 4A68D5B415DA6C0400739084 /* pcre_chartables.c */; };
		4A68D5B815DA6C2100739084 /* pcre_compile.c in Sources */ = {isa = PBXBuildFile; fileRef = 4A68D5B615DA6C2100739084 /* pcre_compile.c */; };
		4A68D5B915DA6C2100739084 /* pcre_config.c in Sources */ = {isa = PBXBuildFile; fileRef = 4A68D5B715DA6C2100739084 /* pcre_config.c */; };
		4A68D5BC15DA6C3100739084 /* pcre_dfa_exec.c in Sources */ = {isa = PBXBuildFile; fileRef = 4A68D5BA15DA6C3100739084 /* pcre_dfa_exec.c */; };
		4A68D5BD15DA6C3100739084 /* pcre_exec.c in Sources */ = {isa = PBXBuildFile; fileRef = 4A68D5BB15DA6C3100739084 /* pcre_exec.c */; };
		4A68D5C015DA6C4600739084 /* pcre_fullinfo.c in Sources */ = {isa = PBXBuildFile; fileRef = 4A68D5BE15DA6C4600739084 /* pcre_fullinfo.c */; };
		4A68D5C115DA6C4600739084 /* pcre_get.c in Sources */ = {isa = PBXBuildFile; fileRef = 4A68D5BF15DA6C4600739084 /* pcre_get.c */; };
		4A68D5C415DA6C5400739084 /* pcre_globals.c in Sources */ = {isa = PBXBuildFile; fileRef = 4A68D5C215DA6C5400739084 /* pcre_globals.c */; };
		4A68D5C515DA6C5400739084 /* pcre_jit_compile.c in Sources */ = {isa = PBXBuildFile; fileRef = 4A68D5C315DA6C5400739084 /* pcre_jit_compile.c */; };
		4A68D5C815DA6C6200739084 /* pcre_maketables.c in Sources */ = {isa = PBXBuildFile; fileRef = 4A68D5C615DA6C6200739084 /* pcre_maketables.c */; };
		4A68D5C915DA6C6200739084 /* pcre_newline.c in Sources */ = {isa = PBXBuildFile; fileRef = 4A68D5C715DA6C6200739084 /* pcre_newline.c */; };
		4A68D5CC15DA6C6F00739084 /* pcre_ord2utf8.c in Sources */ = {isa = PBXBuildFile; fileRef = 4A68D5CA15DA6C6F00739084 /* pcre_ord2utf8.c */; };
		4A68D5CD15DA6C6F00739084 /* pcre_refcount.c in Sources */ = {isa = PBXBuildFile; fileRef = 4A68D5CB15DA6C6F00739084 /* pcre_refcount.c */; };
		4A68D5D015DA6C8600739084 /* pcre_string_utils.c in Sources */ = {isa = PBXBuildFile; fileRef = 4A68D5CE15DA6C8600739084 /* pcre_string_utils.c */; };
		4A68D5D115DA6C8600739084 /* pcre_study.c in Sources */ = {isa = PBXBuildFile; fileRef = 4A68D5CF15DA6C8600739084 /* pcre_study.c */; };
		4A68D5D415DA6C9600739084 /* pcre_tables.c in Sources */ = {isa = PBXBuildFile; fileRef = 4A68D5D215DA6C9600739084 /* pcre_tables.c */; };
		4A68D5D515DA6C9600739084 /* pcre_ucd.c in Sources */ = {isa = PBXBuildFile; fileRef = 4A68D5D315DA6C9600739084 /* pcre_ucd.c */; };
		4A68D5D715DA6CA200739084 /* pcre_version.c in Sources */ = {isa = PBXBuildFile; fileRef = 4A68D5D615DA6CA200739084 /* pcre_version.c */; };
		4A68D5D915DA6CB100739084 /* pcre_valid_utf8.c in Sources */ = {isa = PBXBuildFile; fileRef = 4A68D5D815DA6CB100739084 /* pcre_valid_utf8.c */; };
		4A68D5DB15DA6CC200739084 /* pcre_xclass.c in Sources */ = {isa = PBXBuildFile; fileRef = 4A68D5DA15DA6CC200739084 /* pcre_xclass.c */; };
/* End PBXBuildFile section */

/* Begin PBXFileReference section */
		4A68D59C15DA6AC300739084 /* libpcrelib.a */ = {isa = PBXFileReference; explicitFileType = archive.ar; includeInIndex = 0; path = libpcrelib.a; sourceTree = BUILT_PRODUCTS_DIR; };
		4A68D59F15DA6AC300739084 /* Foundation.framework */ = {isa = PBXFileReference; lastKnownFileType = wrapper.framework; name = Foundation.framework; path = System/Library/Frameworks/Foundation.framework; sourceTree = SDKROOT; };
		4A68D5A315DA6AC300739084 /* pcrelib-Prefix.pch */ = {isa = PBXFileReference; lastKnownFileType = sourcecode.c.h; path = "pcrelib-Prefix.pch"; sourceTree = "<group>"; };
		4A68D5A415DA6AC300739084 /* pcrelib.h */ = {isa = PBXFileReference; lastKnownFileType = sourcecode.c.h; path = pcrelib.h; sourceTree = "<group>"; };
		4A68D5A515DA6AC300739084 /* pcrelib.m */ = {isa = PBXFileReference; lastKnownFileType = sourcecode.c.objc; path = pcrelib.m; sourceTree = "<group>"; };
		4A68D5AE15DA6B2F00739084 /* config.h */ = {isa = PBXFileReference; fileEncoding = 4; lastKnownFileType = sourcecode.c.h; name = config.h; path = ../../config.h; sourceTree = "<group>"; };
		4A68D5AF15DA6B2F00739084 /* pcre.h */ = {isa = PBXFileReference; fileEncoding = 4; lastKnownFileType = sourcecode.c.h; name = pcre.h; path = ../../pcre.h; sourceTree = "<group>"; };
		4A68D5B215DA6BC000739084 /* pcre_byte_order.c */ = {isa = PBXFileReference; fileEncoding = 4; lastKnownFileType = sourcecode.c.c; name = pcre_byte_order.c; path = ../../../pcre_byte_order.c; sourceTree = "<group>"; };
		4A68D5B415DA6C0400739084 /* pcre_chartables.c */ = {isa = PBXFileReference; fileEncoding = 4; lastKnownFileType = sourcecode.c.c; name = pcre_chartables.c; path = ../../pcre_chartables.c; sourceTree = "<group>"; };
		4A68D5B615DA6C2100739084 /* pcre_compile.c */ = {isa = PBXFileReference; fileEncoding = 4; lastKnownFileType = sourcecode.c.c; name = pcre_compile.c; path = ../../../pcre_compile.c; sourceTree = "<group>"; };
		4A68D5B715DA6C2100739084 /* pcre_config.c */ = {isa = PBXFileReference; fileEncoding = 4; lastKnownFileType = sourcecode.c.c; name = pcre_config.c; path = ../../../pcre_config.c; sourceTree = "<group>"; };
		4A68D5BA15DA6C3100739084 /* pcre_dfa_exec.c */ = {isa = PBXFileReference; fileEncoding = 4; lastKnownFileType = sourcecode.c.c; name = pcre_dfa_exec.c; path = ../../../pcre_dfa_exec.c; sourceTree = "<group>"; };
		4A68D5BB15DA6C3100739084 /* pcre_exec.c */ = {isa = PBXFileReference; fileEncoding = 4; lastKnownFileType = sourcecode.c.c; name = pcre_exec.c; path = ../../../pcre_exec.c; sourceTree = "<group>"; };
		4A68D5BE15DA6C4600739084 /* pcre_fullinfo.c */ = {isa = PBXFileReference; fileEncoding = 4; lastKnownFileType = sourcecode.c.c; name = pcre_fullinfo.c; path = ../../../pcre_fullinfo.c; sourceTree = "<group>"; };
		4A68D5BF15DA6C4600739084 /* pcre_get.c */ = {isa = PBXFileReference; fileEncoding = 4; lastKnownFileType = sourcecode.c.c; name = pcre_get.c; path = ../../../pcre_get.c; sourceTree = "<group>"; };
		4A68D5C215DA6C5400739084 /* pcre_globals.c */ = {isa = PBXFileReference; fileEncoding = 4; lastKnownFileType = sourcecode.c.c; name = pcre_globals.c; path = ../../../pcre_globals.c; sourceTree = "<group>"; };
		4A68D5C315DA6C5400739084 /* pcre_jit_compile.c */ = {isa = PBXFileReference; fileEncoding = 4; lastKnownFileType = sourcecode.c.c; name = pcre_jit_compile.c; path = ../../../pcre_jit_compile.c; sourceTree = "<group>"; };
		4A68D5C615DA6C6200739084 /* pcre_maketables.c */ = {isa = PBXFileReference; fileEncoding = 4; lastKnownFileType = sourcecode.c.c; name = pcre_maketables.c; path = ../../../pcre_maketables.c; sourceTree = "<group>"; };
		4A68D5C715DA6C6200739084 /* pcre_newline.c */ = {isa = PBXFileReference; fileEncoding = 4; lastKnownFileType = sourcecode.c.c; name = pcre_newline.c; path = ../../../pcre_newline.c; sourceTree = "<group>"; };
		4A68D5CA15DA6C6F00739084 /* pcre_ord2utf8.c */ = {isa = PBXFileReference; fileEncoding = 4; lastKnownFileType = sourcecode.c.c; name = pcre_ord2utf8.c; path = ../../../pcre_ord2utf8.c; sourceTree = "<group>"; };
		4A68D5CB15DA6C6F00739084 /* pcre_refcount.c */ = {isa = PBXFileReference; fileEncoding = 4; lastKnownFileType = sourcecode.c.c; name = pcre_refcount.c; path = ../../../pcre_refcount.c; sourceTree = "<group>"; };
		4A68D5CE15DA6C8600739084 /* pcre_string_utils.c */ = {isa = PBXFileReference; fileEncoding = 4; lastKnownFileType = sourcecode.c.c; name = pcre_string_utils.c; path = ../../../pcre_string_utils.c; sourceTree = "<group>"; };
		4A68D5CF15DA6C8600739084 /* pcre_study.c */ = {isa = PBXFileReference; fileEncoding = 4; lastKnownFileType = sourcecode.c.c; name = pcre_study.c; path = ../../../pcre_study.c; sourceTree = "<group>"; };
		4A68D5D215DA6C9600739084 /* pcre_tables.c */ = {isa = PBXFileReference; fileEncoding = 4; lastKnownFileType = sourcecode.c.c; name = pcre_tables.c; path = ../../../pcre_tables.c; sourceTree = "<group>"; };
		4A68D5D315DA6C9600739084 /* pcre_ucd.c */ = {isa = PBXFileReference; fileEncoding = 4; lastKnownFileType = sourcecode.c.c; name = pcre_ucd.c; path = ../../../pcre_ucd.c; sourceTree = "<group>"; };
		4A68D5D615DA6CA200739084 /* pcre_version.c */ = {isa = PBXFileReference; fileEncoding = 4; lastKnownFileType = sourcecode.c.c; name = pcre_version.c; path = ../../../pcre_version.c; sourceTree = "<group>"; };
		4A68D5D815DA6CB100739084 /* pcre_valid_utf8.c */ = {isa = PBXFileReference; fileEncoding = 4; lastKnownFileType = sourcecode.c.c; name = pcre_valid_utf8.c; path = ../../../pcre_valid_utf8.c; sourceTree = "<group>"; };
		4A68D5DA15DA6CC200739084 /* pcre_xclass.c */ = {isa = PBXFileReference; fileEncoding = 4; lastKnownFileType = sourcecode.c.c; name = pcre_xclass.c; path = ../../../pcre_xclass.c; sourceTree = "<group>"; };
/* End PBXFileReference section */

/* Begin PBXFrameworksBuildPhase section */
		4A68D59915DA6AC300739084 /* Frameworks */ = {
			isa = PBXFrameworksBuildPhase;
			buildActionMask = 2147483647;
			files = (
				4A68D5A015DA6AC300739084 /* Foundation.framework in Frameworks */,
			);
			runOnlyForDeploymentPostprocessing = 0;
		};
/* End PBXFrameworksBuildPhase section */

/* Begin PBXGroup section */
		4A68D59115DA6AC300739084 = {
			isa = PBXGroup;
			children = (
				4A68D5A115DA6AC300739084 /* pcrelib */,
				4A68D59E15DA6AC300739084 /* Frameworks */,
				4A68D59D15DA6AC300739084 /* Products */,
			);
			sourceTree = "<group>";
		};
		4A68D59D15DA6AC300739084 /* Products */ = {
			isa = PBXGroup;
			children = (
				4A68D59C15DA6AC300739084 /* libpcrelib.a */,
			);
			name = Products;
			sourceTree = "<group>";
		};
		4A68D59E15DA6AC300739084 /* Frameworks */ = {
			isa = PBXGroup;
			children = (
				4A68D59F15DA6AC300739084 /* Foundation.framework */,
			);
			name = Frameworks;
			sourceTree = "<group>";
		};
		4A68D5A115DA6AC300739084 /* pcrelib */ = {
			isa = PBXGroup;
			children = (
				4A68D5AD15DA6B1700739084 /* src */,
				4A68D5AC15DA6B0B00739084 /* include */,
				4A68D5A415DA6AC300739084 /* pcrelib.h */,
				4A68D5A515DA6AC300739084 /* pcrelib.m */,
				4A68D5A215DA6AC300739084 /* Supporting Files */,
			);
			path = pcrelib;
			sourceTree = "<group>";
		};
		4A68D5A215DA6AC300739084 /* Supporting Files */ = {
			isa = PBXGroup;
			children = (
				4A68D5A315DA6AC300739084 /* pcrelib-Prefix.pch */,
			);
			name = "Supporting Files";
			sourceTree = "<group>";
		};
		4A68D5AC15DA6B0B00739084 /* include */ = {
			isa = PBXGroup;
			children = (
				4A68D5AE15DA6B2F00739084 /* config.h */,
				4A68D5AF15DA6B2F00739084 /* pcre.h */,
			);
			name = include;
			sourceTree = "<group>";
		};
		4A68D5AD15DA6B1700739084 /* src */ = {
			isa = PBXGroup;
			children = (
				4A68D5DA15DA6CC200739084 /* pcre_xclass.c */,
				4A68D5D815DA6CB100739084 /* pcre_valid_utf8.c */,
				4A68D5D615DA6CA200739084 /* pcre_version.c */,
				4A68D5D215DA6C9600739084 /* pcre_tables.c */,
				4A68D5D315DA6C9600739084 /* pcre_ucd.c */,
				4A68D5CE15DA6C8600739084 /* pcre_string_utils.c */,
				4A68D5CF15DA6C8600739084 /* pcre_study.c */,
				4A68D5CA15DA6C6F00739084 /* pcre_ord2utf8.c */,
				4A68D5CB15DA6C6F00739084 /* pcre_refcount.c */,
				4A68D5C615DA6C6200739084 /* pcre_maketables.c */,
				4A68D5C715DA6C6200739084 /* pcre_newline.c */,
				4A68D5C215DA6C5400739084 /* pcre_globals.c */,
				4A68D5C315DA6C5400739084 /* pcre_jit_compile.c */,
				4A68D5BE15DA6C4600739084 /* pcre_fullinfo.c */,
				4A68D5BF15DA6C4600739084 /* pcre_get.c */,
				4A68D5BA15DA6C3100739084 /* pcre_dfa_exec.c */,
				4A68D5BB15DA6C3100739084 /* pcre_exec.c */,
				4A68D5B615DA6C2100739084 /* pcre_compile.c */,
				4A68D5B715DA6C2100739084 /* pcre_config.c */,
				4A68D5B415DA6C0400739084 /* pcre_chartables.c */,
				4A68D5B215DA6BC000739084 /* pcre_byte_order.c */,
			);
			name = src;
			sourceTree = "<group>";
		};
/* End PBXGroup section */

/* Begin PBXHeadersBuildPhase section */
		4A68D59A15DA6AC300739084 /* Headers */ = {
			isa = PBXHeadersBuildPhase;
			buildActionMask = 2147483647;
			files = (
				4A68D5B015DA6B2F00739084 /* config.h in Headers */,
				4A68D5B115DA6B2F00739084 /* pcre.h in Headers */,
			);
			runOnlyForDeploymentPostprocessing = 0;
		};
/* End PBXHeadersBuildPhase section */

/* Begin PBXNativeTarget section */
		4A68D59B15DA6AC300739084 /* pcrelib */ = {
			isa = PBXNativeTarget;
			buildConfigurationList = 4A68D5A915DA6AC300739084 /* Build configuration list for PBXNativeTarget "pcrelib" */;
			buildPhases = (
				4A68D59815DA6AC300739084 /* Sources */,
				4A68D59915DA6AC300739084 /* Frameworks */,
				4A68D59A15DA6AC300739084 /* Headers */,
			);
			buildRules = (
			);
			dependencies = (
			);
			name = pcrelib;
			productName = pcrelib;
			productReference = 4A68D59C15DA6AC300739084 /* libpcrelib.a */;
			productType = "com.apple.product-type.library.static";
		};
/* End PBXNativeTarget section */

/* Begin PBXProject section */
		4A68D59315DA6AC300739084 /* Project object */ = {
			isa = PBXProject;
			buildConfigurationList = 4A68D59615DA6AC300739084 /* Build configuration list for PBXProject "pcrelib" */;
			compatibilityVersion = "Xcode 3.2";
			developmentRegion = English;
			hasScannedForEncodings = 0;
			knownRegions = (
				en,
			);
			mainGroup = 4A68D59115DA6AC300739084;
			productRefGroup = 4A68D59D15DA6AC300739084 /* Products */;
			projectDirPath = "";
			projectRoot = "";
			targets = (
				4A68D59B15DA6AC300739084 /* pcrelib */,
			);
		};
/* End PBXProject section */

/* Begin PBXSourcesBuildPhase section */
		4A68D59815DA6AC300739084 /* Sources */ = {
			isa = PBXSourcesBuildPhase;
			buildActionMask = 2147483647;
			files = (
				4A68D5A615DA6AC300739084 /* pcrelib.m in Sources */,
				4A68D5B315DA6BC000739084 /* pcre_byte_order.c in Sources */,
				4A68D5B515DA6C0400739084 /* pcre_chartables.c in Sources */,
				4A68D5B815DA6C2100739084 /* pcre_compile.c in Sources */,
				4A68D5B915DA6C2100739084 /* pcre_config.c in Sources */,
				4A68D5BC15DA6C3100739084 /* pcre_dfa_exec.c in Sources */,
				4A68D5BD15DA6C3100739084 /* pcre_exec.c in Sources */,
				4A68D5C015DA6C4600739084 /* pcre_fullinfo.c in Sources */,
				4A68D5C115DA6C4600739084 /* pcre_get.c in Sources */,
				4A68D5C415DA6C5400739084 /* pcre_globals.c in Sources */,
				4A68D5C515DA6C5400739084 /* pcre_jit_compile.c in Sources */,
				4A68D5C815DA6C6200739084 /* pcre_maketables.c in Sources */,
				4A68D5C915DA6C6200739084 /* pcre_newline.c in Sources */,
				4A68D5CC15DA6C6F00739084 /* pcre_ord2utf8.c in Sources */,
				4A68D5CD15DA6C6F00739084 /* pcre_refcount.c in Sources */,
				4A68D5D015DA6C8600739084 /* pcre_string_utils.c in Sources */,
				4A68D5D115DA6C8600739084 /* pcre_study.c in Sources */,
				4A68D5D415DA6C9600739084 /* pcre_tables.c in Sources */,
				4A68D5D515DA6C9600739084 /* pcre_ucd.c in Sources */,
				4A68D5D715DA6CA200739084 /* pcre_version.c in Sources */,
				4A68D5D915DA6CB100739084 /* pcre_valid_utf8.c in Sources */,
				4A68D5DB15DA6CC200739084 /* pcre_xclass.c in Sources */,
			);
			runOnlyForDeploymentPostprocessing = 0;
		};
/* End PBXSourcesBuildPhase section */

/* Begin XCBuildConfiguration section */
		4A68D5A715DA6AC300739084 /* Debug */ = {
			isa = XCBuildConfiguration;
			buildSettings = {
				ALWAYS_SEARCH_USER_PATHS = NO;
				ARCHS = "$(ARCHS_STANDARD_32_BIT)";
				COPY_PHASE_STRIP = NO;
				GCC_C_LANGUAGE_STANDARD = gnu99;
				GCC_DYNAMIC_NO_PIC = NO;
				GCC_OPTIMIZATION_LEVEL = 0;
				GCC_PREPROCESSOR_DEFINITIONS = (
					"DEBUG=1",
					"$(inherited)",
				);
				GCC_SYMBOLS_PRIVATE_EXTERN = NO;
				GCC_VERSION = com.apple.compilers.llvmgcc42;
				GCC_WARN_ABOUT_MISSING_PROTOTYPES = YES;
				GCC_WARN_ABOUT_RETURN_TYPE = YES;
				GCC_WARN_UNUSED_VARIABLE = YES;
				IPHONEOS_DEPLOYMENT_TARGET = 4.3;
				SDKROOT = iphoneos;
			};
			name = Debug;
		};
		4A68D5A815DA6AC300739084 /* Release */ = {
			isa = XCBuildConfiguration;
			buildSettings = {
				ALWAYS_SEARCH_USER_PATHS = NO;
				ARCHS = "$(ARCHS_STANDARD_32_BIT)";
				COPY_PHASE_STRIP = YES;
				GCC_C_LANGUAGE_STANDARD = gnu99;
				GCC_VERSION = com.apple.compilers.llvmgcc42;
				GCC_WARN_ABOUT_MISSING_PROTOTYPES = YES;
				GCC_WARN_ABOUT_RETURN_TYPE = YES;
				GCC_WARN_UNUSED_VARIABLE = YES;
				IPHONEOS_DEPLOYMENT_TARGET = 4.3;
				SDKROOT = iphoneos;
				VALIDATE_PRODUCT = YES;
			};
			name = Release;
		};
		4A68D5AA15DA6AC300739084 /* Debug */ = {
			isa = XCBuildConfiguration;
			buildSettings = {
				DSTROOT = /tmp/pcrelib.dst;
				GCC_PRECOMPILE_PREFIX_HEADER = YES;
				GCC_PREFIX_HEADER = "pcrelib/pcrelib-Prefix.pch";
				GCC_PREPROCESSOR_DEFINITIONS = (
					HAVE_CONFIG_H,
					"DEBUG=1",
					"$(inherited)",
				);
				HEADER_SEARCH_PATHS = (
					"/Users/magicstudio/Public/3rd/pcre-8.31/prj2",
					"/Users/magicstudio/Public/3rd/pcre-8.31/**",
				);
				OTHER_LDFLAGS = "-ObjC";
				PRODUCT_NAME = "$(TARGET_NAME)";
				SKIP_INSTALL = YES;
			};
			name = Debug;
		};
		4A68D5AB15DA6AC300739084 /* Release */ = {
			isa = XCBuildConfiguration;
			buildSettings = {
				DSTROOT = /tmp/pcrelib.dst;
				GCC_PRECOMPILE_PREFIX_HEADER = YES;
				GCC_PREFIX_HEADER = "pcrelib/pcrelib-Prefix.pch";
				GCC_PREPROCESSOR_DEFINITIONS = HAVE_CONFIG_H;
				HEADER_SEARCH_PATHS = (
					"/Users/magicstudio/Public/3rd/pcre-8.31/prj2",
					"/Users/magicstudio/Public/3rd/pcre-8.31/**",
				);
				OTHER_LDFLAGS = "-ObjC";
				PRODUCT_NAME = "$(TARGET_NAME)";
				SKIP_INSTALL = YES;
			};
			name = Release;
		};
/* End XCBuildConfiguration section */

/* Begin XCConfigurationList section */
		4A68D59615DA6AC300739084 /* Build configuration list for PBXProject "pcrelib" */ = {
			isa = XCConfigurationList;
			buildConfigurations = (
				4A68D5A715DA6AC300739084 /* Debug */,
				4A68D5A815DA6AC300739084 /* Release */,
			);
			defaultConfigurationIsVisible = 0;
			defaultConfigurationName = Release;
		};
		4A68D5A915DA6AC300739084 /* Build configuration list for PBXNativeTarget "pcrelib" */ = {
			isa = XCConfigurationList;
			buildConfigurations = (
				4A68D5AA15DA6AC300739084 /* Debug */,
				4A68D5AB15DA6AC300739084 /* Release */,
			);
			defaultConfigurationIsVisible = 0;
		};
/* End XCConfigurationList section */
	};
	rootObject = 4A68D59315DA6AC300739084 /* Project object */;
}
