<?xml version="1.0" encoding="utf-8"?>
<Project ToolsVersion="4.0" xmlns="http://schemas.microsoft.com/developer/msbuild/2003">
  <ItemGroup>
    <Filter Include="cegui">
      <UniqueIdentifier>{a976d1ea-c64a-4d24-a1be-bfaa9aebc511}</UniqueIdentifier>
    </Filter>
    <Filter Include="cegui\src">
      <UniqueIdentifier>{634cd509-c65e-4249-b910-8d7dc1d66744}</UniqueIdentifier>
    </Filter>
    <Filter Include="cegui\src\ImageCodecModules">
      <UniqueIdentifier>{18d70df3-1273-49cd-a0ce-5049dbaaae8f}</UniqueIdentifier>
    </Filter>
    <Filter Include="cegui\src\ImageCodecModules\DevILImageCodec">
      <UniqueIdentifier>{033b4bc8-01e6-45d6-aade-dc830a93fbc2}</UniqueIdentifier>
    </Filter>
    <Filter Include="cegui\include">
      <UniqueIdentifier>{d8311543-d793-4c75-a9ed-7a8738a8a86e}</UniqueIdentifier>
    </Filter>
    <Filter Include="cegui\include\ImageCodecModules">
      <UniqueIdentifier>{b3bb3668-eaa8-43fe-bc0a-2a2fda7fe80f}</UniqueIdentifier>
    </Filter>
    <Filter Include="cegui\include\ImageCodecModules\DevILImageCodec">
      <UniqueIdentifier>{d33f61e2-eb56-41d7-8fa6-94ae82044974}</UniqueIdentifier>
    </Filter>
  </ItemGroup>
  <ItemGroup>
    <ClCompile Include="..\..\..\..\cegui\src\ImageCodecModules\DevILImageCodec\CEGUIDevILImageCodec.cpp">
      <Filter>cegui\src\ImageCodecModules\DevILImageCodec</Filter>
    </ClCompile>
    <ClCompile Include="..\..\..\..\cegui\src\ImageCodecModules\DevILImageCodec\CEGUIDevILImageCodecModule.cpp">
      <Filter>cegui\src\ImageCodecModules\DevILImageCodec</Filter>
    </ClCompile>
  </ItemGroup>
  <ItemGroup>
    <ClInclude Include="..\..\..\..\cegui\include\ImageCodecModules\DevILImageCodec\CEGUIDevILImageCodec.h">
      <Filter>cegui\include\ImageCodecModules\DevILImageCodec</Filter>
    </ClInclude>
    <ClInclude Include="..\..\..\..\cegui\include\ImageCodecModules\DevILImageCodec\CEGUIDevILImageCodecModule.h">
      <Filter>cegui\include\ImageCodecModules\DevILImageCodec</Filter>
    </ClInclude>
  </ItemGroup>
</Project>