<?xml version="1.0" encoding="UTF-8"?>
<Project ToolsVersion="12.0" xmlns="http://schemas.microsoft.com/developer/msbuild/2003">
  <ItemGroup>
    <ClCompile Include="E:\MT3\dependencies\zlib-1.2.5\adler32.c">
      <Filter>Source Files</Filter>
    </ClCompile>
    <ClCompile Include="E:\MT3\dependencies\zlib-1.2.5\compress.c">
      <Filter>Source Files</Filter>
    </ClCompile>
    <ClCompile Include="E:\MT3\dependencies\zlib-1.2.5\crc32.c">
      <Filter>Source Files</Filter>
    </ClCompile>
    <ClCompile Include="E:\MT3\dependencies\zlib-1.2.5\deflate.c">
      <Filter>Source Files</Filter>
    </ClCompile>
    <ClCompile Include="E:\MT3\dependencies\zlib-1.2.5\gzclose.c">
      <Filter>Source Files</Filter>
    </ClCompile>
    <ClCompile Include="E:\MT3\dependencies\zlib-1.2.5\gzlib.c">
      <Filter>Source Files</Filter>
    </ClCompile>
    <ClCompile Include="E:\MT3\dependencies\zlib-1.2.5\gzread.c">
      <Filter>Source Files</Filter>
    </ClCompile>
    <ClCompile Include="E:\MT3\dependencies\zlib-1.2.5\gzwrite.c">
      <Filter>Source Files</Filter>
    </ClCompile>
    <ClCompile Include="E:\MT3\dependencies\zlib-1.2.5\inflate.c">
      <Filter>Source Files</Filter>
    </ClCompile>
    <ClCompile Include="E:\MT3\dependencies\zlib-1.2.5\infback.c">
      <Filter>Source Files</Filter>
    </ClCompile>
    <ClCompile Include="E:\MT3\dependencies\zlib-1.2.5\inftrees.c">
      <Filter>Source Files</Filter>
    </ClCompile>
    <ClCompile Include="E:\MT3\dependencies\zlib-1.2.5\inffast.c">
      <Filter>Source Files</Filter>
    </ClCompile>
    <ClCompile Include="E:\MT3\dependencies\zlib-1.2.5\trees.c">
      <Filter>Source Files</Filter>
    </ClCompile>
    <ClCompile Include="E:\MT3\dependencies\zlib-1.2.5\uncompr.c">
      <Filter>Source Files</Filter>
    </ClCompile>
    <ClCompile Include="E:\MT3\dependencies\zlib-1.2.5\zutil.c">
      <Filter>Source Files</Filter>
    </ClCompile>
  </ItemGroup>
  <ItemGroup>
    <ClInclude Include="E:\MT3\dependencies\zlib-1.2.5\build_vs2013\zconf.h">
      <Filter>Header Files</Filter>
    </ClInclude>
    <ClInclude Include="E:\MT3\dependencies\zlib-1.2.5\zlib.h">
      <Filter>Header Files</Filter>
    </ClInclude>
    <ClInclude Include="E:\MT3\dependencies\zlib-1.2.5\crc32.h">
      <Filter>Header Files</Filter>
    </ClInclude>
    <ClInclude Include="E:\MT3\dependencies\zlib-1.2.5\deflate.h">
      <Filter>Header Files</Filter>
    </ClInclude>
    <ClInclude Include="E:\MT3\dependencies\zlib-1.2.5\gzguts.h">
      <Filter>Header Files</Filter>
    </ClInclude>
    <ClInclude Include="E:\MT3\dependencies\zlib-1.2.5\inffast.h">
      <Filter>Header Files</Filter>
    </ClInclude>
    <ClInclude Include="E:\MT3\dependencies\zlib-1.2.5\inffixed.h">
      <Filter>Header Files</Filter>
    </ClInclude>
    <ClInclude Include="E:\MT3\dependencies\zlib-1.2.5\inflate.h">
      <Filter>Header Files</Filter>
    </ClInclude>
    <ClInclude Include="E:\MT3\dependencies\zlib-1.2.5\inftrees.h">
      <Filter>Header Files</Filter>
    </ClInclude>
    <ClInclude Include="E:\MT3\dependencies\zlib-1.2.5\trees.h">
      <Filter>Header Files</Filter>
    </ClInclude>
    <ClInclude Include="E:\MT3\dependencies\zlib-1.2.5\zutil.h">
      <Filter>Header Files</Filter>
    </ClInclude>
  </ItemGroup>
  <ItemGroup>
    <CustomBuild Include="E:\MT3\dependencies\zlib-1.2.5\CMakeLists.txt" />
  </ItemGroup>
  <ItemGroup>
    <ResourceCompile Include="E:\MT3\dependencies\zlib-1.2.5\win32\zlib1.rc">
      <Filter>Source Files</Filter>
    </ResourceCompile>
  </ItemGroup>
  <ItemGroup>
    <Filter Include="Source Files">
      <UniqueIdentifier>{B18EEF05-0A62-34B6-B082-57AD62C29847}</UniqueIdentifier>
    </Filter>
    <Filter Include="Header Files">
      <UniqueIdentifier>{F3C70938-7191-3285-BDD5-8240AF01B6D3}</UniqueIdentifier>
    </Filter>
  </ItemGroup>
</Project>
