Microsoft Visual Studio Solution File, Format Version 12.00
# Visual Studio 2013
Project("{8BC9CEB8-8B4A-11D0-8D11-00A0C91BC942}") = "ALL_BUILD", "ALL_BUILD.vcxproj", "{CB969E60-6856-37F1-91FF-EEC76CEAE17F}"
	ProjectSection(ProjectDependencies) = postProject
		{1BF7E82F-D4AC-37A4-9377-1ECCDD46D180} = {1BF7E82F-D4AC-37A4-9377-1ECCDD46D180}
		{76B90E4D-FB49-3B07-B016-248042405E45} = {76B90E4D-FB49-3B07-B016-248042405E45}
		{5B9F77C2-396C-31C2-A853-263C7E71D257} = {5B9F77C2-396C-31C2-A853-263C7E71D257}
		{44C1E4C8-D619-3EBF-A9B2-19C5E4E3A7C5} = {44C1E4C8-D619-3EBF-A9B2-19C5E4E3A7C5}
	EndProjectSection
EndProject
Project("{8BC9CEB8-8B4A-11D0-8D11-00A0C91BC942}") = "INSTALL", "INSTALL.vcxproj", "{6A41704D-19BF-3714-8FA4-E01549004E3D}"
	ProjectSection(ProjectDependencies) = postProject
		{CB969E60-6856-37F1-91FF-EEC76CEAE17F} = {CB969E60-6856-37F1-91FF-EEC76CEAE17F}
		{1BF7E82F-D4AC-37A4-9377-1ECCDD46D180} = {1BF7E82F-D4AC-37A4-9377-1ECCDD46D180}
	EndProjectSection
EndProject
Project("{8BC9CEB8-8B4A-11D0-8D11-00A0C91BC942}") = "RUN_TESTS", "RUN_TESTS.vcxproj", "{8B68B458-41C0-3B5C-8B04-9EFE7F7CDBD4}"
	ProjectSection(ProjectDependencies) = postProject
		{1BF7E82F-D4AC-37A4-9377-1ECCDD46D180} = {1BF7E82F-D4AC-37A4-9377-1ECCDD46D180}
	EndProjectSection
EndProject
Project("{8BC9CEB8-8B4A-11D0-8D11-00A0C91BC942}") = "ZERO_CHECK", "ZERO_CHECK.vcxproj", "{1BF7E82F-D4AC-37A4-9377-1ECCDD46D180}"
	ProjectSection(ProjectDependencies) = postProject
	EndProjectSection
EndProject
Project("{8BC9CEB8-8B4A-11D0-8D11-00A0C91BC942}") = "example", "example.vcxproj", "{76B90E4D-FB49-3B07-B016-248042405E45}"
	ProjectSection(ProjectDependencies) = postProject
		{1BF7E82F-D4AC-37A4-9377-1ECCDD46D180} = {1BF7E82F-D4AC-37A4-9377-1ECCDD46D180}
		{44C1E4C8-D619-3EBF-A9B2-19C5E4E3A7C5} = {44C1E4C8-D619-3EBF-A9B2-19C5E4E3A7C5}
	EndProjectSection
EndProject
Project("{8BC9CEB8-8B4A-11D0-8D11-00A0C91BC942}") = "minigzip", "minigzip.vcxproj", "{5B9F77C2-396C-31C2-A853-263C7E71D257}"
	ProjectSection(ProjectDependencies) = postProject
		{1BF7E82F-D4AC-37A4-9377-1ECCDD46D180} = {1BF7E82F-D4AC-37A4-9377-1ECCDD46D180}
		{44C1E4C8-D619-3EBF-A9B2-19C5E4E3A7C5} = {44C1E4C8-D619-3EBF-A9B2-19C5E4E3A7C5}
	EndProjectSection
EndProject
Project("{8BC9CEB8-8B4A-11D0-8D11-00A0C91BC942}") = "zlib", "zlib.vcxproj", "{44C1E4C8-D619-3EBF-A9B2-19C5E4E3A7C5}"
	ProjectSection(ProjectDependencies) = postProject
		{1BF7E82F-D4AC-37A4-9377-1ECCDD46D180} = {1BF7E82F-D4AC-37A4-9377-1ECCDD46D180}
	EndProjectSection
EndProject
Global
	GlobalSection(SolutionConfigurationPlatforms) = preSolution
		Debug|Win32 = Debug|Win32
		Release|Win32 = Release|Win32
		MinSizeRel|Win32 = MinSizeRel|Win32
		RelWithDebInfo|Win32 = RelWithDebInfo|Win32
	EndGlobalSection
	GlobalSection(ProjectConfigurationPlatforms) = postSolution
		{CB969E60-6856-37F1-91FF-EEC76CEAE17F}.Debug|Win32.ActiveCfg = Debug|Win32
		{CB969E60-6856-37F1-91FF-EEC76CEAE17F}.Debug|Win32.Build.0 = Debug|Win32
		{CB969E60-6856-37F1-91FF-EEC76CEAE17F}.Release|Win32.ActiveCfg = Release|Win32
		{CB969E60-6856-37F1-91FF-EEC76CEAE17F}.Release|Win32.Build.0 = Release|Win32
		{CB969E60-6856-37F1-91FF-EEC76CEAE17F}.MinSizeRel|Win32.ActiveCfg = MinSizeRel|Win32
		{CB969E60-6856-37F1-91FF-EEC76CEAE17F}.MinSizeRel|Win32.Build.0 = MinSizeRel|Win32
		{CB969E60-6856-37F1-91FF-EEC76CEAE17F}.RelWithDebInfo|Win32.ActiveCfg = RelWithDebInfo|Win32
		{CB969E60-6856-37F1-91FF-EEC76CEAE17F}.RelWithDebInfo|Win32.Build.0 = RelWithDebInfo|Win32
		{6A41704D-19BF-3714-8FA4-E01549004E3D}.Debug|Win32.ActiveCfg = Debug|Win32
		{6A41704D-19BF-3714-8FA4-E01549004E3D}.Release|Win32.ActiveCfg = Release|Win32
		{6A41704D-19BF-3714-8FA4-E01549004E3D}.MinSizeRel|Win32.ActiveCfg = MinSizeRel|Win32
		{6A41704D-19BF-3714-8FA4-E01549004E3D}.RelWithDebInfo|Win32.ActiveCfg = RelWithDebInfo|Win32
		{8B68B458-41C0-3B5C-8B04-9EFE7F7CDBD4}.Debug|Win32.ActiveCfg = Debug|Win32
		{8B68B458-41C0-3B5C-8B04-9EFE7F7CDBD4}.Release|Win32.ActiveCfg = Release|Win32
		{8B68B458-41C0-3B5C-8B04-9EFE7F7CDBD4}.MinSizeRel|Win32.ActiveCfg = MinSizeRel|Win32
		{8B68B458-41C0-3B5C-8B04-9EFE7F7CDBD4}.RelWithDebInfo|Win32.ActiveCfg = RelWithDebInfo|Win32
		{1BF7E82F-D4AC-37A4-9377-1ECCDD46D180}.Debug|Win32.ActiveCfg = Debug|Win32
		{1BF7E82F-D4AC-37A4-9377-1ECCDD46D180}.Debug|Win32.Build.0 = Debug|Win32
		{1BF7E82F-D4AC-37A4-9377-1ECCDD46D180}.Release|Win32.ActiveCfg = Release|Win32
		{1BF7E82F-D4AC-37A4-9377-1ECCDD46D180}.Release|Win32.Build.0 = Release|Win32
		{1BF7E82F-D4AC-37A4-9377-1ECCDD46D180}.MinSizeRel|Win32.ActiveCfg = MinSizeRel|Win32
		{1BF7E82F-D4AC-37A4-9377-1ECCDD46D180}.MinSizeRel|Win32.Build.0 = MinSizeRel|Win32
		{1BF7E82F-D4AC-37A4-9377-1ECCDD46D180}.RelWithDebInfo|Win32.ActiveCfg = RelWithDebInfo|Win32
		{1BF7E82F-D4AC-37A4-9377-1ECCDD46D180}.RelWithDebInfo|Win32.Build.0 = RelWithDebInfo|Win32
		{76B90E4D-FB49-3B07-B016-248042405E45}.Debug|Win32.ActiveCfg = Debug|Win32
		{76B90E4D-FB49-3B07-B016-248042405E45}.Debug|Win32.Build.0 = Debug|Win32
		{76B90E4D-FB49-3B07-B016-248042405E45}.Release|Win32.ActiveCfg = Release|Win32
		{76B90E4D-FB49-3B07-B016-248042405E45}.Release|Win32.Build.0 = Release|Win32
		{76B90E4D-FB49-3B07-B016-248042405E45}.MinSizeRel|Win32.ActiveCfg = MinSizeRel|Win32
		{76B90E4D-FB49-3B07-B016-248042405E45}.MinSizeRel|Win32.Build.0 = MinSizeRel|Win32
		{76B90E4D-FB49-3B07-B016-248042405E45}.RelWithDebInfo|Win32.ActiveCfg = RelWithDebInfo|Win32
		{76B90E4D-FB49-3B07-B016-248042405E45}.RelWithDebInfo|Win32.Build.0 = RelWithDebInfo|Win32
		{5B9F77C2-396C-31C2-A853-263C7E71D257}.Debug|Win32.ActiveCfg = Debug|Win32
		{5B9F77C2-396C-31C2-A853-263C7E71D257}.Debug|Win32.Build.0 = Debug|Win32
		{5B9F77C2-396C-31C2-A853-263C7E71D257}.Release|Win32.ActiveCfg = Release|Win32
		{5B9F77C2-396C-31C2-A853-263C7E71D257}.Release|Win32.Build.0 = Release|Win32
		{5B9F77C2-396C-31C2-A853-263C7E71D257}.MinSizeRel|Win32.ActiveCfg = MinSizeRel|Win32
		{5B9F77C2-396C-31C2-A853-263C7E71D257}.MinSizeRel|Win32.Build.0 = MinSizeRel|Win32
		{5B9F77C2-396C-31C2-A853-263C7E71D257}.RelWithDebInfo|Win32.ActiveCfg = RelWithDebInfo|Win32
		{5B9F77C2-396C-31C2-A853-263C7E71D257}.RelWithDebInfo|Win32.Build.0 = RelWithDebInfo|Win32
		{44C1E4C8-D619-3EBF-A9B2-19C5E4E3A7C5}.Debug|Win32.ActiveCfg = Debug|Win32
		{44C1E4C8-D619-3EBF-A9B2-19C5E4E3A7C5}.Debug|Win32.Build.0 = Debug|Win32
		{44C1E4C8-D619-3EBF-A9B2-19C5E4E3A7C5}.Release|Win32.ActiveCfg = Release|Win32
		{44C1E4C8-D619-3EBF-A9B2-19C5E4E3A7C5}.Release|Win32.Build.0 = Release|Win32
		{44C1E4C8-D619-3EBF-A9B2-19C5E4E3A7C5}.MinSizeRel|Win32.ActiveCfg = MinSizeRel|Win32
		{44C1E4C8-D619-3EBF-A9B2-19C5E4E3A7C5}.MinSizeRel|Win32.Build.0 = MinSizeRel|Win32
		{44C1E4C8-D619-3EBF-A9B2-19C5E4E3A7C5}.RelWithDebInfo|Win32.ActiveCfg = RelWithDebInfo|Win32
		{44C1E4C8-D619-3EBF-A9B2-19C5E4E3A7C5}.RelWithDebInfo|Win32.Build.0 = RelWithDebInfo|Win32
	EndGlobalSection
	GlobalSection(ExtensibilityGlobals) = postSolution
		SolutionGuid = {97BC2B6E-54F6-32F0-81E3-5AAE6A17C49A}
	EndGlobalSection
	GlobalSection(ExtensibilityAddIns) = postSolution
	EndGlobalSection
EndGlobal
