<?xml version="1.0" encoding="utf-8"?>
<Project ToolsVersion="4.0" xmlns="http://schemas.microsoft.com/developer/msbuild/2003">
  <ItemGroup>
    <Filter Include="cegui">
      <UniqueIdentifier>{0e57bc74-e2cd-4f5f-83e1-9a73ff4aea63}</UniqueIdentifier>
    </Filter>
    <Filter Include="cegui\src">
      <UniqueIdentifier>{96aaa1d0-2fef-4d72-98d9-a28330059a19}</UniqueIdentifier>
    </Filter>
    <Filter Include="cegui\src\XMLParserModules">
      <UniqueIdentifier>{4b4dd0d6-944a-40fb-80cc-8eb6a63e210a}</UniqueIdentifier>
    </Filter>
    <Filter Include="cegui\src\XMLParserModules\expatParser">
      <UniqueIdentifier>{bfcf7335-218a-41db-b26d-13788e97dd90}</UniqueIdentifier>
    </Filter>
    <Filter Include="cegui\include">
      <UniqueIdentifier>{ccd42d3a-3ae1-4ddc-ae3a-560e63a4d292}</UniqueIdentifier>
    </Filter>
    <Filter Include="cegui\include\XMLParserModules">
      <UniqueIdentifier>{351909bd-0097-4da3-86ad-af5b3db38d0d}</UniqueIdentifier>
    </Filter>
    <Filter Include="cegui\include\XMLParserModules\expatParser">
      <UniqueIdentifier>{37d0a0cf-9e11-4a52-b855-46c9c37e2ff6}</UniqueIdentifier>
    </Filter>
  </ItemGroup>
  <ItemGroup>
    <ClCompile Include="..\..\..\..\cegui\src\XMLParserModules\expatParser\CEGUIExpatParser.cpp">
      <Filter>cegui\src\XMLParserModules\expatParser</Filter>
    </ClCompile>
    <ClCompile Include="..\..\..\..\cegui\src\XMLParserModules\expatParser\CEGUIExpatParserModule.cpp">
      <Filter>cegui\src\XMLParserModules\expatParser</Filter>
    </ClCompile>
  </ItemGroup>
  <ItemGroup>
    <ClInclude Include="..\..\..\..\cegui\include\XMLParserModules\expatParser\CEGUIExpatParser.h">
      <Filter>cegui\include\XMLParserModules\expatParser</Filter>
    </ClInclude>
    <ClInclude Include="..\..\..\..\cegui\include\XMLParserModules\expatParser\CEGUIExpatParserModule.h">
      <Filter>cegui\include\XMLParserModules\expatParser</Filter>
    </ClInclude>
  </ItemGroup>
</Project>