<?xml version="1.0" encoding="UTF-8"?>
<Project ToolsVersion="12.0" xmlns="http://schemas.microsoft.com/developer/msbuild/2003">
  <ItemGroup>
    <CustomBuild Include="I:\cegui\cegui-dependencies\src\glm-0.9.4.5\CEGUI-BUILD\CMakeLists.txt" />
    <CustomBuild Include="I:\cegui\cegui-dependencies\CMakeFiles\e121fe230dc758e9d061acff465e5119\glm-copying.txt.rule">
      <Filter>CMake Rules</Filter>
    </CustomBuild>
    <CustomBuild Include="I:\cegui\cegui-dependencies\CMakeFiles\f47dfaba9a9b6de6eab69a52aeb5113d\_detail.hpp.rule">
      <Filter>CMake Rules</Filter>
    </CustomBuild>
    <CustomBuild Include="I:\cegui\cegui-dependencies\CMakeFiles\f47dfaba9a9b6de6eab69a52aeb5113d\_fixes.hpp.rule">
      <Filter>CMake Rules</Filter>
    </CustomBuild>
    <CustomBuild Include="I:\cegui\cegui-dependencies\CMakeFiles\f47dfaba9a9b6de6eab69a52aeb5113d\_swizzle.hpp.rule">
      <Filter>CMake Rules</Filter>
    </CustomBuild>
    <CustomBuild Include="I:\cegui\cegui-dependencies\CMakeFiles\f47dfaba9a9b6de6eab69a52aeb5113d\_swizzle_func.hpp.rule">
      <Filter>CMake Rules</Filter>
    </CustomBuild>
    <CustomBuild Include="I:\cegui\cegui-dependencies\CMakeFiles\f47dfaba9a9b6de6eab69a52aeb5113d\_vectorize.hpp.rule">
      <Filter>CMake Rules</Filter>
    </CustomBuild>
    <CustomBuild Include="I:\cegui\cegui-dependencies\CMakeFiles\f47dfaba9a9b6de6eab69a52aeb5113d\func_common.hpp.rule">
      <Filter>CMake Rules</Filter>
    </CustomBuild>
    <CustomBuild Include="I:\cegui\cegui-dependencies\CMakeFiles\f47dfaba9a9b6de6eab69a52aeb5113d\func_exponential.hpp.rule">
      <Filter>CMake Rules</Filter>
    </CustomBuild>
    <CustomBuild Include="I:\cegui\cegui-dependencies\CMakeFiles\f47dfaba9a9b6de6eab69a52aeb5113d\func_geometric.hpp.rule">
      <Filter>CMake Rules</Filter>
    </CustomBuild>
    <CustomBuild Include="I:\cegui\cegui-dependencies\CMakeFiles\f47dfaba9a9b6de6eab69a52aeb5113d\func_integer.hpp.rule">
      <Filter>CMake Rules</Filter>
    </CustomBuild>
    <CustomBuild Include="I:\cegui\cegui-dependencies\CMakeFiles\f47dfaba9a9b6de6eab69a52aeb5113d\func_matrix.hpp.rule">
      <Filter>CMake Rules</Filter>
    </CustomBuild>
    <CustomBuild Include="I:\cegui\cegui-dependencies\CMakeFiles\f47dfaba9a9b6de6eab69a52aeb5113d\func_noise.hpp.rule">
      <Filter>CMake Rules</Filter>
    </CustomBuild>
    <CustomBuild Include="I:\cegui\cegui-dependencies\CMakeFiles\f47dfaba9a9b6de6eab69a52aeb5113d\func_packing.hpp.rule">
      <Filter>CMake Rules</Filter>
    </CustomBuild>
    <CustomBuild Include="I:\cegui\cegui-dependencies\CMakeFiles\f47dfaba9a9b6de6eab69a52aeb5113d\func_trigonometric.hpp.rule">
      <Filter>CMake Rules</Filter>
    </CustomBuild>
    <CustomBuild Include="I:\cegui\cegui-dependencies\CMakeFiles\f47dfaba9a9b6de6eab69a52aeb5113d\func_vector_relational.hpp.rule">
      <Filter>CMake Rules</Filter>
    </CustomBuild>
    <CustomBuild Include="I:\cegui\cegui-dependencies\CMakeFiles\f47dfaba9a9b6de6eab69a52aeb5113d\hint.hpp.rule">
      <Filter>CMake Rules</Filter>
    </CustomBuild>
    <CustomBuild Include="I:\cegui\cegui-dependencies\CMakeFiles\f47dfaba9a9b6de6eab69a52aeb5113d\intrinsic_common.hpp.rule">
      <Filter>CMake Rules</Filter>
    </CustomBuild>
    <CustomBuild Include="I:\cegui\cegui-dependencies\CMakeFiles\f47dfaba9a9b6de6eab69a52aeb5113d\intrinsic_exponential.hpp.rule">
      <Filter>CMake Rules</Filter>
    </CustomBuild>
    <CustomBuild Include="I:\cegui\cegui-dependencies\CMakeFiles\f47dfaba9a9b6de6eab69a52aeb5113d\intrinsic_geometric.hpp.rule">
      <Filter>CMake Rules</Filter>
    </CustomBuild>
    <CustomBuild Include="I:\cegui\cegui-dependencies\CMakeFiles\f47dfaba9a9b6de6eab69a52aeb5113d\intrinsic_matrix.hpp.rule">
      <Filter>CMake Rules</Filter>
    </CustomBuild>
    <CustomBuild Include="I:\cegui\cegui-dependencies\CMakeFiles\f47dfaba9a9b6de6eab69a52aeb5113d\intrinsic_trigonometric.hpp.rule">
      <Filter>CMake Rules</Filter>
    </CustomBuild>
    <CustomBuild Include="I:\cegui\cegui-dependencies\CMakeFiles\f47dfaba9a9b6de6eab69a52aeb5113d\intrinsic_vector_relational.hpp.rule">
      <Filter>CMake Rules</Filter>
    </CustomBuild>
    <CustomBuild Include="I:\cegui\cegui-dependencies\CMakeFiles\f47dfaba9a9b6de6eab69a52aeb5113d\setup.hpp.rule">
      <Filter>CMake Rules</Filter>
    </CustomBuild>
    <CustomBuild Include="I:\cegui\cegui-dependencies\CMakeFiles\f47dfaba9a9b6de6eab69a52aeb5113d\type.hpp.rule">
      <Filter>CMake Rules</Filter>
    </CustomBuild>
    <CustomBuild Include="I:\cegui\cegui-dependencies\CMakeFiles\f47dfaba9a9b6de6eab69a52aeb5113d\type_float.hpp.rule">
      <Filter>CMake Rules</Filter>
    </CustomBuild>
    <CustomBuild Include="I:\cegui\cegui-dependencies\CMakeFiles\f47dfaba9a9b6de6eab69a52aeb5113d\type_gentype.hpp.rule">
      <Filter>CMake Rules</Filter>
    </CustomBuild>
    <CustomBuild Include="I:\cegui\cegui-dependencies\CMakeFiles\f47dfaba9a9b6de6eab69a52aeb5113d\type_half.hpp.rule">
      <Filter>CMake Rules</Filter>
    </CustomBuild>
    <CustomBuild Include="I:\cegui\cegui-dependencies\CMakeFiles\f47dfaba9a9b6de6eab69a52aeb5113d\type_int.hpp.rule">
      <Filter>CMake Rules</Filter>
    </CustomBuild>
    <CustomBuild Include="I:\cegui\cegui-dependencies\CMakeFiles\f47dfaba9a9b6de6eab69a52aeb5113d\type_mat.hpp.rule">
      <Filter>CMake Rules</Filter>
    </CustomBuild>
    <CustomBuild Include="I:\cegui\cegui-dependencies\CMakeFiles\f47dfaba9a9b6de6eab69a52aeb5113d\type_mat2x2.hpp.rule">
      <Filter>CMake Rules</Filter>
    </CustomBuild>
    <CustomBuild Include="I:\cegui\cegui-dependencies\CMakeFiles\f47dfaba9a9b6de6eab69a52aeb5113d\type_mat2x3.hpp.rule">
      <Filter>CMake Rules</Filter>
    </CustomBuild>
    <CustomBuild Include="I:\cegui\cegui-dependencies\CMakeFiles\f47dfaba9a9b6de6eab69a52aeb5113d\type_mat2x4.hpp.rule">
      <Filter>CMake Rules</Filter>
    </CustomBuild>
    <CustomBuild Include="I:\cegui\cegui-dependencies\CMakeFiles\f47dfaba9a9b6de6eab69a52aeb5113d\type_mat3x2.hpp.rule">
      <Filter>CMake Rules</Filter>
    </CustomBuild>
    <CustomBuild Include="I:\cegui\cegui-dependencies\CMakeFiles\f47dfaba9a9b6de6eab69a52aeb5113d\type_mat3x3.hpp.rule">
      <Filter>CMake Rules</Filter>
    </CustomBuild>
    <CustomBuild Include="I:\cegui\cegui-dependencies\CMakeFiles\f47dfaba9a9b6de6eab69a52aeb5113d\type_mat3x4.hpp.rule">
      <Filter>CMake Rules</Filter>
    </CustomBuild>
    <CustomBuild Include="I:\cegui\cegui-dependencies\CMakeFiles\f47dfaba9a9b6de6eab69a52aeb5113d\type_mat4x2.hpp.rule">
      <Filter>CMake Rules</Filter>
    </CustomBuild>
    <CustomBuild Include="I:\cegui\cegui-dependencies\CMakeFiles\f47dfaba9a9b6de6eab69a52aeb5113d\type_mat4x3.hpp.rule">
      <Filter>CMake Rules</Filter>
    </CustomBuild>
    <CustomBuild Include="I:\cegui\cegui-dependencies\CMakeFiles\f47dfaba9a9b6de6eab69a52aeb5113d\type_mat4x4.hpp.rule">
      <Filter>CMake Rules</Filter>
    </CustomBuild>
    <CustomBuild Include="I:\cegui\cegui-dependencies\CMakeFiles\f47dfaba9a9b6de6eab69a52aeb5113d\type_size.hpp.rule">
      <Filter>CMake Rules</Filter>
    </CustomBuild>
    <CustomBuild Include="I:\cegui\cegui-dependencies\CMakeFiles\f47dfaba9a9b6de6eab69a52aeb5113d\type_vec.hpp.rule">
      <Filter>CMake Rules</Filter>
    </CustomBuild>
    <CustomBuild Include="I:\cegui\cegui-dependencies\CMakeFiles\f47dfaba9a9b6de6eab69a52aeb5113d\type_vec1.hpp.rule">
      <Filter>CMake Rules</Filter>
    </CustomBuild>
    <CustomBuild Include="I:\cegui\cegui-dependencies\CMakeFiles\f47dfaba9a9b6de6eab69a52aeb5113d\type_vec2.hpp.rule">
      <Filter>CMake Rules</Filter>
    </CustomBuild>
    <CustomBuild Include="I:\cegui\cegui-dependencies\CMakeFiles\f47dfaba9a9b6de6eab69a52aeb5113d\type_vec3.hpp.rule">
      <Filter>CMake Rules</Filter>
    </CustomBuild>
    <CustomBuild Include="I:\cegui\cegui-dependencies\CMakeFiles\f47dfaba9a9b6de6eab69a52aeb5113d\type_vec4.hpp.rule">
      <Filter>CMake Rules</Filter>
    </CustomBuild>
    <CustomBuild Include="I:\cegui\cegui-dependencies\CMakeFiles\5d06ad24651ce2cd111e21a58650e28e\ext.hpp.rule">
      <Filter>CMake Rules</Filter>
    </CustomBuild>
    <CustomBuild Include="I:\cegui\cegui-dependencies\CMakeFiles\5d06ad24651ce2cd111e21a58650e28e\glm.hpp.rule">
      <Filter>CMake Rules</Filter>
    </CustomBuild>
    <CustomBuild Include="I:\cegui\cegui-dependencies\CMakeFiles\ff1b3ba3452b7f8c2a29e9f8ba67ba26\constants.hpp.rule">
      <Filter>CMake Rules</Filter>
    </CustomBuild>
    <CustomBuild Include="I:\cegui\cegui-dependencies\CMakeFiles\ff1b3ba3452b7f8c2a29e9f8ba67ba26\epsilon.hpp.rule">
      <Filter>CMake Rules</Filter>
    </CustomBuild>
    <CustomBuild Include="I:\cegui\cegui-dependencies\CMakeFiles\ff1b3ba3452b7f8c2a29e9f8ba67ba26\half_float.hpp.rule">
      <Filter>CMake Rules</Filter>
    </CustomBuild>
    <CustomBuild Include="I:\cegui\cegui-dependencies\CMakeFiles\ff1b3ba3452b7f8c2a29e9f8ba67ba26\matrix_access.hpp.rule">
      <Filter>CMake Rules</Filter>
    </CustomBuild>
    <CustomBuild Include="I:\cegui\cegui-dependencies\CMakeFiles\ff1b3ba3452b7f8c2a29e9f8ba67ba26\matrix_integer.hpp.rule">
      <Filter>CMake Rules</Filter>
    </CustomBuild>
    <CustomBuild Include="I:\cegui\cegui-dependencies\CMakeFiles\ff1b3ba3452b7f8c2a29e9f8ba67ba26\matrix_inverse.hpp.rule">
      <Filter>CMake Rules</Filter>
    </CustomBuild>
    <CustomBuild Include="I:\cegui\cegui-dependencies\CMakeFiles\ff1b3ba3452b7f8c2a29e9f8ba67ba26\matrix_transform.hpp.rule">
      <Filter>CMake Rules</Filter>
    </CustomBuild>
    <CustomBuild Include="I:\cegui\cegui-dependencies\CMakeFiles\ff1b3ba3452b7f8c2a29e9f8ba67ba26\noise.hpp.rule">
      <Filter>CMake Rules</Filter>
    </CustomBuild>
    <CustomBuild Include="I:\cegui\cegui-dependencies\CMakeFiles\ff1b3ba3452b7f8c2a29e9f8ba67ba26\quaternion.hpp.rule">
      <Filter>CMake Rules</Filter>
    </CustomBuild>
    <CustomBuild Include="I:\cegui\cegui-dependencies\CMakeFiles\ff1b3ba3452b7f8c2a29e9f8ba67ba26\random.hpp.rule">
      <Filter>CMake Rules</Filter>
    </CustomBuild>
    <CustomBuild Include="I:\cegui\cegui-dependencies\CMakeFiles\ff1b3ba3452b7f8c2a29e9f8ba67ba26\reciprocal.hpp.rule">
      <Filter>CMake Rules</Filter>
    </CustomBuild>
    <CustomBuild Include="I:\cegui\cegui-dependencies\CMakeFiles\ff1b3ba3452b7f8c2a29e9f8ba67ba26\swizzle.hpp.rule">
      <Filter>CMake Rules</Filter>
    </CustomBuild>
    <CustomBuild Include="I:\cegui\cegui-dependencies\CMakeFiles\ff1b3ba3452b7f8c2a29e9f8ba67ba26\type_precision.hpp.rule">
      <Filter>CMake Rules</Filter>
    </CustomBuild>
    <CustomBuild Include="I:\cegui\cegui-dependencies\CMakeFiles\ff1b3ba3452b7f8c2a29e9f8ba67ba26\type_ptr.hpp.rule">
      <Filter>CMake Rules</Filter>
    </CustomBuild>
    <CustomBuild Include="I:\cegui\cegui-dependencies\CMakeFiles\ff1b3ba3452b7f8c2a29e9f8ba67ba26\ulp.hpp.rule">
      <Filter>CMake Rules</Filter>
    </CustomBuild>
    <CustomBuild Include="I:\cegui\cegui-dependencies\CMakeFiles\78a96ce6b3d102ec009ddf2de3f497bb\associated_min_max.hpp.rule">
      <Filter>CMake Rules</Filter>
    </CustomBuild>
    <CustomBuild Include="I:\cegui\cegui-dependencies\CMakeFiles\78a96ce6b3d102ec009ddf2de3f497bb\bit.hpp.rule">
      <Filter>CMake Rules</Filter>
    </CustomBuild>
    <CustomBuild Include="I:\cegui\cegui-dependencies\CMakeFiles\78a96ce6b3d102ec009ddf2de3f497bb\closest_point.hpp.rule">
      <Filter>CMake Rules</Filter>
    </CustomBuild>
    <CustomBuild Include="I:\cegui\cegui-dependencies\CMakeFiles\78a96ce6b3d102ec009ddf2de3f497bb\color_cast.hpp.rule">
      <Filter>CMake Rules</Filter>
    </CustomBuild>
    <CustomBuild Include="I:\cegui\cegui-dependencies\CMakeFiles\78a96ce6b3d102ec009ddf2de3f497bb\color_space.hpp.rule">
      <Filter>CMake Rules</Filter>
    </CustomBuild>
    <CustomBuild Include="I:\cegui\cegui-dependencies\CMakeFiles\78a96ce6b3d102ec009ddf2de3f497bb\color_space_YCoCg.hpp.rule">
      <Filter>CMake Rules</Filter>
    </CustomBuild>
    <CustomBuild Include="I:\cegui\cegui-dependencies\CMakeFiles\78a96ce6b3d102ec009ddf2de3f497bb\compatibility.hpp.rule">
      <Filter>CMake Rules</Filter>
    </CustomBuild>
    <CustomBuild Include="I:\cegui\cegui-dependencies\CMakeFiles\78a96ce6b3d102ec009ddf2de3f497bb\component_wise.hpp.rule">
      <Filter>CMake Rules</Filter>
    </CustomBuild>
    <CustomBuild Include="I:\cegui\cegui-dependencies\CMakeFiles\78a96ce6b3d102ec009ddf2de3f497bb\constants.hpp.rule">
      <Filter>CMake Rules</Filter>
    </CustomBuild>
    <CustomBuild Include="I:\cegui\cegui-dependencies\CMakeFiles\78a96ce6b3d102ec009ddf2de3f497bb\epsilon.hpp.rule">
      <Filter>CMake Rules</Filter>
    </CustomBuild>
    <CustomBuild Include="I:\cegui\cegui-dependencies\CMakeFiles\78a96ce6b3d102ec009ddf2de3f497bb\euler_angles.hpp.rule">
      <Filter>CMake Rules</Filter>
    </CustomBuild>
    <CustomBuild Include="I:\cegui\cegui-dependencies\CMakeFiles\78a96ce6b3d102ec009ddf2de3f497bb\extend.hpp.rule">
      <Filter>CMake Rules</Filter>
    </CustomBuild>
    <CustomBuild Include="I:\cegui\cegui-dependencies\CMakeFiles\78a96ce6b3d102ec009ddf2de3f497bb\extented_min_max.hpp.rule">
      <Filter>CMake Rules</Filter>
    </CustomBuild>
    <CustomBuild Include="I:\cegui\cegui-dependencies\CMakeFiles\78a96ce6b3d102ec009ddf2de3f497bb\fast_exponential.hpp.rule">
      <Filter>CMake Rules</Filter>
    </CustomBuild>
    <CustomBuild Include="I:\cegui\cegui-dependencies\CMakeFiles\78a96ce6b3d102ec009ddf2de3f497bb\fast_square_root.hpp.rule">
      <Filter>CMake Rules</Filter>
    </CustomBuild>
    <CustomBuild Include="I:\cegui\cegui-dependencies\CMakeFiles\78a96ce6b3d102ec009ddf2de3f497bb\fast_trigonometry.hpp.rule">
      <Filter>CMake Rules</Filter>
    </CustomBuild>
    <CustomBuild Include="I:\cegui\cegui-dependencies\CMakeFiles\78a96ce6b3d102ec009ddf2de3f497bb\gradient_paint.hpp.rule">
      <Filter>CMake Rules</Filter>
    </CustomBuild>
    <CustomBuild Include="I:\cegui\cegui-dependencies\CMakeFiles\78a96ce6b3d102ec009ddf2de3f497bb\handed_coordinate_space.hpp.rule">
      <Filter>CMake Rules</Filter>
    </CustomBuild>
    <CustomBuild Include="I:\cegui\cegui-dependencies\CMakeFiles\78a96ce6b3d102ec009ddf2de3f497bb\inertia.hpp.rule">
      <Filter>CMake Rules</Filter>
    </CustomBuild>
    <CustomBuild Include="I:\cegui\cegui-dependencies\CMakeFiles\78a96ce6b3d102ec009ddf2de3f497bb\int_10_10_10_2.hpp.rule">
      <Filter>CMake Rules</Filter>
    </CustomBuild>
    <CustomBuild Include="I:\cegui\cegui-dependencies\CMakeFiles\78a96ce6b3d102ec009ddf2de3f497bb\integer.hpp.rule">
      <Filter>CMake Rules</Filter>
    </CustomBuild>
    <CustomBuild Include="I:\cegui\cegui-dependencies\CMakeFiles\78a96ce6b3d102ec009ddf2de3f497bb\intersect.hpp.rule">
      <Filter>CMake Rules</Filter>
    </CustomBuild>
    <CustomBuild Include="I:\cegui\cegui-dependencies\CMakeFiles\78a96ce6b3d102ec009ddf2de3f497bb\log_base.hpp.rule">
      <Filter>CMake Rules</Filter>
    </CustomBuild>
    <CustomBuild Include="I:\cegui\cegui-dependencies\CMakeFiles\78a96ce6b3d102ec009ddf2de3f497bb\matrix_cross_product.hpp.rule">
      <Filter>CMake Rules</Filter>
    </CustomBuild>
    <CustomBuild Include="I:\cegui\cegui-dependencies\CMakeFiles\78a96ce6b3d102ec009ddf2de3f497bb\matrix_interpolation.hpp.rule">
      <Filter>CMake Rules</Filter>
    </CustomBuild>
    <CustomBuild Include="I:\cegui\cegui-dependencies\CMakeFiles\78a96ce6b3d102ec009ddf2de3f497bb\matrix_major_storage.hpp.rule">
      <Filter>CMake Rules</Filter>
    </CustomBuild>
    <CustomBuild Include="I:\cegui\cegui-dependencies\CMakeFiles\78a96ce6b3d102ec009ddf2de3f497bb\matrix_operation.hpp.rule">
      <Filter>CMake Rules</Filter>
    </CustomBuild>
    <CustomBuild Include="I:\cegui\cegui-dependencies\CMakeFiles\78a96ce6b3d102ec009ddf2de3f497bb\matrix_query.hpp.rule">
      <Filter>CMake Rules</Filter>
    </CustomBuild>
    <CustomBuild Include="I:\cegui\cegui-dependencies\CMakeFiles\78a96ce6b3d102ec009ddf2de3f497bb\mixed_product.hpp.rule">
      <Filter>CMake Rules</Filter>
    </CustomBuild>
    <CustomBuild Include="I:\cegui\cegui-dependencies\CMakeFiles\78a96ce6b3d102ec009ddf2de3f497bb\multiple.hpp.rule">
      <Filter>CMake Rules</Filter>
    </CustomBuild>
    <CustomBuild Include="I:\cegui\cegui-dependencies\CMakeFiles\78a96ce6b3d102ec009ddf2de3f497bb\noise.hpp.rule">
      <Filter>CMake Rules</Filter>
    </CustomBuild>
    <CustomBuild Include="I:\cegui\cegui-dependencies\CMakeFiles\78a96ce6b3d102ec009ddf2de3f497bb\norm.hpp.rule">
      <Filter>CMake Rules</Filter>
    </CustomBuild>
    <CustomBuild Include="I:\cegui\cegui-dependencies\CMakeFiles\78a96ce6b3d102ec009ddf2de3f497bb\normal.hpp.rule">
      <Filter>CMake Rules</Filter>
    </CustomBuild>
    <CustomBuild Include="I:\cegui\cegui-dependencies\CMakeFiles\78a96ce6b3d102ec009ddf2de3f497bb\normalize_dot.hpp.rule">
      <Filter>CMake Rules</Filter>
    </CustomBuild>
    <CustomBuild Include="I:\cegui\cegui-dependencies\CMakeFiles\78a96ce6b3d102ec009ddf2de3f497bb\number_precision.hpp.rule">
      <Filter>CMake Rules</Filter>
    </CustomBuild>
    <CustomBuild Include="I:\cegui\cegui-dependencies\CMakeFiles\78a96ce6b3d102ec009ddf2de3f497bb\ocl_type.hpp.rule">
      <Filter>CMake Rules</Filter>
    </CustomBuild>
    <CustomBuild Include="I:\cegui\cegui-dependencies\CMakeFiles\78a96ce6b3d102ec009ddf2de3f497bb\optimum_pow.hpp.rule">
      <Filter>CMake Rules</Filter>
    </CustomBuild>
    <CustomBuild Include="I:\cegui\cegui-dependencies\CMakeFiles\78a96ce6b3d102ec009ddf2de3f497bb\orthonormalize.hpp.rule">
      <Filter>CMake Rules</Filter>
    </CustomBuild>
    <CustomBuild Include="I:\cegui\cegui-dependencies\CMakeFiles\78a96ce6b3d102ec009ddf2de3f497bb\perpendicular.hpp.rule">
      <Filter>CMake Rules</Filter>
    </CustomBuild>
    <CustomBuild Include="I:\cegui\cegui-dependencies\CMakeFiles\78a96ce6b3d102ec009ddf2de3f497bb\polar_coordinates.hpp.rule">
      <Filter>CMake Rules</Filter>
    </CustomBuild>
    <CustomBuild Include="I:\cegui\cegui-dependencies\CMakeFiles\78a96ce6b3d102ec009ddf2de3f497bb\projection.hpp.rule">
      <Filter>CMake Rules</Filter>
    </CustomBuild>
    <CustomBuild Include="I:\cegui\cegui-dependencies\CMakeFiles\78a96ce6b3d102ec009ddf2de3f497bb\quaternion.hpp.rule">
      <Filter>CMake Rules</Filter>
    </CustomBuild>
    <CustomBuild Include="I:\cegui\cegui-dependencies\CMakeFiles\78a96ce6b3d102ec009ddf2de3f497bb\random.hpp.rule">
      <Filter>CMake Rules</Filter>
    </CustomBuild>
    <CustomBuild Include="I:\cegui\cegui-dependencies\CMakeFiles\78a96ce6b3d102ec009ddf2de3f497bb\raw_data.hpp.rule">
      <Filter>CMake Rules</Filter>
    </CustomBuild>
    <CustomBuild Include="I:\cegui\cegui-dependencies\CMakeFiles\78a96ce6b3d102ec009ddf2de3f497bb\reciprocal.hpp.rule">
      <Filter>CMake Rules</Filter>
    </CustomBuild>
    <CustomBuild Include="I:\cegui\cegui-dependencies\CMakeFiles\78a96ce6b3d102ec009ddf2de3f497bb\rotate_vector.hpp.rule">
      <Filter>CMake Rules</Filter>
    </CustomBuild>
    <CustomBuild Include="I:\cegui\cegui-dependencies\CMakeFiles\78a96ce6b3d102ec009ddf2de3f497bb\simd_mat4.hpp.rule">
      <Filter>CMake Rules</Filter>
    </CustomBuild>
    <CustomBuild Include="I:\cegui\cegui-dependencies\CMakeFiles\78a96ce6b3d102ec009ddf2de3f497bb\simd_vec4.hpp.rule">
      <Filter>CMake Rules</Filter>
    </CustomBuild>
    <CustomBuild Include="I:\cegui\cegui-dependencies\CMakeFiles\78a96ce6b3d102ec009ddf2de3f497bb\spline.hpp.rule">
      <Filter>CMake Rules</Filter>
    </CustomBuild>
    <CustomBuild Include="I:\cegui\cegui-dependencies\CMakeFiles\78a96ce6b3d102ec009ddf2de3f497bb\std_based_type.hpp.rule">
      <Filter>CMake Rules</Filter>
    </CustomBuild>
    <CustomBuild Include="I:\cegui\cegui-dependencies\CMakeFiles\78a96ce6b3d102ec009ddf2de3f497bb\string_cast.hpp.rule">
      <Filter>CMake Rules</Filter>
    </CustomBuild>
    <CustomBuild Include="I:\cegui\cegui-dependencies\CMakeFiles\78a96ce6b3d102ec009ddf2de3f497bb\transform.hpp.rule">
      <Filter>CMake Rules</Filter>
    </CustomBuild>
    <CustomBuild Include="I:\cegui\cegui-dependencies\CMakeFiles\78a96ce6b3d102ec009ddf2de3f497bb\transform2.hpp.rule">
      <Filter>CMake Rules</Filter>
    </CustomBuild>
    <CustomBuild Include="I:\cegui\cegui-dependencies\CMakeFiles\78a96ce6b3d102ec009ddf2de3f497bb\ulp.hpp.rule">
      <Filter>CMake Rules</Filter>
    </CustomBuild>
    <CustomBuild Include="I:\cegui\cegui-dependencies\CMakeFiles\78a96ce6b3d102ec009ddf2de3f497bb\unsigned_int.hpp.rule">
      <Filter>CMake Rules</Filter>
    </CustomBuild>
    <CustomBuild Include="I:\cegui\cegui-dependencies\CMakeFiles\78a96ce6b3d102ec009ddf2de3f497bb\vec1.hpp.rule">
      <Filter>CMake Rules</Filter>
    </CustomBuild>
    <CustomBuild Include="I:\cegui\cegui-dependencies\CMakeFiles\78a96ce6b3d102ec009ddf2de3f497bb\vector_access.hpp.rule">
      <Filter>CMake Rules</Filter>
    </CustomBuild>
    <CustomBuild Include="I:\cegui\cegui-dependencies\CMakeFiles\78a96ce6b3d102ec009ddf2de3f497bb\vector_angle.hpp.rule">
      <Filter>CMake Rules</Filter>
    </CustomBuild>
    <CustomBuild Include="I:\cegui\cegui-dependencies\CMakeFiles\78a96ce6b3d102ec009ddf2de3f497bb\vector_query.hpp.rule">
      <Filter>CMake Rules</Filter>
    </CustomBuild>
    <CustomBuild Include="I:\cegui\cegui-dependencies\CMakeFiles\78a96ce6b3d102ec009ddf2de3f497bb\verbose_operator.hpp.rule">
      <Filter>CMake Rules</Filter>
    </CustomBuild>
    <CustomBuild Include="I:\cegui\cegui-dependencies\CMakeFiles\78a96ce6b3d102ec009ddf2de3f497bb\wrap.hpp.rule">
      <Filter>CMake Rules</Filter>
    </CustomBuild>
    <CustomBuild Include="I:\cegui\cegui-dependencies\CMakeFiles\9b685ca6fbff212971c4e0c9c95cf8fd\xstream.hpp.rule">
      <Filter>CMake Rules</Filter>
    </CustomBuild>
    <CustomBuild Include="I:\cegui\cegui-dependencies\CMakeFiles\f47dfaba9a9b6de6eab69a52aeb5113d\func_common.inl.rule">
      <Filter>CMake Rules</Filter>
    </CustomBuild>
    <CustomBuild Include="I:\cegui\cegui-dependencies\CMakeFiles\f47dfaba9a9b6de6eab69a52aeb5113d\func_exponential.inl.rule">
      <Filter>CMake Rules</Filter>
    </CustomBuild>
    <CustomBuild Include="I:\cegui\cegui-dependencies\CMakeFiles\f47dfaba9a9b6de6eab69a52aeb5113d\func_geometric.inl.rule">
      <Filter>CMake Rules</Filter>
    </CustomBuild>
    <CustomBuild Include="I:\cegui\cegui-dependencies\CMakeFiles\f47dfaba9a9b6de6eab69a52aeb5113d\func_integer.inl.rule">
      <Filter>CMake Rules</Filter>
    </CustomBuild>
    <CustomBuild Include="I:\cegui\cegui-dependencies\CMakeFiles\f47dfaba9a9b6de6eab69a52aeb5113d\func_matrix.inl.rule">
      <Filter>CMake Rules</Filter>
    </CustomBuild>
    <CustomBuild Include="I:\cegui\cegui-dependencies\CMakeFiles\f47dfaba9a9b6de6eab69a52aeb5113d\func_noise.inl.rule">
      <Filter>CMake Rules</Filter>
    </CustomBuild>
    <CustomBuild Include="I:\cegui\cegui-dependencies\CMakeFiles\f47dfaba9a9b6de6eab69a52aeb5113d\func_packing.inl.rule">
      <Filter>CMake Rules</Filter>
    </CustomBuild>
    <CustomBuild Include="I:\cegui\cegui-dependencies\CMakeFiles\f47dfaba9a9b6de6eab69a52aeb5113d\func_trigonometric.inl.rule">
      <Filter>CMake Rules</Filter>
    </CustomBuild>
    <CustomBuild Include="I:\cegui\cegui-dependencies\CMakeFiles\f47dfaba9a9b6de6eab69a52aeb5113d\func_vector_relational.inl.rule">
      <Filter>CMake Rules</Filter>
    </CustomBuild>
    <CustomBuild Include="I:\cegui\cegui-dependencies\CMakeFiles\f47dfaba9a9b6de6eab69a52aeb5113d\intrinsic_common.inl.rule">
      <Filter>CMake Rules</Filter>
    </CustomBuild>
    <CustomBuild Include="I:\cegui\cegui-dependencies\CMakeFiles\f47dfaba9a9b6de6eab69a52aeb5113d\intrinsic_exponential.inl.rule">
      <Filter>CMake Rules</Filter>
    </CustomBuild>
    <CustomBuild Include="I:\cegui\cegui-dependencies\CMakeFiles\f47dfaba9a9b6de6eab69a52aeb5113d\intrinsic_geometric.inl.rule">
      <Filter>CMake Rules</Filter>
    </CustomBuild>
    <CustomBuild Include="I:\cegui\cegui-dependencies\CMakeFiles\f47dfaba9a9b6de6eab69a52aeb5113d\intrinsic_matrix.inl.rule">
      <Filter>CMake Rules</Filter>
    </CustomBuild>
    <CustomBuild Include="I:\cegui\cegui-dependencies\CMakeFiles\f47dfaba9a9b6de6eab69a52aeb5113d\intrinsic_trigonometric.inl.rule">
      <Filter>CMake Rules</Filter>
    </CustomBuild>
    <CustomBuild Include="I:\cegui\cegui-dependencies\CMakeFiles\f47dfaba9a9b6de6eab69a52aeb5113d\intrinsic_vector_relational.inl.rule">
      <Filter>CMake Rules</Filter>
    </CustomBuild>
    <CustomBuild Include="I:\cegui\cegui-dependencies\CMakeFiles\f47dfaba9a9b6de6eab69a52aeb5113d\type_gentype.inl.rule">
      <Filter>CMake Rules</Filter>
    </CustomBuild>
    <CustomBuild Include="I:\cegui\cegui-dependencies\CMakeFiles\f47dfaba9a9b6de6eab69a52aeb5113d\type_half.inl.rule">
      <Filter>CMake Rules</Filter>
    </CustomBuild>
    <CustomBuild Include="I:\cegui\cegui-dependencies\CMakeFiles\f47dfaba9a9b6de6eab69a52aeb5113d\type_mat.inl.rule">
      <Filter>CMake Rules</Filter>
    </CustomBuild>
    <CustomBuild Include="I:\cegui\cegui-dependencies\CMakeFiles\f47dfaba9a9b6de6eab69a52aeb5113d\type_mat2x2.inl.rule">
      <Filter>CMake Rules</Filter>
    </CustomBuild>
    <CustomBuild Include="I:\cegui\cegui-dependencies\CMakeFiles\f47dfaba9a9b6de6eab69a52aeb5113d\type_mat2x3.inl.rule">
      <Filter>CMake Rules</Filter>
    </CustomBuild>
    <CustomBuild Include="I:\cegui\cegui-dependencies\CMakeFiles\f47dfaba9a9b6de6eab69a52aeb5113d\type_mat2x4.inl.rule">
      <Filter>CMake Rules</Filter>
    </CustomBuild>
    <CustomBuild Include="I:\cegui\cegui-dependencies\CMakeFiles\f47dfaba9a9b6de6eab69a52aeb5113d\type_mat3x2.inl.rule">
      <Filter>CMake Rules</Filter>
    </CustomBuild>
    <CustomBuild Include="I:\cegui\cegui-dependencies\CMakeFiles\f47dfaba9a9b6de6eab69a52aeb5113d\type_mat3x3.inl.rule">
      <Filter>CMake Rules</Filter>
    </CustomBuild>
    <CustomBuild Include="I:\cegui\cegui-dependencies\CMakeFiles\f47dfaba9a9b6de6eab69a52aeb5113d\type_mat3x4.inl.rule">
      <Filter>CMake Rules</Filter>
    </CustomBuild>
    <CustomBuild Include="I:\cegui\cegui-dependencies\CMakeFiles\f47dfaba9a9b6de6eab69a52aeb5113d\type_mat4x2.inl.rule">
      <Filter>CMake Rules</Filter>
    </CustomBuild>
    <CustomBuild Include="I:\cegui\cegui-dependencies\CMakeFiles\f47dfaba9a9b6de6eab69a52aeb5113d\type_mat4x3.inl.rule">
      <Filter>CMake Rules</Filter>
    </CustomBuild>
    <CustomBuild Include="I:\cegui\cegui-dependencies\CMakeFiles\f47dfaba9a9b6de6eab69a52aeb5113d\type_mat4x4.inl.rule">
      <Filter>CMake Rules</Filter>
    </CustomBuild>
    <CustomBuild Include="I:\cegui\cegui-dependencies\CMakeFiles\f47dfaba9a9b6de6eab69a52aeb5113d\type_vec.inl.rule">
      <Filter>CMake Rules</Filter>
    </CustomBuild>
    <CustomBuild Include="I:\cegui\cegui-dependencies\CMakeFiles\f47dfaba9a9b6de6eab69a52aeb5113d\type_vec1.inl.rule">
      <Filter>CMake Rules</Filter>
    </CustomBuild>
    <CustomBuild Include="I:\cegui\cegui-dependencies\CMakeFiles\f47dfaba9a9b6de6eab69a52aeb5113d\type_vec2.inl.rule">
      <Filter>CMake Rules</Filter>
    </CustomBuild>
    <CustomBuild Include="I:\cegui\cegui-dependencies\CMakeFiles\f47dfaba9a9b6de6eab69a52aeb5113d\type_vec3.inl.rule">
      <Filter>CMake Rules</Filter>
    </CustomBuild>
    <CustomBuild Include="I:\cegui\cegui-dependencies\CMakeFiles\f47dfaba9a9b6de6eab69a52aeb5113d\type_vec4.inl.rule">
      <Filter>CMake Rules</Filter>
    </CustomBuild>
    <CustomBuild Include="I:\cegui\cegui-dependencies\CMakeFiles\ff1b3ba3452b7f8c2a29e9f8ba67ba26\constants.inl.rule">
      <Filter>CMake Rules</Filter>
    </CustomBuild>
    <CustomBuild Include="I:\cegui\cegui-dependencies\CMakeFiles\ff1b3ba3452b7f8c2a29e9f8ba67ba26\epsilon.inl.rule">
      <Filter>CMake Rules</Filter>
    </CustomBuild>
    <CustomBuild Include="I:\cegui\cegui-dependencies\CMakeFiles\ff1b3ba3452b7f8c2a29e9f8ba67ba26\half_float.inl.rule">
      <Filter>CMake Rules</Filter>
    </CustomBuild>
    <CustomBuild Include="I:\cegui\cegui-dependencies\CMakeFiles\ff1b3ba3452b7f8c2a29e9f8ba67ba26\matrix_access.inl.rule">
      <Filter>CMake Rules</Filter>
    </CustomBuild>
    <CustomBuild Include="I:\cegui\cegui-dependencies\CMakeFiles\ff1b3ba3452b7f8c2a29e9f8ba67ba26\matrix_inverse.inl.rule">
      <Filter>CMake Rules</Filter>
    </CustomBuild>
    <CustomBuild Include="I:\cegui\cegui-dependencies\CMakeFiles\ff1b3ba3452b7f8c2a29e9f8ba67ba26\matrix_transform.inl.rule">
      <Filter>CMake Rules</Filter>
    </CustomBuild>
    <CustomBuild Include="I:\cegui\cegui-dependencies\CMakeFiles\ff1b3ba3452b7f8c2a29e9f8ba67ba26\noise.inl.rule">
      <Filter>CMake Rules</Filter>
    </CustomBuild>
    <CustomBuild Include="I:\cegui\cegui-dependencies\CMakeFiles\ff1b3ba3452b7f8c2a29e9f8ba67ba26\quaternion.inl.rule">
      <Filter>CMake Rules</Filter>
    </CustomBuild>
    <CustomBuild Include="I:\cegui\cegui-dependencies\CMakeFiles\ff1b3ba3452b7f8c2a29e9f8ba67ba26\random.inl.rule">
      <Filter>CMake Rules</Filter>
    </CustomBuild>
    <CustomBuild Include="I:\cegui\cegui-dependencies\CMakeFiles\ff1b3ba3452b7f8c2a29e9f8ba67ba26\reciprocal.inl.rule">
      <Filter>CMake Rules</Filter>
    </CustomBuild>
    <CustomBuild Include="I:\cegui\cegui-dependencies\CMakeFiles\ff1b3ba3452b7f8c2a29e9f8ba67ba26\swizzle.inl.rule">
      <Filter>CMake Rules</Filter>
    </CustomBuild>
    <CustomBuild Include="I:\cegui\cegui-dependencies\CMakeFiles\ff1b3ba3452b7f8c2a29e9f8ba67ba26\type_precision.inl.rule">
      <Filter>CMake Rules</Filter>
    </CustomBuild>
    <CustomBuild Include="I:\cegui\cegui-dependencies\CMakeFiles\ff1b3ba3452b7f8c2a29e9f8ba67ba26\type_ptr.inl.rule">
      <Filter>CMake Rules</Filter>
    </CustomBuild>
    <CustomBuild Include="I:\cegui\cegui-dependencies\CMakeFiles\ff1b3ba3452b7f8c2a29e9f8ba67ba26\ulp.inl.rule">
      <Filter>CMake Rules</Filter>
    </CustomBuild>
    <CustomBuild Include="I:\cegui\cegui-dependencies\CMakeFiles\78a96ce6b3d102ec009ddf2de3f497bb\associated_min_max.inl.rule">
      <Filter>CMake Rules</Filter>
    </CustomBuild>
    <CustomBuild Include="I:\cegui\cegui-dependencies\CMakeFiles\78a96ce6b3d102ec009ddf2de3f497bb\bit.inl.rule">
      <Filter>CMake Rules</Filter>
    </CustomBuild>
    <CustomBuild Include="I:\cegui\cegui-dependencies\CMakeFiles\78a96ce6b3d102ec009ddf2de3f497bb\closest_point.inl.rule">
      <Filter>CMake Rules</Filter>
    </CustomBuild>
    <CustomBuild Include="I:\cegui\cegui-dependencies\CMakeFiles\78a96ce6b3d102ec009ddf2de3f497bb\color_cast.inl.rule">
      <Filter>CMake Rules</Filter>
    </CustomBuild>
    <CustomBuild Include="I:\cegui\cegui-dependencies\CMakeFiles\78a96ce6b3d102ec009ddf2de3f497bb\color_space.inl.rule">
      <Filter>CMake Rules</Filter>
    </CustomBuild>
    <CustomBuild Include="I:\cegui\cegui-dependencies\CMakeFiles\78a96ce6b3d102ec009ddf2de3f497bb\color_space_YCoCg.inl.rule">
      <Filter>CMake Rules</Filter>
    </CustomBuild>
    <CustomBuild Include="I:\cegui\cegui-dependencies\CMakeFiles\78a96ce6b3d102ec009ddf2de3f497bb\compatibility.inl.rule">
      <Filter>CMake Rules</Filter>
    </CustomBuild>
    <CustomBuild Include="I:\cegui\cegui-dependencies\CMakeFiles\78a96ce6b3d102ec009ddf2de3f497bb\component_wise.inl.rule">
      <Filter>CMake Rules</Filter>
    </CustomBuild>
    <CustomBuild Include="I:\cegui\cegui-dependencies\CMakeFiles\78a96ce6b3d102ec009ddf2de3f497bb\euler_angles.inl.rule">
      <Filter>CMake Rules</Filter>
    </CustomBuild>
    <CustomBuild Include="I:\cegui\cegui-dependencies\CMakeFiles\78a96ce6b3d102ec009ddf2de3f497bb\extend.inl.rule">
      <Filter>CMake Rules</Filter>
    </CustomBuild>
    <CustomBuild Include="I:\cegui\cegui-dependencies\CMakeFiles\78a96ce6b3d102ec009ddf2de3f497bb\extented_min_max.inl.rule">
      <Filter>CMake Rules</Filter>
    </CustomBuild>
    <CustomBuild Include="I:\cegui\cegui-dependencies\CMakeFiles\78a96ce6b3d102ec009ddf2de3f497bb\fast_exponential.inl.rule">
      <Filter>CMake Rules</Filter>
    </CustomBuild>
    <CustomBuild Include="I:\cegui\cegui-dependencies\CMakeFiles\78a96ce6b3d102ec009ddf2de3f497bb\fast_square_root.inl.rule">
      <Filter>CMake Rules</Filter>
    </CustomBuild>
    <CustomBuild Include="I:\cegui\cegui-dependencies\CMakeFiles\78a96ce6b3d102ec009ddf2de3f497bb\fast_trigonometry.inl.rule">
      <Filter>CMake Rules</Filter>
    </CustomBuild>
    <CustomBuild Include="I:\cegui\cegui-dependencies\CMakeFiles\78a96ce6b3d102ec009ddf2de3f497bb\gradient_paint.inl.rule">
      <Filter>CMake Rules</Filter>
    </CustomBuild>
    <CustomBuild Include="I:\cegui\cegui-dependencies\CMakeFiles\78a96ce6b3d102ec009ddf2de3f497bb\handed_coordinate_space.inl.rule">
      <Filter>CMake Rules</Filter>
    </CustomBuild>
    <CustomBuild Include="I:\cegui\cegui-dependencies\CMakeFiles\78a96ce6b3d102ec009ddf2de3f497bb\inertia.inl.rule">
      <Filter>CMake Rules</Filter>
    </CustomBuild>
    <CustomBuild Include="I:\cegui\cegui-dependencies\CMakeFiles\78a96ce6b3d102ec009ddf2de3f497bb\int_10_10_10_2.inl.rule">
      <Filter>CMake Rules</Filter>
    </CustomBuild>
    <CustomBuild Include="I:\cegui\cegui-dependencies\CMakeFiles\78a96ce6b3d102ec009ddf2de3f497bb\integer.inl.rule">
      <Filter>CMake Rules</Filter>
    </CustomBuild>
    <CustomBuild Include="I:\cegui\cegui-dependencies\CMakeFiles\78a96ce6b3d102ec009ddf2de3f497bb\intersect.inl.rule">
      <Filter>CMake Rules</Filter>
    </CustomBuild>
    <CustomBuild Include="I:\cegui\cegui-dependencies\CMakeFiles\78a96ce6b3d102ec009ddf2de3f497bb\log_base.inl.rule">
      <Filter>CMake Rules</Filter>
    </CustomBuild>
    <CustomBuild Include="I:\cegui\cegui-dependencies\CMakeFiles\78a96ce6b3d102ec009ddf2de3f497bb\matrix_cross_product.inl.rule">
      <Filter>CMake Rules</Filter>
    </CustomBuild>
    <CustomBuild Include="I:\cegui\cegui-dependencies\CMakeFiles\78a96ce6b3d102ec009ddf2de3f497bb\matrix_interpolation.inl.rule">
      <Filter>CMake Rules</Filter>
    </CustomBuild>
    <CustomBuild Include="I:\cegui\cegui-dependencies\CMakeFiles\78a96ce6b3d102ec009ddf2de3f497bb\matrix_major_storage.inl.rule">
      <Filter>CMake Rules</Filter>
    </CustomBuild>
    <CustomBuild Include="I:\cegui\cegui-dependencies\CMakeFiles\78a96ce6b3d102ec009ddf2de3f497bb\matrix_operation.inl.rule">
      <Filter>CMake Rules</Filter>
    </CustomBuild>
    <CustomBuild Include="I:\cegui\cegui-dependencies\CMakeFiles\78a96ce6b3d102ec009ddf2de3f497bb\matrix_query.inl.rule">
      <Filter>CMake Rules</Filter>
    </CustomBuild>
    <CustomBuild Include="I:\cegui\cegui-dependencies\CMakeFiles\78a96ce6b3d102ec009ddf2de3f497bb\mixed_product.inl.rule">
      <Filter>CMake Rules</Filter>
    </CustomBuild>
    <CustomBuild Include="I:\cegui\cegui-dependencies\CMakeFiles\78a96ce6b3d102ec009ddf2de3f497bb\multiple.inl.rule">
      <Filter>CMake Rules</Filter>
    </CustomBuild>
    <CustomBuild Include="I:\cegui\cegui-dependencies\CMakeFiles\78a96ce6b3d102ec009ddf2de3f497bb\norm.inl.rule">
      <Filter>CMake Rules</Filter>
    </CustomBuild>
    <CustomBuild Include="I:\cegui\cegui-dependencies\CMakeFiles\78a96ce6b3d102ec009ddf2de3f497bb\normal.inl.rule">
      <Filter>CMake Rules</Filter>
    </CustomBuild>
    <CustomBuild Include="I:\cegui\cegui-dependencies\CMakeFiles\78a96ce6b3d102ec009ddf2de3f497bb\normalize_dot.inl.rule">
      <Filter>CMake Rules</Filter>
    </CustomBuild>
    <CustomBuild Include="I:\cegui\cegui-dependencies\CMakeFiles\78a96ce6b3d102ec009ddf2de3f497bb\number_precision.inl.rule">
      <Filter>CMake Rules</Filter>
    </CustomBuild>
    <CustomBuild Include="I:\cegui\cegui-dependencies\CMakeFiles\78a96ce6b3d102ec009ddf2de3f497bb\ocl_type.inl.rule">
      <Filter>CMake Rules</Filter>
    </CustomBuild>
    <CustomBuild Include="I:\cegui\cegui-dependencies\CMakeFiles\78a96ce6b3d102ec009ddf2de3f497bb\optimum_pow.inl.rule">
      <Filter>CMake Rules</Filter>
    </CustomBuild>
    <CustomBuild Include="I:\cegui\cegui-dependencies\CMakeFiles\78a96ce6b3d102ec009ddf2de3f497bb\orthonormalize.inl.rule">
      <Filter>CMake Rules</Filter>
    </CustomBuild>
    <CustomBuild Include="I:\cegui\cegui-dependencies\CMakeFiles\78a96ce6b3d102ec009ddf2de3f497bb\perpendicular.inl.rule">
      <Filter>CMake Rules</Filter>
    </CustomBuild>
    <CustomBuild Include="I:\cegui\cegui-dependencies\CMakeFiles\78a96ce6b3d102ec009ddf2de3f497bb\polar_coordinates.inl.rule">
      <Filter>CMake Rules</Filter>
    </CustomBuild>
    <CustomBuild Include="I:\cegui\cegui-dependencies\CMakeFiles\78a96ce6b3d102ec009ddf2de3f497bb\projection.inl.rule">
      <Filter>CMake Rules</Filter>
    </CustomBuild>
    <CustomBuild Include="I:\cegui\cegui-dependencies\CMakeFiles\78a96ce6b3d102ec009ddf2de3f497bb\quaternion.inl.rule">
      <Filter>CMake Rules</Filter>
    </CustomBuild>
    <CustomBuild Include="I:\cegui\cegui-dependencies\CMakeFiles\78a96ce6b3d102ec009ddf2de3f497bb\raw_data.inl.rule">
      <Filter>CMake Rules</Filter>
    </CustomBuild>
    <CustomBuild Include="I:\cegui\cegui-dependencies\CMakeFiles\78a96ce6b3d102ec009ddf2de3f497bb\rotate_vector.inl.rule">
      <Filter>CMake Rules</Filter>
    </CustomBuild>
    <CustomBuild Include="I:\cegui\cegui-dependencies\CMakeFiles\78a96ce6b3d102ec009ddf2de3f497bb\simd_mat4.inl.rule">
      <Filter>CMake Rules</Filter>
    </CustomBuild>
    <CustomBuild Include="I:\cegui\cegui-dependencies\CMakeFiles\78a96ce6b3d102ec009ddf2de3f497bb\simd_vec4.inl.rule">
      <Filter>CMake Rules</Filter>
    </CustomBuild>
    <CustomBuild Include="I:\cegui\cegui-dependencies\CMakeFiles\78a96ce6b3d102ec009ddf2de3f497bb\spline.inl.rule">
      <Filter>CMake Rules</Filter>
    </CustomBuild>
    <CustomBuild Include="I:\cegui\cegui-dependencies\CMakeFiles\78a96ce6b3d102ec009ddf2de3f497bb\std_based_type.inl.rule">
      <Filter>CMake Rules</Filter>
    </CustomBuild>
    <CustomBuild Include="I:\cegui\cegui-dependencies\CMakeFiles\78a96ce6b3d102ec009ddf2de3f497bb\string_cast.inl.rule">
      <Filter>CMake Rules</Filter>
    </CustomBuild>
    <CustomBuild Include="I:\cegui\cegui-dependencies\CMakeFiles\78a96ce6b3d102ec009ddf2de3f497bb\transform.inl.rule">
      <Filter>CMake Rules</Filter>
    </CustomBuild>
    <CustomBuild Include="I:\cegui\cegui-dependencies\CMakeFiles\78a96ce6b3d102ec009ddf2de3f497bb\transform2.inl.rule">
      <Filter>CMake Rules</Filter>
    </CustomBuild>
    <CustomBuild Include="I:\cegui\cegui-dependencies\CMakeFiles\78a96ce6b3d102ec009ddf2de3f497bb\unsigned_int.inl.rule">
      <Filter>CMake Rules</Filter>
    </CustomBuild>
    <CustomBuild Include="I:\cegui\cegui-dependencies\CMakeFiles\78a96ce6b3d102ec009ddf2de3f497bb\vec1.inl.rule">
      <Filter>CMake Rules</Filter>
    </CustomBuild>
    <CustomBuild Include="I:\cegui\cegui-dependencies\CMakeFiles\78a96ce6b3d102ec009ddf2de3f497bb\vector_access.inl.rule">
      <Filter>CMake Rules</Filter>
    </CustomBuild>
    <CustomBuild Include="I:\cegui\cegui-dependencies\CMakeFiles\78a96ce6b3d102ec009ddf2de3f497bb\vector_angle.inl.rule">
      <Filter>CMake Rules</Filter>
    </CustomBuild>
    <CustomBuild Include="I:\cegui\cegui-dependencies\CMakeFiles\78a96ce6b3d102ec009ddf2de3f497bb\vector_query.inl.rule">
      <Filter>CMake Rules</Filter>
    </CustomBuild>
    <CustomBuild Include="I:\cegui\cegui-dependencies\CMakeFiles\78a96ce6b3d102ec009ddf2de3f497bb\verbose_operator.inl.rule">
      <Filter>CMake Rules</Filter>
    </CustomBuild>
    <CustomBuild Include="I:\cegui\cegui-dependencies\CMakeFiles\78a96ce6b3d102ec009ddf2de3f497bb\wrap.inl.rule">
      <Filter>CMake Rules</Filter>
    </CustomBuild>
    <CustomBuild Include="I:\cegui\cegui-dependencies\CMakeFiles\f47dfaba9a9b6de6eab69a52aeb5113d\dummy.cpp.rule">
      <Filter>CMake Rules</Filter>
    </CustomBuild>
    <CustomBuild Include="I:\cegui\cegui-dependencies\CMakeFiles\466ec44242734da293c4068c4cd3ef1f\glm.rule">
      <Filter>CMake Rules</Filter>
    </CustomBuild>
  </ItemGroup>
  <ItemGroup>
    <None Include="I:\cegui\cegui-dependencies\src\glm-0.9.4.5\CEGUI-BUILD\CMakeFiles\glm" />
  </ItemGroup>
  <ItemGroup>
    <Filter Include="CMake Rules">
      <UniqueIdentifier>{325C27A5-DE56-3681-839C-B398B6542904}</UniqueIdentifier>
    </Filter>
  </ItemGroup>
</Project>
