<?xml version="1.0" encoding="utf-8"?>
<Project ToolsVersion="4.0" xmlns="http://schemas.microsoft.com/developer/msbuild/2003">
  <ItemGroup>
    <Filter Include="cegui">
      <UniqueIdentifier>{6ef8070b-f848-49ed-a275-ea79568599ac}</UniqueIdentifier>
    </Filter>
    <Filter Include="cegui\src">
      <UniqueIdentifier>{a875faf9-12b8-4873-bcb9-e823ce1709d4}</UniqueIdentifier>
    </Filter>
    <Filter Include="cegui\src\RendererModules">
      <UniqueIdentifier>{f0665d17-882f-44b3-b2f3-af18e1660579}</UniqueIdentifier>
    </Filter>
    <Filter Include="cegui\src\RendererModules\OpenGL">
      <UniqueIdentifier>{d84f6f40-8b16-4a0e-ad0f-4b43085194d6}</UniqueIdentifier>
    </Filter>
    <Filter Include="cegui\src\RendererModules\OpenGL\GLEW">
      <UniqueIdentifier>{2cbe32e5-c4bd-4678-a38e-fb500e395042}</UniqueIdentifier>
    </Filter>
    <Filter Include="cegui\src\RendererModules\OpenGL\GLEW\src">
      <UniqueIdentifier>{5de45b8f-9cd4-47c7-a756-ea244d7bb1c3}</UniqueIdentifier>
    </Filter>
    <Filter Include="cegui\src\RendererModules\OpenGL\GLEW\GL">
      <UniqueIdentifier>{34ce1520-7710-4d1a-8c86-ed8dd08a4d5a}</UniqueIdentifier>
    </Filter>
    <Filter Include="cegui\include">
      <UniqueIdentifier>{05793dc0-2d86-4c30-af95-0c9dffad5114}</UniqueIdentifier>
    </Filter>
    <Filter Include="cegui\include\RendererModules">
      <UniqueIdentifier>{b2e34005-9e61-4557-98fc-b290fa8817bf}</UniqueIdentifier>
    </Filter>
    <Filter Include="cegui\include\RendererModules\OpenGL">
      <UniqueIdentifier>{2793e76d-2936-48a5-b9ad-141d9b6f8897}</UniqueIdentifier>
    </Filter>
  </ItemGroup>
  <ItemGroup>
    <ClCompile Include="..\..\..\..\cegui\src\RendererModules\OpenGL\GLEW\src\glew.c">
      <Filter>cegui\src\RendererModules\OpenGL\GLEW\src</Filter>
    </ClCompile>
    <ClCompile Include="..\..\..\..\cegui\src\RendererModules\OpenGL\CEGUIOpenGLFBOTextureTarget.cpp">
      <Filter>cegui\src\RendererModules\OpenGL</Filter>
    </ClCompile>
    <ClCompile Include="..\..\..\..\cegui\src\RendererModules\OpenGL\CEGUIOpenGLGeometryBuffer.cpp">
      <Filter>cegui\src\RendererModules\OpenGL</Filter>
    </ClCompile>
    <ClCompile Include="..\..\..\..\cegui\src\RendererModules\OpenGL\CEGUIOpenGLRenderer.cpp">
      <Filter>cegui\src\RendererModules\OpenGL</Filter>
    </ClCompile>
    <ClCompile Include="..\..\..\..\cegui\src\RendererModules\OpenGL\CEGUIOpenGLRenderTarget.cpp">
      <Filter>cegui\src\RendererModules\OpenGL</Filter>
    </ClCompile>
    <ClCompile Include="..\..\..\..\cegui\src\RendererModules\OpenGL\CEGUIOpenGLTexture.cpp">
      <Filter>cegui\src\RendererModules\OpenGL</Filter>
    </ClCompile>
    <ClCompile Include="..\..\..\..\cegui\src\RendererModules\OpenGL\CEGUIOpenGLTextureTarget.cpp">
      <Filter>cegui\src\RendererModules\OpenGL</Filter>
    </ClCompile>
    <ClCompile Include="..\..\..\..\cegui\src\RendererModules\OpenGL\CEGUIOpenGLViewportTarget.cpp">
      <Filter>cegui\src\RendererModules\OpenGL</Filter>
    </ClCompile>
    <ClCompile Include="..\..\..\..\cegui\src\RendererModules\OpenGL\CEGUIOpenGLWGLPBTextureTarget.cpp">
      <Filter>cegui\src\RendererModules\OpenGL</Filter>
    </ClCompile>
  </ItemGroup>
  <ItemGroup>
    <ClInclude Include="..\..\..\..\cegui\src\RendererModules\OpenGL\GLEW\GL\glew.h">
      <Filter>cegui\src\RendererModules\OpenGL\GLEW\GL</Filter>
    </ClInclude>
    <ClInclude Include="..\..\..\..\cegui\src\RendererModules\OpenGL\GLEW\GL\glxew.h">
      <Filter>cegui\src\RendererModules\OpenGL\GLEW\GL</Filter>
    </ClInclude>
    <ClInclude Include="..\..\..\..\cegui\src\RendererModules\OpenGL\GLEW\GL\wglew.h">
      <Filter>cegui\src\RendererModules\OpenGL\GLEW\GL</Filter>
    </ClInclude>
    <ClInclude Include="..\..\..\..\cegui\include\RendererModules\OpenGL\CEGUIOpenGL.h">
      <Filter>cegui\include\RendererModules\OpenGL</Filter>
    </ClInclude>
    <ClInclude Include="..\..\..\..\cegui\include\RendererModules\OpenGL\CEGUIOpenGLFBOTextureTarget.h">
      <Filter>cegui\include\RendererModules\OpenGL</Filter>
    </ClInclude>
    <ClInclude Include="..\..\..\..\cegui\include\RendererModules\OpenGL\CEGUIOpenGLGeometryBuffer.h">
      <Filter>cegui\include\RendererModules\OpenGL</Filter>
    </ClInclude>
    <ClInclude Include="..\..\..\..\cegui\include\RendererModules\OpenGL\CEGUIOpenGLRenderer.h">
      <Filter>cegui\include\RendererModules\OpenGL</Filter>
    </ClInclude>
    <ClInclude Include="..\..\..\..\cegui\include\RendererModules\OpenGL\CEGUIOpenGLRenderTarget.h">
      <Filter>cegui\include\RendererModules\OpenGL</Filter>
    </ClInclude>
    <ClInclude Include="..\..\..\..\cegui\include\RendererModules\OpenGL\CEGUIOpenGLTexture.h">
      <Filter>cegui\include\RendererModules\OpenGL</Filter>
    </ClInclude>
    <ClInclude Include="..\..\..\..\cegui\include\RendererModules\OpenGL\CEGUIOpenGLTextureTarget.h">
      <Filter>cegui\include\RendererModules\OpenGL</Filter>
    </ClInclude>
    <ClInclude Include="..\..\..\..\cegui\include\RendererModules\OpenGL\CEGUIOpenGLViewportTarget.h">
      <Filter>cegui\include\RendererModules\OpenGL</Filter>
    </ClInclude>
    <ClInclude Include="..\..\..\..\cegui\include\RendererModules\OpenGL\CEGUIOpenGLWGLPBTextureTarget.h">
      <Filter>cegui\include\RendererModules\OpenGL</Filter>
    </ClInclude>
  </ItemGroup>
</Project>