<?xml version="1.0" encoding="UTF-8"?>
<Project ToolsVersion="12.0" xmlns="http://schemas.microsoft.com/developer/msbuild/2003">
  <ItemGroup>
    <ClCompile Include="I:\cegui\cegui-dependencies\src\corona-1.0.2\src\Convert.cpp">
      <Filter>Source Files</Filter>
    </ClCompile>
    <ClCompile Include="I:\cegui\cegui-dependencies\src\corona-1.0.2\src\Corona.cpp">
      <Filter>Source Files</Filter>
    </ClCompile>
    <ClCompile Include="I:\cegui\cegui-dependencies\src\corona-1.0.2\src\Debug.cpp">
      <Filter>Source Files</Filter>
    </ClCompile>
    <ClCompile Include="I:\cegui\cegui-dependencies\src\corona-1.0.2\src\DefaultFileSystem.cpp">
      <Filter>Source Files</Filter>
    </ClCompile>
    <ClCompile Include="I:\cegui\cegui-dependencies\src\corona-1.0.2\src\MemoryFile.cpp">
      <Filter>Source Files</Filter>
    </ClCompile>
    <ClCompile Include="I:\cegui\cegui-dependencies\src\corona-1.0.2\src\OpenBMP.cpp">
      <Filter>Source Files</Filter>
    </ClCompile>
    <ClCompile Include="I:\cegui\cegui-dependencies\src\corona-1.0.2\src\OpenGIF.cpp">
      <Filter>Source Files</Filter>
    </ClCompile>
    <ClCompile Include="I:\cegui\cegui-dependencies\src\corona-1.0.2\src\OpenJPEG.cpp">
      <Filter>Source Files</Filter>
    </ClCompile>
    <ClCompile Include="I:\cegui\cegui-dependencies\src\corona-1.0.2\src\OpenPCX.cpp">
      <Filter>Source Files</Filter>
    </ClCompile>
    <ClCompile Include="I:\cegui\cegui-dependencies\src\corona-1.0.2\src\OpenPNG.cpp">
      <Filter>Source Files</Filter>
    </ClCompile>
    <ClCompile Include="I:\cegui\cegui-dependencies\src\corona-1.0.2\src\OpenTGA.cpp">
      <Filter>Source Files</Filter>
    </ClCompile>
    <ClCompile Include="I:\cegui\cegui-dependencies\src\corona-1.0.2\src\SavePNG.cpp">
      <Filter>Source Files</Filter>
    </ClCompile>
    <ClCompile Include="I:\cegui\cegui-dependencies\src\corona-1.0.2\src\SaveTGA.cpp">
      <Filter>Source Files</Filter>
    </ClCompile>
    <ClCompile Include="I:\cegui\cegui-dependencies\src\corona-1.0.2\src\libungif-4.1.0\dgif_lib.c">
      <Filter>Source Files</Filter>
    </ClCompile>
    <ClCompile Include="I:\cegui\cegui-dependencies\src\corona-1.0.2\src\libungif-4.1.0\gif_err.c">
      <Filter>Source Files</Filter>
    </ClCompile>
    <ClCompile Include="I:\cegui\cegui-dependencies\src\corona-1.0.2\src\libungif-4.1.0\gifalloc.c">
      <Filter>Source Files</Filter>
    </ClCompile>
  </ItemGroup>
  <ItemGroup>
    <CustomBuild Include="I:\cegui\cegui-dependencies\src\corona-1.0.2\CEGUI-BUILD\CMakeLists.txt" />
  </ItemGroup>
  <ItemGroup>
    <Filter Include="Source Files">
      <UniqueIdentifier>{491A6A73-B470-3DDB-B81B-749BCD98392A}</UniqueIdentifier>
    </Filter>
  </ItemGroup>
</Project>
