<?xml version="1.0" encoding="utf-8"?>
<Project ToolsVersion="4.0" xmlns="http://schemas.microsoft.com/developer/msbuild/2003">
  <ItemGroup>
    <Filter Include="cegui">
      <UniqueIdentifier>{4551aad9-b8bf-42e8-a728-5bf6c55fcae1}</UniqueIdentifier>
    </Filter>
    <Filter Include="cegui\src">
      <UniqueIdentifier>{be1b5610-b35a-4bd7-ae49-dc5c8af2bb8d}</UniqueIdentifier>
    </Filter>
    <Filter Include="cegui\src\ImageCodecModules">
      <UniqueIdentifier>{0296c997-b0d5-4678-b871-9531af33797d}</UniqueIdentifier>
    </Filter>
    <Filter Include="cegui\src\ImageCodecModules\STBImageCodec">
      <UniqueIdentifier>{83dc787a-3367-4e93-82cc-454e339d50a9}</UniqueIdentifier>
    </Filter>
    <Filter Include="cegui\include">
      <UniqueIdentifier>{e7ae7a34-de56-4649-bb94-60bf465b3880}</UniqueIdentifier>
    </Filter>
    <Filter Include="cegui\include\ImageCodecModules">
      <UniqueIdentifier>{48f0e329-b924-481d-beeb-c4bdf8cf01d3}</UniqueIdentifier>
    </Filter>
    <Filter Include="cegui\include\ImageCodecModules\STBImageCodec">
      <UniqueIdentifier>{8f897d9a-f7a1-4d93-a8db-5ebc8cfa3f7d}</UniqueIdentifier>
    </Filter>
  </ItemGroup>
  <ItemGroup>
    <ClCompile Include="..\..\..\..\cegui\src\ImageCodecModules\STBImageCodec\CEGUISTBImageCodec.cpp">
      <Filter>cegui\src\ImageCodecModules\STBImageCodec</Filter>
    </ClCompile>
    <ClCompile Include="..\..\..\..\cegui\src\ImageCodecModules\STBImageCodec\CEGUISTBImageCodecModule.cpp">
      <Filter>cegui\src\ImageCodecModules\STBImageCodec</Filter>
    </ClCompile>
    <ClCompile Include="..\..\..\..\cegui\src\ImageCodecModules\STBImageCodec\stb_image.cpp">
      <Filter>cegui\src\ImageCodecModules\STBImageCodec</Filter>
    </ClCompile>
  </ItemGroup>
  <ItemGroup>
    <ClInclude Include="..\..\..\..\cegui\include\ImageCodecModules\STBImageCodec\CEGUISTBImageCodec.h">
      <Filter>cegui\include\ImageCodecModules\STBImageCodec</Filter>
    </ClInclude>
    <ClInclude Include="..\..\..\..\cegui\include\ImageCodecModules\STBImageCodec\CEGUISTBImageCodecModule.h">
      <Filter>cegui\include\ImageCodecModules\STBImageCodec</Filter>
    </ClInclude>
  </ItemGroup>
</Project>