<?xml version="1.0" encoding="utf-8"?>
<Project ToolsVersion="4.0" xmlns="http://schemas.microsoft.com/developer/msbuild/2003">
  <ItemGroup>
    <Filter Include="cegui">
      <UniqueIdentifier>{b8e154a5-7f11-4a74-a874-00d2d1b25efe}</UniqueIdentifier>
    </Filter>
    <Filter Include="cegui\src">
      <UniqueIdentifier>{67f6ca3a-e5c8-4739-9190-cd10d4a245d0}</UniqueIdentifier>
    </Filter>
    <Filter Include="cegui\src\ImageCodecModules">
      <UniqueIdentifier>{fd0b501b-667b-40f4-a746-b05f20012aa1}</UniqueIdentifier>
    </Filter>
    <Filter Include="cegui\src\ImageCodecModules\CoronaImageCodec">
      <UniqueIdentifier>{ec4f3547-52c7-4044-a104-7e414927c4e2}</UniqueIdentifier>
    </Filter>
    <Filter Include="cegui\include">
      <UniqueIdentifier>{b40b265d-e038-4f47-8f95-b9fefe02b442}</UniqueIdentifier>
    </Filter>
    <Filter Include="cegui\include\ImageCodecModules">
      <UniqueIdentifier>{9070c9a6-8368-47aa-8294-6b9f300b50de}</UniqueIdentifier>
    </Filter>
    <Filter Include="cegui\include\ImageCodecModules\CoronaImageCodec">
      <UniqueIdentifier>{5e20a026-b8ba-46ba-9a5f-2f012b9a3e9a}</UniqueIdentifier>
    </Filter>
  </ItemGroup>
  <ItemGroup>
    <ClCompile Include="..\..\..\..\cegui\src\ImageCodecModules\CoronaImageCodec\CEGUICoronaImageCodec.cpp">
      <Filter>cegui\src\ImageCodecModules\CoronaImageCodec</Filter>
    </ClCompile>
    <ClCompile Include="..\..\..\..\cegui\src\ImageCodecModules\CoronaImageCodec\CEGUICoronaImageCodecModule.cpp">
      <Filter>cegui\src\ImageCodecModules\CoronaImageCodec</Filter>
    </ClCompile>
  </ItemGroup>
  <ItemGroup>
    <ClInclude Include="..\..\..\..\cegui\include\ImageCodecModules\CoronaImageCodec\CEGUICoronaImageCodec.h">
      <Filter>cegui\include\ImageCodecModules\CoronaImageCodec</Filter>
    </ClInclude>
    <ClInclude Include="..\..\..\..\cegui\include\ImageCodecModules\CoronaImageCodec\CEGUICoronaImageCodecModule.h">
      <Filter>cegui\include\ImageCodecModules\CoronaImageCodec</Filter>
    </ClInclude>
  </ItemGroup>
</Project>