<?xml version="1.0" encoding="utf-8"?>
<Project ToolsVersion="4.0" xmlns="http://schemas.microsoft.com/developer/msbuild/2003">
  <ItemGroup>
    <Filter Include="Samples">
      <UniqueIdentifier>{54ad2362-ba20-4b9c-9348-48bf4a03ef4a}</UniqueIdentifier>
    </Filter>
    <Filter Include="Samples\Demo8">
      <UniqueIdentifier>{19fe2c04-2c8d-47b4-95e9-03f00aa16913}</UniqueIdentifier>
    </Filter>
  </ItemGroup>
  <ItemGroup>
    <ClCompile Include="..\..\..\..\Samples\Demo8\Sample_Demo8.cpp">
      <Filter>Samples\Demo8</Filter>
    </ClCompile>
  </ItemGroup>
  <ItemGroup>
    <ClInclude Include="..\..\..\..\Samples\Demo8\Sample_Demo8.h">
      <Filter>Samples\Demo8</Filter>
    </ClInclude>
  </ItemGroup>
</Project>