<?xml version="1.0" encoding="utf-8"?>
<Project ToolsVersion="4.0" xmlns="http://schemas.microsoft.com/developer/msbuild/2003">
  <ItemGroup>
    <Filter Include="Samples">
      <UniqueIdentifier>{028be62c-7d99-48eb-84d7-93ae41e7742a}</UniqueIdentifier>
    </Filter>
    <Filter Include="Samples\TabControlDemo">
      <UniqueIdentifier>{c29615e6-59d8-40f5-9819-c979d9b1f5e3}</UniqueIdentifier>
    </Filter>
  </ItemGroup>
  <ItemGroup>
    <ClCompile Include="..\..\..\..\Samples\TabControlDemo\Sample_TabControl.cpp">
      <Filter>Samples\TabControlDemo</Filter>
    </ClCompile>
  </ItemGroup>
</Project>