Microsoft Visual Studio Solution File, Format Version 11.00
# Visual Studio 2010
Project("{8BC9CEB8-8B4A-11D0-8D11-00A0C91BC942}") = "CEGUISampleHelper", "Samples\common\CEGUISampleHelper.vcxproj", "{C4EFE9A6-573D-694B-8DFA-E51BA67E88E0}"
EndProject
Project("{8BC9CEB8-8B4A-11D0-8D11-00A0C91BC942}") = "Sample_FirstWindow", "Samples\FirstWindow\Sample_FirstWindow.vcxproj", "{B46D8441-21F9-4446-B4F7-517A577D0D2C}"
EndProject
Project("{8BC9CEB8-8B4A-11D0-8D11-00A0C91BC942}") = "Sample_TextDemo", "Samples\TextDemo\Sample_TextDemo.vcxproj", "{0AB40AB1-548A-0D4E-88DC-3B1978D24AB1}"
EndProject
Project("{8BC9CEB8-8B4A-11D0-8D11-00A0C91BC942}") = "Sample_Demo6", "Samples\Demo6\Sample_Demo6.vcxproj", "{5BFED654-DFE8-154F-8F53-69F184B95E5B}"
EndProject
Project("{8BC9CEB8-8B4A-11D0-8D11-00A0C91BC942}") = "Sample_Demo7", "Samples\Demo7\Sample_Demo7.vcxproj", "{49FED0E9-A274-1642-ACD3-2298CE0520D9}"
EndProject
Project("{8BC9CEB8-8B4A-11D0-8D11-00A0C91BC942}") = "Sample_DragDropDemo", "Samples\DragDropDemo\Sample_DragDropDemo.vcxproj", "{B44B0074-8C0E-3643-8537-33B8F014A616}"
EndProject
Project("{8BC9CEB8-8B4A-11D0-8D11-00A0C91BC942}") = "Sample_FalagardDemo1", "Samples\FalagardDemo1\Sample_FalagardDemo1.vcxproj", "{08B1F952-F89F-E148-BF8E-4A03455BE51C}"
EndProject
Project("{8BC9CEB8-8B4A-11D0-8D11-00A0C91BC942}") = "Sample_FontDemo", "Samples\FontDemo\Sample_FontDemo.vcxproj", "{FFCE94A4-BDBC-F240-AE8E-886E98ACD315}"
EndProject
Project("{8BC9CEB8-8B4A-11D0-8D11-00A0C91BC942}") = "Sample_InventoryDemo", "Samples\InventoryDemo\Sample_InventoryDemo.vcxproj", "{703F9B35-7B5F-6C45-ADD3-7F48F1141BD2}"
EndProject
Project("{8BC9CEB8-8B4A-11D0-8D11-00A0C91BC942}") = "Sample_Minesweeper", "Samples\Minesweeper\Sample_Minesweeper.vcxproj", "{1EC543D3-BABD-3448-A35A-9CE6D2DF08F1}"
EndProject
Project("{8BC9CEB8-8B4A-11D0-8D11-00A0C91BC942}") = "Sample_ScrollablePaneDemo", "Samples\ScrollablePaneDemo\Sample_ScrollablePaneDemo.vcxproj", "{F5A8B25E-3B0B-B746-8E1B-FADF04BF9B04}"
EndProject
Project("{8BC9CEB8-8B4A-11D0-8D11-00A0C91BC942}") = "Sample_TabControlDemo", "Samples\TabControlDemo\Sample_TabControlDemo.vcxproj", "{19CA1D24-3467-2C42-9BEE-3E36B4EDFE5E}"
EndProject
Project("{8BC9CEB8-8B4A-11D0-8D11-00A0C91BC942}") = "Sample_TreeDemo", "Samples\TreeDemo\Sample_TreeDemo.vcxproj", "{CBC06B1F-9932-2D4B-B4E8-0F3FD2AA67F1}"
EndProject
Project("{8BC9CEB8-8B4A-11D0-8D11-00A0C91BC942}") = "Sample_Demo8", "Samples\Demo8\Sample_Demo8.vcxproj", "{C5FCEAA4-8643-4748-AF58-9B8D47B47BBB}"
EndProject
Project("{8BC9CEB8-8B4A-11D0-8D11-00A0C91BC942}") = "test_cef", "Samples\test_cef\test_cef.vcxproj", "{61EC770C-8119-4D1A-A139-5DFD519349B2}"
	ProjectSection(ProjectDependencies) = postProject
		{A9D6DC71-C0DC-4549-AEA0-3B15B44E86A9} = {A9D6DC71-C0DC-4549-AEA0-3B15B44E86A9}
		{C4EFE9A6-573D-694B-8DFA-E51BA67E88E0} = {C4EFE9A6-573D-694B-8DFA-E51BA67E88E0}
	EndProjectSection
EndProject
Project("{8BC9CEB8-8B4A-11D0-8D11-00A0C91BC942}") = "libcef_dll_wrapper", "Samples\libcef_dll_wrapper.vcxproj", "{A9D6DC71-C0DC-4549-AEA0-3B15B44E86A9}"
EndProject
Global
	GlobalSection(SolutionConfigurationPlatforms) = preSolution
		Debug_Static|Win32 = Debug_Static|Win32
		Debug_Static|x64 = Debug_Static|x64
		Debug|Win32 = Debug|Win32
		Debug|x64 = Debug|x64
		Release_Static|Win32 = Release_Static|Win32
		Release_Static|x64 = Release_Static|x64
		Release|Win32 = Release|Win32
		Release|x64 = Release|x64
		ReleaseWithSymbols|Win32 = ReleaseWithSymbols|Win32
		ReleaseWithSymbols|x64 = ReleaseWithSymbols|x64
	EndGlobalSection
	GlobalSection(ProjectConfigurationPlatforms) = postSolution
		{C4EFE9A6-573D-694B-8DFA-E51BA67E88E0}.Debug_Static|Win32.ActiveCfg = Debug_Static|Win32
		{C4EFE9A6-573D-694B-8DFA-E51BA67E88E0}.Debug_Static|Win32.Build.0 = Debug_Static|Win32
		{C4EFE9A6-573D-694B-8DFA-E51BA67E88E0}.Debug_Static|x64.ActiveCfg = Debug_Static|Win32
		{C4EFE9A6-573D-694B-8DFA-E51BA67E88E0}.Debug|Win32.ActiveCfg = Debug|Win32
		{C4EFE9A6-573D-694B-8DFA-E51BA67E88E0}.Debug|Win32.Build.0 = Debug|Win32
		{C4EFE9A6-573D-694B-8DFA-E51BA67E88E0}.Debug|x64.ActiveCfg = Debug|Win32
		{C4EFE9A6-573D-694B-8DFA-E51BA67E88E0}.Release_Static|Win32.ActiveCfg = Release_Static|Win32
		{C4EFE9A6-573D-694B-8DFA-E51BA67E88E0}.Release_Static|Win32.Build.0 = Release_Static|Win32
		{C4EFE9A6-573D-694B-8DFA-E51BA67E88E0}.Release_Static|x64.ActiveCfg = Release_Static|Win32
		{C4EFE9A6-573D-694B-8DFA-E51BA67E88E0}.Release|Win32.ActiveCfg = Release|Win32
		{C4EFE9A6-573D-694B-8DFA-E51BA67E88E0}.Release|Win32.Build.0 = Release|Win32
		{C4EFE9A6-573D-694B-8DFA-E51BA67E88E0}.Release|x64.ActiveCfg = Release|Win32
		{C4EFE9A6-573D-694B-8DFA-E51BA67E88E0}.ReleaseWithSymbols|Win32.ActiveCfg = ReleaseWithSymbols|Win32
		{C4EFE9A6-573D-694B-8DFA-E51BA67E88E0}.ReleaseWithSymbols|Win32.Build.0 = ReleaseWithSymbols|Win32
		{C4EFE9A6-573D-694B-8DFA-E51BA67E88E0}.ReleaseWithSymbols|x64.ActiveCfg = ReleaseWithSymbols|Win32
		{B46D8441-21F9-4446-B4F7-517A577D0D2C}.Debug_Static|Win32.ActiveCfg = Debug_Static|Win32
		{B46D8441-21F9-4446-B4F7-517A577D0D2C}.Debug_Static|Win32.Build.0 = Debug_Static|Win32
		{B46D8441-21F9-4446-B4F7-517A577D0D2C}.Debug_Static|x64.ActiveCfg = Debug_Static|Win32
		{B46D8441-21F9-4446-B4F7-517A577D0D2C}.Debug|Win32.ActiveCfg = Debug|Win32
		{B46D8441-21F9-4446-B4F7-517A577D0D2C}.Debug|Win32.Build.0 = Debug|Win32
		{B46D8441-21F9-4446-B4F7-517A577D0D2C}.Debug|x64.ActiveCfg = Debug|Win32
		{B46D8441-21F9-4446-B4F7-517A577D0D2C}.Release_Static|Win32.ActiveCfg = Release_Static|Win32
		{B46D8441-21F9-4446-B4F7-517A577D0D2C}.Release_Static|Win32.Build.0 = Release_Static|Win32
		{B46D8441-21F9-4446-B4F7-517A577D0D2C}.Release_Static|x64.ActiveCfg = Release_Static|Win32
		{B46D8441-21F9-4446-B4F7-517A577D0D2C}.Release|Win32.ActiveCfg = Release|Win32
		{B46D8441-21F9-4446-B4F7-517A577D0D2C}.Release|Win32.Build.0 = Release|Win32
		{B46D8441-21F9-4446-B4F7-517A577D0D2C}.Release|x64.ActiveCfg = Release|Win32
		{B46D8441-21F9-4446-B4F7-517A577D0D2C}.ReleaseWithSymbols|Win32.ActiveCfg = ReleaseWithSymbols|Win32
		{B46D8441-21F9-4446-B4F7-517A577D0D2C}.ReleaseWithSymbols|Win32.Build.0 = ReleaseWithSymbols|Win32
		{B46D8441-21F9-4446-B4F7-517A577D0D2C}.ReleaseWithSymbols|x64.ActiveCfg = ReleaseWithSymbols|Win32
		{0AB40AB1-548A-0D4E-88DC-3B1978D24AB1}.Debug_Static|Win32.ActiveCfg = Debug_Static|Win32
		{0AB40AB1-548A-0D4E-88DC-3B1978D24AB1}.Debug_Static|Win32.Build.0 = Debug_Static|Win32
		{0AB40AB1-548A-0D4E-88DC-3B1978D24AB1}.Debug_Static|x64.ActiveCfg = Debug_Static|Win32
		{0AB40AB1-548A-0D4E-88DC-3B1978D24AB1}.Debug|Win32.ActiveCfg = Debug|Win32
		{0AB40AB1-548A-0D4E-88DC-3B1978D24AB1}.Debug|Win32.Build.0 = Debug|Win32
		{0AB40AB1-548A-0D4E-88DC-3B1978D24AB1}.Debug|x64.ActiveCfg = Debug|Win32
		{0AB40AB1-548A-0D4E-88DC-3B1978D24AB1}.Release_Static|Win32.ActiveCfg = Release_Static|Win32
		{0AB40AB1-548A-0D4E-88DC-3B1978D24AB1}.Release_Static|Win32.Build.0 = Release_Static|Win32
		{0AB40AB1-548A-0D4E-88DC-3B1978D24AB1}.Release_Static|x64.ActiveCfg = Release_Static|Win32
		{0AB40AB1-548A-0D4E-88DC-3B1978D24AB1}.Release|Win32.ActiveCfg = Release|Win32
		{0AB40AB1-548A-0D4E-88DC-3B1978D24AB1}.Release|Win32.Build.0 = Release|Win32
		{0AB40AB1-548A-0D4E-88DC-3B1978D24AB1}.Release|x64.ActiveCfg = Release|Win32
		{0AB40AB1-548A-0D4E-88DC-3B1978D24AB1}.ReleaseWithSymbols|Win32.ActiveCfg = ReleaseWithSymbols|Win32
		{0AB40AB1-548A-0D4E-88DC-3B1978D24AB1}.ReleaseWithSymbols|Win32.Build.0 = ReleaseWithSymbols|Win32
		{0AB40AB1-548A-0D4E-88DC-3B1978D24AB1}.ReleaseWithSymbols|x64.ActiveCfg = ReleaseWithSymbols|Win32
		{5BFED654-DFE8-154F-8F53-69F184B95E5B}.Debug_Static|Win32.ActiveCfg = Debug_Static|Win32
		{5BFED654-DFE8-154F-8F53-69F184B95E5B}.Debug_Static|Win32.Build.0 = Debug_Static|Win32
		{5BFED654-DFE8-154F-8F53-69F184B95E5B}.Debug_Static|x64.ActiveCfg = Debug_Static|Win32
		{5BFED654-DFE8-154F-8F53-69F184B95E5B}.Debug|Win32.ActiveCfg = Debug|Win32
		{5BFED654-DFE8-154F-8F53-69F184B95E5B}.Debug|Win32.Build.0 = Debug|Win32
		{5BFED654-DFE8-154F-8F53-69F184B95E5B}.Debug|x64.ActiveCfg = Debug|Win32
		{5BFED654-DFE8-154F-8F53-69F184B95E5B}.Release_Static|Win32.ActiveCfg = Release_Static|Win32
		{5BFED654-DFE8-154F-8F53-69F184B95E5B}.Release_Static|Win32.Build.0 = Release_Static|Win32
		{5BFED654-DFE8-154F-8F53-69F184B95E5B}.Release_Static|x64.ActiveCfg = Release_Static|Win32
		{5BFED654-DFE8-154F-8F53-69F184B95E5B}.Release|Win32.ActiveCfg = Release|Win32
		{5BFED654-DFE8-154F-8F53-69F184B95E5B}.Release|Win32.Build.0 = Release|Win32
		{5BFED654-DFE8-154F-8F53-69F184B95E5B}.Release|x64.ActiveCfg = Release|Win32
		{5BFED654-DFE8-154F-8F53-69F184B95E5B}.ReleaseWithSymbols|Win32.ActiveCfg = ReleaseWithSymbols|Win32
		{5BFED654-DFE8-154F-8F53-69F184B95E5B}.ReleaseWithSymbols|Win32.Build.0 = ReleaseWithSymbols|Win32
		{5BFED654-DFE8-154F-8F53-69F184B95E5B}.ReleaseWithSymbols|x64.ActiveCfg = ReleaseWithSymbols|Win32
		{49FED0E9-A274-1642-ACD3-2298CE0520D9}.Debug_Static|Win32.ActiveCfg = Debug_Static|Win32
		{49FED0E9-A274-1642-ACD3-2298CE0520D9}.Debug_Static|Win32.Build.0 = Debug_Static|Win32
		{49FED0E9-A274-1642-ACD3-2298CE0520D9}.Debug_Static|x64.ActiveCfg = Debug_Static|Win32
		{49FED0E9-A274-1642-ACD3-2298CE0520D9}.Debug|Win32.ActiveCfg = Debug|Win32
		{49FED0E9-A274-1642-ACD3-2298CE0520D9}.Debug|Win32.Build.0 = Debug|Win32
		{49FED0E9-A274-1642-ACD3-2298CE0520D9}.Debug|x64.ActiveCfg = Debug|Win32
		{49FED0E9-A274-1642-ACD3-2298CE0520D9}.Release_Static|Win32.ActiveCfg = Release_Static|Win32
		{49FED0E9-A274-1642-ACD3-2298CE0520D9}.Release_Static|Win32.Build.0 = Release_Static|Win32
		{49FED0E9-A274-1642-ACD3-2298CE0520D9}.Release_Static|x64.ActiveCfg = Release_Static|Win32
		{49FED0E9-A274-1642-ACD3-2298CE0520D9}.Release|Win32.ActiveCfg = Release|Win32
		{49FED0E9-A274-1642-ACD3-2298CE0520D9}.Release|Win32.Build.0 = Release|Win32
		{49FED0E9-A274-1642-ACD3-2298CE0520D9}.Release|x64.ActiveCfg = Release|Win32
		{49FED0E9-A274-1642-ACD3-2298CE0520D9}.ReleaseWithSymbols|Win32.ActiveCfg = ReleaseWithSymbols|Win32
		{49FED0E9-A274-1642-ACD3-2298CE0520D9}.ReleaseWithSymbols|Win32.Build.0 = ReleaseWithSymbols|Win32
		{49FED0E9-A274-1642-ACD3-2298CE0520D9}.ReleaseWithSymbols|x64.ActiveCfg = ReleaseWithSymbols|Win32
		{B44B0074-8C0E-3643-8537-33B8F014A616}.Debug_Static|Win32.ActiveCfg = Debug_Static|Win32
		{B44B0074-8C0E-3643-8537-33B8F014A616}.Debug_Static|Win32.Build.0 = Debug_Static|Win32
		{B44B0074-8C0E-3643-8537-33B8F014A616}.Debug_Static|x64.ActiveCfg = Debug_Static|Win32
		{B44B0074-8C0E-3643-8537-33B8F014A616}.Debug|Win32.ActiveCfg = Debug|Win32
		{B44B0074-8C0E-3643-8537-33B8F014A616}.Debug|Win32.Build.0 = Debug|Win32
		{B44B0074-8C0E-3643-8537-33B8F014A616}.Debug|x64.ActiveCfg = Debug|Win32
		{B44B0074-8C0E-3643-8537-33B8F014A616}.Release_Static|Win32.ActiveCfg = Release_Static|Win32
		{B44B0074-8C0E-3643-8537-33B8F014A616}.Release_Static|Win32.Build.0 = Release_Static|Win32
		{B44B0074-8C0E-3643-8537-33B8F014A616}.Release_Static|x64.ActiveCfg = Release_Static|Win32
		{B44B0074-8C0E-3643-8537-33B8F014A616}.Release|Win32.ActiveCfg = Release|Win32
		{B44B0074-8C0E-3643-8537-33B8F014A616}.Release|Win32.Build.0 = Release|Win32
		{B44B0074-8C0E-3643-8537-33B8F014A616}.Release|x64.ActiveCfg = Release|Win32
		{B44B0074-8C0E-3643-8537-33B8F014A616}.ReleaseWithSymbols|Win32.ActiveCfg = ReleaseWithSymbols|Win32
		{B44B0074-8C0E-3643-8537-33B8F014A616}.ReleaseWithSymbols|Win32.Build.0 = ReleaseWithSymbols|Win32
		{B44B0074-8C0E-3643-8537-33B8F014A616}.ReleaseWithSymbols|x64.ActiveCfg = ReleaseWithSymbols|Win32
		{08B1F952-F89F-E148-BF8E-4A03455BE51C}.Debug_Static|Win32.ActiveCfg = Debug_Static|Win32
		{08B1F952-F89F-E148-BF8E-4A03455BE51C}.Debug_Static|Win32.Build.0 = Debug_Static|Win32
		{08B1F952-F89F-E148-BF8E-4A03455BE51C}.Debug_Static|x64.ActiveCfg = Debug_Static|Win32
		{08B1F952-F89F-E148-BF8E-4A03455BE51C}.Debug|Win32.ActiveCfg = Debug|Win32
		{08B1F952-F89F-E148-BF8E-4A03455BE51C}.Debug|Win32.Build.0 = Debug|Win32
		{08B1F952-F89F-E148-BF8E-4A03455BE51C}.Debug|x64.ActiveCfg = Debug|Win32
		{08B1F952-F89F-E148-BF8E-4A03455BE51C}.Release_Static|Win32.ActiveCfg = Release_Static|Win32
		{08B1F952-F89F-E148-BF8E-4A03455BE51C}.Release_Static|Win32.Build.0 = Release_Static|Win32
		{08B1F952-F89F-E148-BF8E-4A03455BE51C}.Release_Static|x64.ActiveCfg = Release_Static|Win32
		{08B1F952-F89F-E148-BF8E-4A03455BE51C}.Release|Win32.ActiveCfg = Release|Win32
		{08B1F952-F89F-E148-BF8E-4A03455BE51C}.Release|Win32.Build.0 = Release|Win32
		{08B1F952-F89F-E148-BF8E-4A03455BE51C}.Release|x64.ActiveCfg = Release|Win32
		{08B1F952-F89F-E148-BF8E-4A03455BE51C}.ReleaseWithSymbols|Win32.ActiveCfg = ReleaseWithSymbols|Win32
		{08B1F952-F89F-E148-BF8E-4A03455BE51C}.ReleaseWithSymbols|Win32.Build.0 = ReleaseWithSymbols|Win32
		{08B1F952-F89F-E148-BF8E-4A03455BE51C}.ReleaseWithSymbols|x64.ActiveCfg = ReleaseWithSymbols|Win32
		{FFCE94A4-BDBC-F240-AE8E-886E98ACD315}.Debug_Static|Win32.ActiveCfg = Debug_Static|Win32
		{FFCE94A4-BDBC-F240-AE8E-886E98ACD315}.Debug_Static|Win32.Build.0 = Debug_Static|Win32
		{FFCE94A4-BDBC-F240-AE8E-886E98ACD315}.Debug_Static|x64.ActiveCfg = Debug_Static|Win32
		{FFCE94A4-BDBC-F240-AE8E-886E98ACD315}.Debug|Win32.ActiveCfg = Debug|Win32
		{FFCE94A4-BDBC-F240-AE8E-886E98ACD315}.Debug|Win32.Build.0 = Debug|Win32
		{FFCE94A4-BDBC-F240-AE8E-886E98ACD315}.Debug|x64.ActiveCfg = Debug|Win32
		{FFCE94A4-BDBC-F240-AE8E-886E98ACD315}.Release_Static|Win32.ActiveCfg = Release_Static|Win32
		{FFCE94A4-BDBC-F240-AE8E-886E98ACD315}.Release_Static|Win32.Build.0 = Release_Static|Win32
		{FFCE94A4-BDBC-F240-AE8E-886E98ACD315}.Release_Static|x64.ActiveCfg = Release_Static|Win32
		{FFCE94A4-BDBC-F240-AE8E-886E98ACD315}.Release|Win32.ActiveCfg = Release|Win32
		{FFCE94A4-BDBC-F240-AE8E-886E98ACD315}.Release|Win32.Build.0 = Release|Win32
		{FFCE94A4-BDBC-F240-AE8E-886E98ACD315}.Release|x64.ActiveCfg = Release|Win32
		{FFCE94A4-BDBC-F240-AE8E-886E98ACD315}.ReleaseWithSymbols|Win32.ActiveCfg = ReleaseWithSymbols|Win32
		{FFCE94A4-BDBC-F240-AE8E-886E98ACD315}.ReleaseWithSymbols|Win32.Build.0 = ReleaseWithSymbols|Win32
		{FFCE94A4-BDBC-F240-AE8E-886E98ACD315}.ReleaseWithSymbols|x64.ActiveCfg = ReleaseWithSymbols|Win32
		{703F9B35-7B5F-6C45-ADD3-7F48F1141BD2}.Debug_Static|Win32.ActiveCfg = Debug_Static|Win32
		{703F9B35-7B5F-6C45-ADD3-7F48F1141BD2}.Debug_Static|Win32.Build.0 = Debug_Static|Win32
		{703F9B35-7B5F-6C45-ADD3-7F48F1141BD2}.Debug_Static|x64.ActiveCfg = Debug_Static|Win32
		{703F9B35-7B5F-6C45-ADD3-7F48F1141BD2}.Debug|Win32.ActiveCfg = Debug|Win32
		{703F9B35-7B5F-6C45-ADD3-7F48F1141BD2}.Debug|Win32.Build.0 = Debug|Win32
		{703F9B35-7B5F-6C45-ADD3-7F48F1141BD2}.Debug|x64.ActiveCfg = Debug|Win32
		{703F9B35-7B5F-6C45-ADD3-7F48F1141BD2}.Release_Static|Win32.ActiveCfg = Release_Static|Win32
		{703F9B35-7B5F-6C45-ADD3-7F48F1141BD2}.Release_Static|Win32.Build.0 = Release_Static|Win32
		{703F9B35-7B5F-6C45-ADD3-7F48F1141BD2}.Release_Static|x64.ActiveCfg = Release_Static|Win32
		{703F9B35-7B5F-6C45-ADD3-7F48F1141BD2}.Release|Win32.ActiveCfg = Release|Win32
		{703F9B35-7B5F-6C45-ADD3-7F48F1141BD2}.Release|Win32.Build.0 = Release|Win32
		{703F9B35-7B5F-6C45-ADD3-7F48F1141BD2}.Release|x64.ActiveCfg = Release|Win32
		{703F9B35-7B5F-6C45-ADD3-7F48F1141BD2}.ReleaseWithSymbols|Win32.ActiveCfg = ReleaseWithSymbols|Win32
		{703F9B35-7B5F-6C45-ADD3-7F48F1141BD2}.ReleaseWithSymbols|Win32.Build.0 = ReleaseWithSymbols|Win32
		{703F9B35-7B5F-6C45-ADD3-7F48F1141BD2}.ReleaseWithSymbols|x64.ActiveCfg = ReleaseWithSymbols|Win32
		{1EC543D3-BABD-3448-A35A-9CE6D2DF08F1}.Debug_Static|Win32.ActiveCfg = Debug_Static|Win32
		{1EC543D3-BABD-3448-A35A-9CE6D2DF08F1}.Debug_Static|Win32.Build.0 = Debug_Static|Win32
		{1EC543D3-BABD-3448-A35A-9CE6D2DF08F1}.Debug_Static|x64.ActiveCfg = Debug_Static|Win32
		{1EC543D3-BABD-3448-A35A-9CE6D2DF08F1}.Debug|Win32.ActiveCfg = Debug|Win32
		{1EC543D3-BABD-3448-A35A-9CE6D2DF08F1}.Debug|Win32.Build.0 = Debug|Win32
		{1EC543D3-BABD-3448-A35A-9CE6D2DF08F1}.Debug|x64.ActiveCfg = Debug|Win32
		{1EC543D3-BABD-3448-A35A-9CE6D2DF08F1}.Release_Static|Win32.ActiveCfg = Release_Static|Win32
		{1EC543D3-BABD-3448-A35A-9CE6D2DF08F1}.Release_Static|Win32.Build.0 = Release_Static|Win32
		{1EC543D3-BABD-3448-A35A-9CE6D2DF08F1}.Release_Static|x64.ActiveCfg = Release_Static|Win32
		{1EC543D3-BABD-3448-A35A-9CE6D2DF08F1}.Release|Win32.ActiveCfg = Release|Win32
		{1EC543D3-BABD-3448-A35A-9CE6D2DF08F1}.Release|Win32.Build.0 = Release|Win32
		{1EC543D3-BABD-3448-A35A-9CE6D2DF08F1}.Release|x64.ActiveCfg = Release|Win32
		{1EC543D3-BABD-3448-A35A-9CE6D2DF08F1}.ReleaseWithSymbols|Win32.ActiveCfg = ReleaseWithSymbols|Win32
		{1EC543D3-BABD-3448-A35A-9CE6D2DF08F1}.ReleaseWithSymbols|Win32.Build.0 = ReleaseWithSymbols|Win32
		{1EC543D3-BABD-3448-A35A-9CE6D2DF08F1}.ReleaseWithSymbols|x64.ActiveCfg = ReleaseWithSymbols|Win32
		{F5A8B25E-3B0B-B746-8E1B-FADF04BF9B04}.Debug_Static|Win32.ActiveCfg = Debug_Static|Win32
		{F5A8B25E-3B0B-B746-8E1B-FADF04BF9B04}.Debug_Static|Win32.Build.0 = Debug_Static|Win32
		{F5A8B25E-3B0B-B746-8E1B-FADF04BF9B04}.Debug_Static|x64.ActiveCfg = Debug_Static|Win32
		{F5A8B25E-3B0B-B746-8E1B-FADF04BF9B04}.Debug|Win32.ActiveCfg = Debug|Win32
		{F5A8B25E-3B0B-B746-8E1B-FADF04BF9B04}.Debug|Win32.Build.0 = Debug|Win32
		{F5A8B25E-3B0B-B746-8E1B-FADF04BF9B04}.Debug|x64.ActiveCfg = Debug|Win32
		{F5A8B25E-3B0B-B746-8E1B-FADF04BF9B04}.Release_Static|Win32.ActiveCfg = Release_Static|Win32
		{F5A8B25E-3B0B-B746-8E1B-FADF04BF9B04}.Release_Static|Win32.Build.0 = Release_Static|Win32
		{F5A8B25E-3B0B-B746-8E1B-FADF04BF9B04}.Release_Static|x64.ActiveCfg = Release_Static|Win32
		{F5A8B25E-3B0B-B746-8E1B-FADF04BF9B04}.Release|Win32.ActiveCfg = Release|Win32
		{F5A8B25E-3B0B-B746-8E1B-FADF04BF9B04}.Release|Win32.Build.0 = Release|Win32
		{F5A8B25E-3B0B-B746-8E1B-FADF04BF9B04}.Release|x64.ActiveCfg = Release|Win32
		{F5A8B25E-3B0B-B746-8E1B-FADF04BF9B04}.ReleaseWithSymbols|Win32.ActiveCfg = ReleaseWithSymbols|Win32
		{F5A8B25E-3B0B-B746-8E1B-FADF04BF9B04}.ReleaseWithSymbols|Win32.Build.0 = ReleaseWithSymbols|Win32
		{F5A8B25E-3B0B-B746-8E1B-FADF04BF9B04}.ReleaseWithSymbols|x64.ActiveCfg = ReleaseWithSymbols|Win32
		{19CA1D24-3467-2C42-9BEE-3E36B4EDFE5E}.Debug_Static|Win32.ActiveCfg = Debug_Static|Win32
		{19CA1D24-3467-2C42-9BEE-3E36B4EDFE5E}.Debug_Static|Win32.Build.0 = Debug_Static|Win32
		{19CA1D24-3467-2C42-9BEE-3E36B4EDFE5E}.Debug_Static|x64.ActiveCfg = Debug_Static|Win32
		{19CA1D24-3467-2C42-9BEE-3E36B4EDFE5E}.Debug|Win32.ActiveCfg = Debug|Win32
		{19CA1D24-3467-2C42-9BEE-3E36B4EDFE5E}.Debug|Win32.Build.0 = Debug|Win32
		{19CA1D24-3467-2C42-9BEE-3E36B4EDFE5E}.Debug|x64.ActiveCfg = Debug|Win32
		{19CA1D24-3467-2C42-9BEE-3E36B4EDFE5E}.Release_Static|Win32.ActiveCfg = Release_Static|Win32
		{19CA1D24-3467-2C42-9BEE-3E36B4EDFE5E}.Release_Static|Win32.Build.0 = Release_Static|Win32
		{19CA1D24-3467-2C42-9BEE-3E36B4EDFE5E}.Release_Static|x64.ActiveCfg = Release_Static|Win32
		{19CA1D24-3467-2C42-9BEE-3E36B4EDFE5E}.Release|Win32.ActiveCfg = Release|Win32
		{19CA1D24-3467-2C42-9BEE-3E36B4EDFE5E}.Release|Win32.Build.0 = Release|Win32
		{19CA1D24-3467-2C42-9BEE-3E36B4EDFE5E}.Release|x64.ActiveCfg = Release|Win32
		{19CA1D24-3467-2C42-9BEE-3E36B4EDFE5E}.ReleaseWithSymbols|Win32.ActiveCfg = ReleaseWithSymbols|Win32
		{19CA1D24-3467-2C42-9BEE-3E36B4EDFE5E}.ReleaseWithSymbols|Win32.Build.0 = ReleaseWithSymbols|Win32
		{19CA1D24-3467-2C42-9BEE-3E36B4EDFE5E}.ReleaseWithSymbols|x64.ActiveCfg = ReleaseWithSymbols|Win32
		{CBC06B1F-9932-2D4B-B4E8-0F3FD2AA67F1}.Debug_Static|Win32.ActiveCfg = Debug_Static|Win32
		{CBC06B1F-9932-2D4B-B4E8-0F3FD2AA67F1}.Debug_Static|Win32.Build.0 = Debug_Static|Win32
		{CBC06B1F-9932-2D4B-B4E8-0F3FD2AA67F1}.Debug_Static|x64.ActiveCfg = Debug_Static|Win32
		{CBC06B1F-9932-2D4B-B4E8-0F3FD2AA67F1}.Debug|Win32.ActiveCfg = Debug|Win32
		{CBC06B1F-9932-2D4B-B4E8-0F3FD2AA67F1}.Debug|Win32.Build.0 = Debug|Win32
		{CBC06B1F-9932-2D4B-B4E8-0F3FD2AA67F1}.Debug|x64.ActiveCfg = Debug|Win32
		{CBC06B1F-9932-2D4B-B4E8-0F3FD2AA67F1}.Release_Static|Win32.ActiveCfg = Release_Static|Win32
		{CBC06B1F-9932-2D4B-B4E8-0F3FD2AA67F1}.Release_Static|Win32.Build.0 = Release_Static|Win32
		{CBC06B1F-9932-2D4B-B4E8-0F3FD2AA67F1}.Release_Static|x64.ActiveCfg = Release_Static|Win32
		{CBC06B1F-9932-2D4B-B4E8-0F3FD2AA67F1}.Release|Win32.ActiveCfg = Release|Win32
		{CBC06B1F-9932-2D4B-B4E8-0F3FD2AA67F1}.Release|Win32.Build.0 = Release|Win32
		{CBC06B1F-9932-2D4B-B4E8-0F3FD2AA67F1}.Release|x64.ActiveCfg = Release|Win32
		{CBC06B1F-9932-2D4B-B4E8-0F3FD2AA67F1}.ReleaseWithSymbols|Win32.ActiveCfg = ReleaseWithSymbols|Win32
		{CBC06B1F-9932-2D4B-B4E8-0F3FD2AA67F1}.ReleaseWithSymbols|Win32.Build.0 = ReleaseWithSymbols|Win32
		{CBC06B1F-9932-2D4B-B4E8-0F3FD2AA67F1}.ReleaseWithSymbols|x64.ActiveCfg = ReleaseWithSymbols|Win32
		{C5FCEAA4-8643-4748-AF58-9B8D47B47BBB}.Debug_Static|Win32.ActiveCfg = Debug_Static|Win32
		{C5FCEAA4-8643-4748-AF58-9B8D47B47BBB}.Debug_Static|Win32.Build.0 = Debug_Static|Win32
		{C5FCEAA4-8643-4748-AF58-9B8D47B47BBB}.Debug_Static|x64.ActiveCfg = Debug_Static|Win32
		{C5FCEAA4-8643-4748-AF58-9B8D47B47BBB}.Debug|Win32.ActiveCfg = Debug|Win32
		{C5FCEAA4-8643-4748-AF58-9B8D47B47BBB}.Debug|Win32.Build.0 = Debug|Win32
		{C5FCEAA4-8643-4748-AF58-9B8D47B47BBB}.Debug|x64.ActiveCfg = Debug|Win32
		{C5FCEAA4-8643-4748-AF58-9B8D47B47BBB}.Release_Static|Win32.ActiveCfg = Release_Static|Win32
		{C5FCEAA4-8643-4748-AF58-9B8D47B47BBB}.Release_Static|Win32.Build.0 = Release_Static|Win32
		{C5FCEAA4-8643-4748-AF58-9B8D47B47BBB}.Release_Static|x64.ActiveCfg = Release_Static|Win32
		{C5FCEAA4-8643-4748-AF58-9B8D47B47BBB}.Release|Win32.ActiveCfg = Release|Win32
		{C5FCEAA4-8643-4748-AF58-9B8D47B47BBB}.Release|Win32.Build.0 = Release|Win32
		{C5FCEAA4-8643-4748-AF58-9B8D47B47BBB}.Release|x64.ActiveCfg = Release|Win32
		{C5FCEAA4-8643-4748-AF58-9B8D47B47BBB}.ReleaseWithSymbols|Win32.ActiveCfg = ReleaseWithSymbols|Win32
		{C5FCEAA4-8643-4748-AF58-9B8D47B47BBB}.ReleaseWithSymbols|Win32.Build.0 = ReleaseWithSymbols|Win32
		{C5FCEAA4-8643-4748-AF58-9B8D47B47BBB}.ReleaseWithSymbols|x64.ActiveCfg = ReleaseWithSymbols|Win32
		{61EC770C-8119-4D1A-A139-5DFD519349B2}.Debug_Static|Win32.ActiveCfg = Debug|Win32
		{61EC770C-8119-4D1A-A139-5DFD519349B2}.Debug_Static|Win32.Build.0 = Debug|Win32
		{61EC770C-8119-4D1A-A139-5DFD519349B2}.Debug_Static|x64.ActiveCfg = Debug|Win32
		{61EC770C-8119-4D1A-A139-5DFD519349B2}.Debug|Win32.ActiveCfg = Debug|Win32
		{61EC770C-8119-4D1A-A139-5DFD519349B2}.Debug|Win32.Build.0 = Debug|Win32
		{61EC770C-8119-4D1A-A139-5DFD519349B2}.Debug|x64.ActiveCfg = Debug|Win32
		{61EC770C-8119-4D1A-A139-5DFD519349B2}.Release_Static|Win32.ActiveCfg = Release|Win32
		{61EC770C-8119-4D1A-A139-5DFD519349B2}.Release_Static|Win32.Build.0 = Release|Win32
		{61EC770C-8119-4D1A-A139-5DFD519349B2}.Release_Static|x64.ActiveCfg = Release|Win32
		{61EC770C-8119-4D1A-A139-5DFD519349B2}.Release|Win32.ActiveCfg = Release|Win32
		{61EC770C-8119-4D1A-A139-5DFD519349B2}.Release|Win32.Build.0 = Release|Win32
		{61EC770C-8119-4D1A-A139-5DFD519349B2}.Release|x64.ActiveCfg = Release|Win32
		{61EC770C-8119-4D1A-A139-5DFD519349B2}.ReleaseWithSymbols|Win32.ActiveCfg = Release|Win32
		{61EC770C-8119-4D1A-A139-5DFD519349B2}.ReleaseWithSymbols|Win32.Build.0 = Release|Win32
		{61EC770C-8119-4D1A-A139-5DFD519349B2}.ReleaseWithSymbols|x64.ActiveCfg = Release|Win32
		{A9D6DC71-C0DC-4549-AEA0-3B15B44E86A9}.Debug_Static|Win32.ActiveCfg = Debug|x64
		{A9D6DC71-C0DC-4549-AEA0-3B15B44E86A9}.Debug_Static|x64.ActiveCfg = Debug|x64
		{A9D6DC71-C0DC-4549-AEA0-3B15B44E86A9}.Debug_Static|x64.Build.0 = Debug|x64
		{A9D6DC71-C0DC-4549-AEA0-3B15B44E86A9}.Debug|Win32.ActiveCfg = Debug|Win32
		{A9D6DC71-C0DC-4549-AEA0-3B15B44E86A9}.Debug|Win32.Build.0 = Debug|Win32
		{A9D6DC71-C0DC-4549-AEA0-3B15B44E86A9}.Debug|x64.ActiveCfg = Debug|x64
		{A9D6DC71-C0DC-4549-AEA0-3B15B44E86A9}.Debug|x64.Build.0 = Debug|x64
		{A9D6DC71-C0DC-4549-AEA0-3B15B44E86A9}.Release_Static|Win32.ActiveCfg = Release|x64
		{A9D6DC71-C0DC-4549-AEA0-3B15B44E86A9}.Release_Static|x64.ActiveCfg = Release|x64
		{A9D6DC71-C0DC-4549-AEA0-3B15B44E86A9}.Release_Static|x64.Build.0 = Release|x64
		{A9D6DC71-C0DC-4549-AEA0-3B15B44E86A9}.Release|Win32.ActiveCfg = Release|Win32
		{A9D6DC71-C0DC-4549-AEA0-3B15B44E86A9}.Release|Win32.Build.0 = Release|Win32
		{A9D6DC71-C0DC-4549-AEA0-3B15B44E86A9}.Release|x64.ActiveCfg = Release|x64
		{A9D6DC71-C0DC-4549-AEA0-3B15B44E86A9}.Release|x64.Build.0 = Release|x64
		{A9D6DC71-C0DC-4549-AEA0-3B15B44E86A9}.ReleaseWithSymbols|Win32.ActiveCfg = Release|x64
		{A9D6DC71-C0DC-4549-AEA0-3B15B44E86A9}.ReleaseWithSymbols|x64.ActiveCfg = Release|x64
		{A9D6DC71-C0DC-4549-AEA0-3B15B44E86A9}.ReleaseWithSymbols|x64.Build.0 = Release|x64
	EndGlobalSection
	GlobalSection(SolutionProperties) = preSolution
		HideSolutionNode = FALSE
	EndGlobalSection
EndGlobal
