Microsoft Visual Studio Solution File, Format Version 11.00
# Visual Studio 2010
Project("{8BC9CEB8-8B4A-11D0-8D11-00A0C91BC942}") = "CEGUIBase", "BaseSystem\CEGUIBase.vcxproj", "{2F492E39-2634-2E43-ACA1-67E9FFD5AA99}"
EndProject
Project("{8BC9CEB8-8B4A-11D0-8D11-00A0C91BC942}") = "CEGUILuaScriptModule", "ScriptingModules\LuaScriptModule\CEGUILuaScriptModule.vcxproj", "{D4CC0D4D-0A46-7F4F-B398-7DF4DC469844}"
EndProject
Project("{8BC9CEB8-8B4A-11D0-8D11-00A0C91BC942}") = "tolua++", "ScriptingModules\LuaScriptModule\support\tolua++\tolua++.vcxproj", "{B47CB3D9-A8FD-F243-9FC6-7BAD18E1A6DC}"
EndProject
Project("{8BC9CEB8-8B4A-11D0-8D11-00A0C91BC942}") = "tolua++cegui", "ScriptingModules\LuaScriptModule\support\tolua++bin\tolua++cegui.vcxproj", "{FBB9E4CB-90DB-254B-B497-C9A2E10B9679}"
EndProject
Project("{8BC9CEB8-8B4A-11D0-8D11-00A0C91BC942}") = "CEGUIFalagardWRBase", "WindowRendererSets\Falagard\CEGUIFalagardWRBase.vcxproj", "{D5120BCB-D6BE-7B4F-B9D9-9DBCA4BCA001}"
EndProject
Project("{8BC9CEB8-8B4A-11D0-8D11-00A0C91BC942}") = "CEGUICoronaImageCodec", "ImageCodecModules\CoronaImageCodec\CEGUICoronaImageCodec.vcxproj", "{D5231D38-FFDF-EA4A-9800-3CAD80A4AE00}"
EndProject
Project("{8BC9CEB8-8B4A-11D0-8D11-00A0C91BC942}") = "CEGUIDevILImageCodec", "ImageCodecModules\DevILImageCodec\CEGUIDevILImageCodec.vcxproj", "{93CE4A43-37D9-164F-8920-026DD984FB4B}"
EndProject
Project("{8BC9CEB8-8B4A-11D0-8D11-00A0C91BC942}") = "CEGUIFreeImageImageCodec", "ImageCodecModules\FreeImageImageCodec\CEGUIFreeImageImageCodec.vcxproj", "{2BAD8FB1-9117-A54A-A4BF-D7AD78D36AA2}"
EndProject
Project("{8BC9CEB8-8B4A-11D0-8D11-00A0C91BC942}") = "CEGUITGAImageCodec", "ImageCodecModules\TGAImageCodec\CEGUITGAImageCodec.vcxproj", "{9E5281CA-14DA-094D-8137-F26C930930EB}"
EndProject
Project("{8BC9CEB8-8B4A-11D0-8D11-00A0C91BC942}") = "CEGUISILLYImageCodec", "ImageCodecModules\SILLYImageCodec\CEGUISILLYImageCodec.vcxproj", "{EE5F05EB-0468-F54A-A566-F81A6BD1334D}"
EndProject
Project("{8BC9CEB8-8B4A-11D0-8D11-00A0C91BC942}") = "CEGUISTBImageCodec", "ImageCodecModules\STBImageCodec\CEGUISTBImageCodec.vcxproj", "{625BB44A-EB88-6C40-9816-38AB29ABEE2A}"
EndProject
Project("{8BC9CEB8-8B4A-11D0-8D11-00A0C91BC942}") = "CEGUIExpatParser", "XMLParserModules\expatParser\CEGUIExpatParser.vcxproj", "{A7659CFA-A129-3543-81BB-83A1813BFFE0}"
EndProject
Project("{8BC9CEB8-8B4A-11D0-8D11-00A0C91BC942}") = "CEGUIOpenGLRenderer", "RendererModules\OpenGL\CEGUIOpenGLRenderer.vcxproj", "{87076AC7-E4A6-1846-B7DD-D17F7D31DDF2}"
EndProject
Project("{8BC9CEB8-8B4A-11D0-8D11-00A0C91BC942}") = "CEGUIDirect3D9Renderer", "RendererModules\Direct3D9\CEGUIDirect3D9Renderer.vcxproj", "{B4AFF4CB-FDC8-BE40-ABCC-30E52A8CF480}"
EndProject
Project("{8BC9CEB8-8B4A-11D0-8D11-00A0C91BC942}") = "CEGUIOgreRenderer", "RendererModules\Ogre\CEGUIOgreRenderer.vcxproj", "{008B2370-9D3F-5841-B4D0-DEE7C9E4E04C}"
EndProject
Global
	GlobalSection(SolutionConfigurationPlatforms) = preSolution
		Debug_Static|Win32 = Debug_Static|Win32
		Debug|Win32 = Debug|Win32
		Release_Static|Win32 = Release_Static|Win32
		Release|Win32 = Release|Win32
		ReleaseWithSymbols|Win32 = ReleaseWithSymbols|Win32
	EndGlobalSection
	GlobalSection(ProjectConfigurationPlatforms) = postSolution
		{2F492E39-2634-2E43-ACA1-67E9FFD5AA99}.Debug_Static|Win32.ActiveCfg = Debug_Static|Win32
		{2F492E39-2634-2E43-ACA1-67E9FFD5AA99}.Debug_Static|Win32.Build.0 = Debug_Static|Win32
		{2F492E39-2634-2E43-ACA1-67E9FFD5AA99}.Debug|Win32.ActiveCfg = Debug|Win32
		{2F492E39-2634-2E43-ACA1-67E9FFD5AA99}.Debug|Win32.Build.0 = Debug|Win32
		{2F492E39-2634-2E43-ACA1-67E9FFD5AA99}.Release_Static|Win32.ActiveCfg = Release_Static|Win32
		{2F492E39-2634-2E43-ACA1-67E9FFD5AA99}.Release_Static|Win32.Build.0 = Release_Static|Win32
		{2F492E39-2634-2E43-ACA1-67E9FFD5AA99}.Release|Win32.ActiveCfg = Release|Win32
		{2F492E39-2634-2E43-ACA1-67E9FFD5AA99}.Release|Win32.Build.0 = Release|Win32
		{2F492E39-2634-2E43-ACA1-67E9FFD5AA99}.ReleaseWithSymbols|Win32.ActiveCfg = ReleaseWithSymbols|Win32
		{2F492E39-2634-2E43-ACA1-67E9FFD5AA99}.ReleaseWithSymbols|Win32.Build.0 = ReleaseWithSymbols|Win32
		{D4CC0D4D-0A46-7F4F-B398-7DF4DC469844}.Debug_Static|Win32.ActiveCfg = Debug_Static|Win32
		{D4CC0D4D-0A46-7F4F-B398-7DF4DC469844}.Debug_Static|Win32.Build.0 = Debug_Static|Win32
		{D4CC0D4D-0A46-7F4F-B398-7DF4DC469844}.Debug|Win32.ActiveCfg = Debug|Win32
		{D4CC0D4D-0A46-7F4F-B398-7DF4DC469844}.Debug|Win32.Build.0 = Debug|Win32
		{D4CC0D4D-0A46-7F4F-B398-7DF4DC469844}.Release_Static|Win32.ActiveCfg = Release_Static|Win32
		{D4CC0D4D-0A46-7F4F-B398-7DF4DC469844}.Release_Static|Win32.Build.0 = Release_Static|Win32
		{D4CC0D4D-0A46-7F4F-B398-7DF4DC469844}.Release|Win32.ActiveCfg = Release|Win32
		{D4CC0D4D-0A46-7F4F-B398-7DF4DC469844}.Release|Win32.Build.0 = Release|Win32
		{D4CC0D4D-0A46-7F4F-B398-7DF4DC469844}.ReleaseWithSymbols|Win32.ActiveCfg = ReleaseWithSymbols|Win32
		{D4CC0D4D-0A46-7F4F-B398-7DF4DC469844}.ReleaseWithSymbols|Win32.Build.0 = ReleaseWithSymbols|Win32
		{B47CB3D9-A8FD-F243-9FC6-7BAD18E1A6DC}.Debug_Static|Win32.ActiveCfg = Debug_Static|Win32
		{B47CB3D9-A8FD-F243-9FC6-7BAD18E1A6DC}.Debug_Static|Win32.Build.0 = Debug_Static|Win32
		{B47CB3D9-A8FD-F243-9FC6-7BAD18E1A6DC}.Debug|Win32.ActiveCfg = Debug|Win32
		{B47CB3D9-A8FD-F243-9FC6-7BAD18E1A6DC}.Debug|Win32.Build.0 = Debug|Win32
		{B47CB3D9-A8FD-F243-9FC6-7BAD18E1A6DC}.Release_Static|Win32.ActiveCfg = Release_Static|Win32
		{B47CB3D9-A8FD-F243-9FC6-7BAD18E1A6DC}.Release_Static|Win32.Build.0 = Release_Static|Win32
		{B47CB3D9-A8FD-F243-9FC6-7BAD18E1A6DC}.Release|Win32.ActiveCfg = Release|Win32
		{B47CB3D9-A8FD-F243-9FC6-7BAD18E1A6DC}.Release|Win32.Build.0 = Release|Win32
		{B47CB3D9-A8FD-F243-9FC6-7BAD18E1A6DC}.ReleaseWithSymbols|Win32.ActiveCfg = ReleaseWithSymbols|Win32
		{B47CB3D9-A8FD-F243-9FC6-7BAD18E1A6DC}.ReleaseWithSymbols|Win32.Build.0 = ReleaseWithSymbols|Win32
		{FBB9E4CB-90DB-254B-B497-C9A2E10B9679}.Debug_Static|Win32.ActiveCfg = Debug_Static|Win32
		{FBB9E4CB-90DB-254B-B497-C9A2E10B9679}.Debug_Static|Win32.Build.0 = Debug_Static|Win32
		{FBB9E4CB-90DB-254B-B497-C9A2E10B9679}.Debug|Win32.ActiveCfg = Debug|Win32
		{FBB9E4CB-90DB-254B-B497-C9A2E10B9679}.Debug|Win32.Build.0 = Debug|Win32
		{FBB9E4CB-90DB-254B-B497-C9A2E10B9679}.Release_Static|Win32.ActiveCfg = Release_Static|Win32
		{FBB9E4CB-90DB-254B-B497-C9A2E10B9679}.Release_Static|Win32.Build.0 = Release_Static|Win32
		{FBB9E4CB-90DB-254B-B497-C9A2E10B9679}.Release|Win32.ActiveCfg = Release|Win32
		{FBB9E4CB-90DB-254B-B497-C9A2E10B9679}.Release|Win32.Build.0 = Release|Win32
		{FBB9E4CB-90DB-254B-B497-C9A2E10B9679}.ReleaseWithSymbols|Win32.ActiveCfg = ReleaseWithSymbols|Win32
		{FBB9E4CB-90DB-254B-B497-C9A2E10B9679}.ReleaseWithSymbols|Win32.Build.0 = ReleaseWithSymbols|Win32
		{D5120BCB-D6BE-7B4F-B9D9-9DBCA4BCA001}.Debug_Static|Win32.ActiveCfg = Debug_Static|Win32
		{D5120BCB-D6BE-7B4F-B9D9-9DBCA4BCA001}.Debug_Static|Win32.Build.0 = Debug_Static|Win32
		{D5120BCB-D6BE-7B4F-B9D9-9DBCA4BCA001}.Debug|Win32.ActiveCfg = Debug|Win32
		{D5120BCB-D6BE-7B4F-B9D9-9DBCA4BCA001}.Debug|Win32.Build.0 = Debug|Win32
		{D5120BCB-D6BE-7B4F-B9D9-9DBCA4BCA001}.Release_Static|Win32.ActiveCfg = Release_Static|Win32
		{D5120BCB-D6BE-7B4F-B9D9-9DBCA4BCA001}.Release_Static|Win32.Build.0 = Release_Static|Win32
		{D5120BCB-D6BE-7B4F-B9D9-9DBCA4BCA001}.Release|Win32.ActiveCfg = Release|Win32
		{D5120BCB-D6BE-7B4F-B9D9-9DBCA4BCA001}.Release|Win32.Build.0 = Release|Win32
		{D5120BCB-D6BE-7B4F-B9D9-9DBCA4BCA001}.ReleaseWithSymbols|Win32.ActiveCfg = ReleaseWithSymbols|Win32
		{D5120BCB-D6BE-7B4F-B9D9-9DBCA4BCA001}.ReleaseWithSymbols|Win32.Build.0 = ReleaseWithSymbols|Win32
		{D5231D38-FFDF-EA4A-9800-3CAD80A4AE00}.Debug_Static|Win32.ActiveCfg = Debug_Static|Win32
		{D5231D38-FFDF-EA4A-9800-3CAD80A4AE00}.Debug_Static|Win32.Build.0 = Debug_Static|Win32
		{D5231D38-FFDF-EA4A-9800-3CAD80A4AE00}.Debug|Win32.ActiveCfg = Debug|Win32
		{D5231D38-FFDF-EA4A-9800-3CAD80A4AE00}.Debug|Win32.Build.0 = Debug|Win32
		{D5231D38-FFDF-EA4A-9800-3CAD80A4AE00}.Release_Static|Win32.ActiveCfg = Release_Static|Win32
		{D5231D38-FFDF-EA4A-9800-3CAD80A4AE00}.Release_Static|Win32.Build.0 = Release_Static|Win32
		{D5231D38-FFDF-EA4A-9800-3CAD80A4AE00}.Release|Win32.ActiveCfg = Release|Win32
		{D5231D38-FFDF-EA4A-9800-3CAD80A4AE00}.Release|Win32.Build.0 = Release|Win32
		{D5231D38-FFDF-EA4A-9800-3CAD80A4AE00}.ReleaseWithSymbols|Win32.ActiveCfg = ReleaseWithSymbols|Win32
		{D5231D38-FFDF-EA4A-9800-3CAD80A4AE00}.ReleaseWithSymbols|Win32.Build.0 = ReleaseWithSymbols|Win32
		{93CE4A43-37D9-164F-8920-026DD984FB4B}.Debug_Static|Win32.ActiveCfg = Debug_Static|Win32
		{93CE4A43-37D9-164F-8920-026DD984FB4B}.Debug_Static|Win32.Build.0 = Debug_Static|Win32
		{93CE4A43-37D9-164F-8920-026DD984FB4B}.Debug|Win32.ActiveCfg = Debug|Win32
		{93CE4A43-37D9-164F-8920-026DD984FB4B}.Debug|Win32.Build.0 = Debug|Win32
		{93CE4A43-37D9-164F-8920-026DD984FB4B}.Release_Static|Win32.ActiveCfg = Release_Static|Win32
		{93CE4A43-37D9-164F-8920-026DD984FB4B}.Release_Static|Win32.Build.0 = Release_Static|Win32
		{93CE4A43-37D9-164F-8920-026DD984FB4B}.Release|Win32.ActiveCfg = Release|Win32
		{93CE4A43-37D9-164F-8920-026DD984FB4B}.Release|Win32.Build.0 = Release|Win32
		{93CE4A43-37D9-164F-8920-026DD984FB4B}.ReleaseWithSymbols|Win32.ActiveCfg = ReleaseWithSymbols|Win32
		{93CE4A43-37D9-164F-8920-026DD984FB4B}.ReleaseWithSymbols|Win32.Build.0 = ReleaseWithSymbols|Win32
		{2BAD8FB1-9117-A54A-A4BF-D7AD78D36AA2}.Debug_Static|Win32.ActiveCfg = Debug_Static|Win32
		{2BAD8FB1-9117-A54A-A4BF-D7AD78D36AA2}.Debug_Static|Win32.Build.0 = Debug_Static|Win32
		{2BAD8FB1-9117-A54A-A4BF-D7AD78D36AA2}.Debug|Win32.ActiveCfg = Debug|Win32
		{2BAD8FB1-9117-A54A-A4BF-D7AD78D36AA2}.Debug|Win32.Build.0 = Debug|Win32
		{2BAD8FB1-9117-A54A-A4BF-D7AD78D36AA2}.Release_Static|Win32.ActiveCfg = Release_Static|Win32
		{2BAD8FB1-9117-A54A-A4BF-D7AD78D36AA2}.Release_Static|Win32.Build.0 = Release_Static|Win32
		{2BAD8FB1-9117-A54A-A4BF-D7AD78D36AA2}.Release|Win32.ActiveCfg = Release|Win32
		{2BAD8FB1-9117-A54A-A4BF-D7AD78D36AA2}.Release|Win32.Build.0 = Release|Win32
		{2BAD8FB1-9117-A54A-A4BF-D7AD78D36AA2}.ReleaseWithSymbols|Win32.ActiveCfg = ReleaseWithSymbols|Win32
		{2BAD8FB1-9117-A54A-A4BF-D7AD78D36AA2}.ReleaseWithSymbols|Win32.Build.0 = ReleaseWithSymbols|Win32
		{9E5281CA-14DA-094D-8137-F26C930930EB}.Debug_Static|Win32.ActiveCfg = Debug_Static|Win32
		{9E5281CA-14DA-094D-8137-F26C930930EB}.Debug_Static|Win32.Build.0 = Debug_Static|Win32
		{9E5281CA-14DA-094D-8137-F26C930930EB}.Debug|Win32.ActiveCfg = Debug|Win32
		{9E5281CA-14DA-094D-8137-F26C930930EB}.Debug|Win32.Build.0 = Debug|Win32
		{9E5281CA-14DA-094D-8137-F26C930930EB}.Release_Static|Win32.ActiveCfg = Release_Static|Win32
		{9E5281CA-14DA-094D-8137-F26C930930EB}.Release_Static|Win32.Build.0 = Release_Static|Win32
		{9E5281CA-14DA-094D-8137-F26C930930EB}.Release|Win32.ActiveCfg = Release|Win32
		{9E5281CA-14DA-094D-8137-F26C930930EB}.Release|Win32.Build.0 = Release|Win32
		{9E5281CA-14DA-094D-8137-F26C930930EB}.ReleaseWithSymbols|Win32.ActiveCfg = ReleaseWithSymbols|Win32
		{9E5281CA-14DA-094D-8137-F26C930930EB}.ReleaseWithSymbols|Win32.Build.0 = ReleaseWithSymbols|Win32
		{EE5F05EB-0468-F54A-A566-F81A6BD1334D}.Debug_Static|Win32.ActiveCfg = Debug_Static|Win32
		{EE5F05EB-0468-F54A-A566-F81A6BD1334D}.Debug_Static|Win32.Build.0 = Debug_Static|Win32
		{EE5F05EB-0468-F54A-A566-F81A6BD1334D}.Debug|Win32.ActiveCfg = Debug|Win32
		{EE5F05EB-0468-F54A-A566-F81A6BD1334D}.Debug|Win32.Build.0 = Debug|Win32
		{EE5F05EB-0468-F54A-A566-F81A6BD1334D}.Release_Static|Win32.ActiveCfg = Release_Static|Win32
		{EE5F05EB-0468-F54A-A566-F81A6BD1334D}.Release_Static|Win32.Build.0 = Release_Static|Win32
		{EE5F05EB-0468-F54A-A566-F81A6BD1334D}.Release|Win32.ActiveCfg = Release|Win32
		{EE5F05EB-0468-F54A-A566-F81A6BD1334D}.Release|Win32.Build.0 = Release|Win32
		{EE5F05EB-0468-F54A-A566-F81A6BD1334D}.ReleaseWithSymbols|Win32.ActiveCfg = ReleaseWithSymbols|Win32
		{EE5F05EB-0468-F54A-A566-F81A6BD1334D}.ReleaseWithSymbols|Win32.Build.0 = ReleaseWithSymbols|Win32
		{625BB44A-EB88-6C40-9816-38AB29ABEE2A}.Debug_Static|Win32.ActiveCfg = Debug_Static|Win32
		{625BB44A-EB88-6C40-9816-38AB29ABEE2A}.Debug_Static|Win32.Build.0 = Debug_Static|Win32
		{625BB44A-EB88-6C40-9816-38AB29ABEE2A}.Debug|Win32.ActiveCfg = Debug|Win32
		{625BB44A-EB88-6C40-9816-38AB29ABEE2A}.Debug|Win32.Build.0 = Debug|Win32
		{625BB44A-EB88-6C40-9816-38AB29ABEE2A}.Release_Static|Win32.ActiveCfg = Release_Static|Win32
		{625BB44A-EB88-6C40-9816-38AB29ABEE2A}.Release_Static|Win32.Build.0 = Release_Static|Win32
		{625BB44A-EB88-6C40-9816-38AB29ABEE2A}.Release|Win32.ActiveCfg = Release|Win32
		{625BB44A-EB88-6C40-9816-38AB29ABEE2A}.Release|Win32.Build.0 = Release|Win32
		{625BB44A-EB88-6C40-9816-38AB29ABEE2A}.ReleaseWithSymbols|Win32.ActiveCfg = ReleaseWithSymbols|Win32
		{625BB44A-EB88-6C40-9816-38AB29ABEE2A}.ReleaseWithSymbols|Win32.Build.0 = ReleaseWithSymbols|Win32
		{A7659CFA-A129-3543-81BB-83A1813BFFE0}.Debug_Static|Win32.ActiveCfg = Debug_Static|Win32
		{A7659CFA-A129-3543-81BB-83A1813BFFE0}.Debug_Static|Win32.Build.0 = Debug_Static|Win32
		{A7659CFA-A129-3543-81BB-83A1813BFFE0}.Debug|Win32.ActiveCfg = Debug|Win32
		{A7659CFA-A129-3543-81BB-83A1813BFFE0}.Debug|Win32.Build.0 = Debug|Win32
		{A7659CFA-A129-3543-81BB-83A1813BFFE0}.Release_Static|Win32.ActiveCfg = Release_Static|Win32
		{A7659CFA-A129-3543-81BB-83A1813BFFE0}.Release_Static|Win32.Build.0 = Release_Static|Win32
		{A7659CFA-A129-3543-81BB-83A1813BFFE0}.Release|Win32.ActiveCfg = Release|Win32
		{A7659CFA-A129-3543-81BB-83A1813BFFE0}.Release|Win32.Build.0 = Release|Win32
		{A7659CFA-A129-3543-81BB-83A1813BFFE0}.ReleaseWithSymbols|Win32.ActiveCfg = ReleaseWithSymbols|Win32
		{A7659CFA-A129-3543-81BB-83A1813BFFE0}.ReleaseWithSymbols|Win32.Build.0 = ReleaseWithSymbols|Win32
		{87076AC7-E4A6-1846-B7DD-D17F7D31DDF2}.Debug_Static|Win32.ActiveCfg = Debug_Static|Win32
		{87076AC7-E4A6-1846-B7DD-D17F7D31DDF2}.Debug_Static|Win32.Build.0 = Debug_Static|Win32
		{87076AC7-E4A6-1846-B7DD-D17F7D31DDF2}.Debug|Win32.ActiveCfg = Debug|Win32
		{87076AC7-E4A6-1846-B7DD-D17F7D31DDF2}.Debug|Win32.Build.0 = Debug|Win32
		{87076AC7-E4A6-1846-B7DD-D17F7D31DDF2}.Release_Static|Win32.ActiveCfg = Release_Static|Win32
		{87076AC7-E4A6-1846-B7DD-D17F7D31DDF2}.Release_Static|Win32.Build.0 = Release_Static|Win32
		{87076AC7-E4A6-1846-B7DD-D17F7D31DDF2}.Release|Win32.ActiveCfg = Release|Win32
		{87076AC7-E4A6-1846-B7DD-D17F7D31DDF2}.Release|Win32.Build.0 = Release|Win32
		{87076AC7-E4A6-1846-B7DD-D17F7D31DDF2}.ReleaseWithSymbols|Win32.ActiveCfg = ReleaseWithSymbols|Win32
		{87076AC7-E4A6-1846-B7DD-D17F7D31DDF2}.ReleaseWithSymbols|Win32.Build.0 = ReleaseWithSymbols|Win32
		{B4AFF4CB-FDC8-BE40-ABCC-30E52A8CF480}.Debug_Static|Win32.ActiveCfg = Debug_Static|Win32
		{B4AFF4CB-FDC8-BE40-ABCC-30E52A8CF480}.Debug_Static|Win32.Build.0 = Debug_Static|Win32
		{B4AFF4CB-FDC8-BE40-ABCC-30E52A8CF480}.Debug|Win32.ActiveCfg = Debug|Win32
		{B4AFF4CB-FDC8-BE40-ABCC-30E52A8CF480}.Debug|Win32.Build.0 = Debug|Win32
		{B4AFF4CB-FDC8-BE40-ABCC-30E52A8CF480}.Release_Static|Win32.ActiveCfg = Release_Static|Win32
		{B4AFF4CB-FDC8-BE40-ABCC-30E52A8CF480}.Release_Static|Win32.Build.0 = Release_Static|Win32
		{B4AFF4CB-FDC8-BE40-ABCC-30E52A8CF480}.Release|Win32.ActiveCfg = Release|Win32
		{B4AFF4CB-FDC8-BE40-ABCC-30E52A8CF480}.Release|Win32.Build.0 = Release|Win32
		{B4AFF4CB-FDC8-BE40-ABCC-30E52A8CF480}.ReleaseWithSymbols|Win32.ActiveCfg = ReleaseWithSymbols|Win32
		{B4AFF4CB-FDC8-BE40-ABCC-30E52A8CF480}.ReleaseWithSymbols|Win32.Build.0 = ReleaseWithSymbols|Win32
		{008B2370-9D3F-5841-B4D0-DEE7C9E4E04C}.Debug_Static|Win32.ActiveCfg = Debug_Static|Win32
		{008B2370-9D3F-5841-B4D0-DEE7C9E4E04C}.Debug_Static|Win32.Build.0 = Debug_Static|Win32
		{008B2370-9D3F-5841-B4D0-DEE7C9E4E04C}.Debug|Win32.ActiveCfg = Debug|Win32
		{008B2370-9D3F-5841-B4D0-DEE7C9E4E04C}.Debug|Win32.Build.0 = Debug|Win32
		{008B2370-9D3F-5841-B4D0-DEE7C9E4E04C}.Release_Static|Win32.ActiveCfg = Release_Static|Win32
		{008B2370-9D3F-5841-B4D0-DEE7C9E4E04C}.Release_Static|Win32.Build.0 = Release_Static|Win32
		{008B2370-9D3F-5841-B4D0-DEE7C9E4E04C}.Release|Win32.ActiveCfg = Release|Win32
		{008B2370-9D3F-5841-B4D0-DEE7C9E4E04C}.Release|Win32.Build.0 = Release|Win32
		{008B2370-9D3F-5841-B4D0-DEE7C9E4E04C}.ReleaseWithSymbols|Win32.ActiveCfg = ReleaseWithSymbols|Win32
		{008B2370-9D3F-5841-B4D0-DEE7C9E4E04C}.ReleaseWithSymbols|Win32.Build.0 = ReleaseWithSymbols|Win32
	EndGlobalSection
	GlobalSection(SolutionProperties) = preSolution
		HideSolutionNode = FALSE
	EndGlobalSection
EndGlobal
