<?xml version="1.0" encoding="utf-8"?>
<Project ToolsVersion="4.0" xmlns="http://schemas.microsoft.com/developer/msbuild/2003">
  <ItemGroup>
    <Filter Include="cegui">
      <UniqueIdentifier>{0f1e8d77-75b4-40e4-a0ea-65251390c30a}</UniqueIdentifier>
    </Filter>
    <Filter Include="cegui\src">
      <UniqueIdentifier>{870dc0db-4386-49e3-9714-089966ebb8c5}</UniqueIdentifier>
    </Filter>
    <Filter Include="cegui\src\RendererModules">
      <UniqueIdentifier>{bb671715-706e-47fe-bc4c-7ded2af2f8c0}</UniqueIdentifier>
    </Filter>
    <Filter Include="cegui\src\RendererModules\Direct3D9">
      <UniqueIdentifier>{150f50a9-eabf-4b54-83d6-383969751236}</UniqueIdentifier>
    </Filter>
    <Filter Include="cegui\include">
      <UniqueIdentifier>{1158c22f-d94a-4e94-a77e-339d2ab9f0f8}</UniqueIdentifier>
    </Filter>
    <Filter Include="cegui\include\RendererModules">
      <UniqueIdentifier>{e25df622-d08f-46ed-9d43-e003e54f6220}</UniqueIdentifier>
    </Filter>
    <Filter Include="cegui\include\RendererModules\Direct3D9">
      <UniqueIdentifier>{c1c14ff7-1286-48af-aafb-3ad12a63e0b8}</UniqueIdentifier>
    </Filter>
  </ItemGroup>
  <ItemGroup>
    <ClCompile Include="..\..\..\..\cegui\src\RendererModules\Direct3D9\CEGUIDirect3D9GeometryBuffer.cpp">
      <Filter>cegui\src\RendererModules\Direct3D9</Filter>
    </ClCompile>
    <ClCompile Include="..\..\..\..\cegui\src\RendererModules\Direct3D9\CEGUIDirect3D9Renderer.cpp">
      <Filter>cegui\src\RendererModules\Direct3D9</Filter>
    </ClCompile>
    <ClCompile Include="..\..\..\..\cegui\src\RendererModules\Direct3D9\CEGUIDirect3D9RenderTarget.cpp">
      <Filter>cegui\src\RendererModules\Direct3D9</Filter>
    </ClCompile>
    <ClCompile Include="..\..\..\..\cegui\src\RendererModules\Direct3D9\CEGUIDirect3D9Texture.cpp">
      <Filter>cegui\src\RendererModules\Direct3D9</Filter>
    </ClCompile>
    <ClCompile Include="..\..\..\..\cegui\src\RendererModules\Direct3D9\CEGUIDirect3D9TextureTarget.cpp">
      <Filter>cegui\src\RendererModules\Direct3D9</Filter>
    </ClCompile>
    <ClCompile Include="..\..\..\..\cegui\src\RendererModules\Direct3D9\CEGUIDirect3D9ViewportTarget.cpp">
      <Filter>cegui\src\RendererModules\Direct3D9</Filter>
    </ClCompile>
  </ItemGroup>
  <ItemGroup>
    <ClInclude Include="..\..\..\..\cegui\include\RendererModules\Direct3D9\CEGUIDirect3D9GeometryBuffer.h">
      <Filter>cegui\include\RendererModules\Direct3D9</Filter>
    </ClInclude>
    <ClInclude Include="..\..\..\..\cegui\include\RendererModules\Direct3D9\CEGUIDirect3D9Renderer.h">
      <Filter>cegui\include\RendererModules\Direct3D9</Filter>
    </ClInclude>
    <ClInclude Include="..\..\..\..\cegui\include\RendererModules\Direct3D9\CEGUIDirect3D9RenderTarget.h">
      <Filter>cegui\include\RendererModules\Direct3D9</Filter>
    </ClInclude>
    <ClInclude Include="..\..\..\..\cegui\include\RendererModules\Direct3D9\CEGUIDirect3D9Texture.h">
      <Filter>cegui\include\RendererModules\Direct3D9</Filter>
    </ClInclude>
    <ClInclude Include="..\..\..\..\cegui\include\RendererModules\Direct3D9\CEGUIDirect3D9TextureTarget.h">
      <Filter>cegui\include\RendererModules\Direct3D9</Filter>
    </ClInclude>
    <ClInclude Include="..\..\..\..\cegui\include\RendererModules\Direct3D9\CEGUIDirect3D9ViewportTarget.h">
      <Filter>cegui\include\RendererModules\Direct3D9</Filter>
    </ClInclude>
  </ItemGroup>
</Project>