<?xml version="1.0" encoding="utf-8"?>
<Project ToolsVersion="4.0" xmlns="http://schemas.microsoft.com/developer/msbuild/2003">
  <ItemGroup>
    <Filter Include="cegui">
      <UniqueIdentifier>{848e9af5-a0f0-4996-84dd-f20593af2b68}</UniqueIdentifier>
    </Filter>
    <Filter Include="cegui\src">
      <UniqueIdentifier>{7dd4ce48-ddaa-47df-8711-8f05ac7b0ca5}</UniqueIdentifier>
    </Filter>
    <Filter Include="cegui\src\ScriptingModules">
      <UniqueIdentifier>{e37e4d5d-021f-4d2f-aa83-3f20a8e45b50}</UniqueIdentifier>
    </Filter>
    <Filter Include="cegui\src\ScriptingModules\LuaScriptModule">
      <UniqueIdentifier>{a19a8d3f-85cb-426f-be01-5d3e651d00fd}</UniqueIdentifier>
    </Filter>
    <Filter Include="cegui\src\ScriptingModules\LuaScriptModule\support">
      <UniqueIdentifier>{31344290-db22-4b9a-a580-5dacd70e7378}</UniqueIdentifier>
    </Filter>
    <Filter Include="cegui\src\ScriptingModules\LuaScriptModule\support\tolua++bin">
      <UniqueIdentifier>{e9302f28-5ff4-4d26-827b-28d6fcf17f39}</UniqueIdentifier>
    </Filter>
  </ItemGroup>
  <ItemGroup>
    <ClCompile Include="..\..\..\..\..\..\cegui\src\ScriptingModules\LuaScriptModule\support\tolua++bin\tolua.c">
      <Filter>cegui\src\ScriptingModules\LuaScriptModule\support\tolua++bin</Filter>
    </ClCompile>
    <ClCompile Include="..\..\..\..\..\..\cegui\src\ScriptingModules\LuaScriptModule\support\tolua++bin\toluabind.c">
      <Filter>cegui\src\ScriptingModules\LuaScriptModule\support\tolua++bin</Filter>
    </ClCompile>
  </ItemGroup>
  <ItemGroup>
    <ClInclude Include="..\..\..\..\..\..\cegui\src\ScriptingModules\LuaScriptModule\support\tolua++bin\toluabind.h">
      <Filter>cegui\src\ScriptingModules\LuaScriptModule\support\tolua++bin</Filter>
    </ClInclude>
  </ItemGroup>
</Project>