<?xml version="1.0" encoding="utf-8"?>
<Project ToolsVersion="4.0" xmlns="http://schemas.microsoft.com/developer/msbuild/2003">
  <ItemGroup>
    <Filter Include="Samples">
      <UniqueIdentifier>{8d568c5b-57dc-4042-b125-4e71045f5798}</UniqueIdentifier>
    </Filter>
    <Filter Include="Samples\common">
      <UniqueIdentifier>{23b5e697-1881-42ec-969a-3efe91d72be6}</UniqueIdentifier>
    </Filter>
    <Filter Include="Samples\common\src">
      <UniqueIdentifier>{5e81213b-6885-4a2d-822d-c6f669c0657f}</UniqueIdentifier>
    </Filter>
    <Filter Include="Samples\common\include">
      <UniqueIdentifier>{14b42f1d-a318-4697-ad87-533c76c02ceb}</UniqueIdentifier>
    </Filter>
  </ItemGroup>
  <ItemGroup>
    <ClCompile Include="..\..\..\..\Samples\common\src\CEGuiBaseApplication.cpp">
      <Filter>Samples\common\src</Filter>
    </ClCompile>
    <ClCompile Include="..\..\..\..\Samples\common\src\CEGuiD3D10BaseApplication.cpp">
      <Filter>Samples\common\src</Filter>
    </ClCompile>
    <ClCompile Include="..\..\..\..\Samples\common\src\CEGuiD3D9BaseApplication.cpp">
      <Filter>Samples\common\src</Filter>
    </ClCompile>
    <ClCompile Include="..\..\..\..\Samples\common\src\CEGuiDirectFBBaseApplication.cpp">
      <Filter>Samples\common\src</Filter>
    </ClCompile>
    <ClCompile Include="..\..\..\..\Samples\common\src\CEGuiIrrlichtBaseApplication.cpp">
      <Filter>Samples\common\src</Filter>
    </ClCompile>
    <ClCompile Include="..\..\..\..\Samples\common\src\CEGuiOgreBaseApplication.cpp">
      <Filter>Samples\common\src</Filter>
    </ClCompile>
    <ClCompile Include="..\..\..\..\Samples\common\src\CEGuiOpenGLBaseApplication.cpp">
      <Filter>Samples\common\src</Filter>
    </ClCompile>
    <ClCompile Include="..\..\..\..\Samples\common\src\CEGuiRendererSelector.cpp">
      <Filter>Samples\common\src</Filter>
    </ClCompile>
    <ClCompile Include="..\..\..\..\Samples\common\src\CEGuiSample.cpp">
      <Filter>Samples\common\src</Filter>
    </ClCompile>
    <ClCompile Include="..\..\..\..\Samples\common\src\DeviceReset_Direct3D10.cpp">
      <Filter>Samples\common\src</Filter>
    </ClCompile>
    <ClCompile Include="..\..\..\..\Samples\common\src\DeviceReset_Direct3D9.cpp">
      <Filter>Samples\common\src</Filter>
    </ClCompile>
    <ClCompile Include="..\..\..\..\Samples\common\src\Win32AppHelper.cpp">
      <Filter>Samples\common\src</Filter>
    </ClCompile>
    <ClCompile Include="..\..\..\..\Samples\common\src\Win32CEGuiRendererSelector.cpp">
      <Filter>Samples\common\src</Filter>
    </ClCompile>
  </ItemGroup>
  <ItemGroup>
    <ClInclude Include="..\..\..\..\Samples\common\include\CEGuiBaseApplication.h">
      <Filter>Samples\common\include</Filter>
    </ClInclude>
    <ClInclude Include="..\..\..\..\Samples\common\include\CEGuiD3D10BaseApplication.h">
      <Filter>Samples\common\include</Filter>
    </ClInclude>
    <ClInclude Include="..\..\..\..\Samples\common\include\CEGuiD3D9BaseApplication.h">
      <Filter>Samples\common\include</Filter>
    </ClInclude>
    <ClInclude Include="..\..\..\..\Samples\common\include\CEGuiDirectFBBaseApplication.h">
      <Filter>Samples\common\include</Filter>
    </ClInclude>
    <ClInclude Include="..\..\..\..\Samples\common\include\CEGuiIrrlichtBaseApplication.h">
      <Filter>Samples\common\include</Filter>
    </ClInclude>
    <ClInclude Include="..\..\..\..\Samples\common\include\CEGuiOgreBaseApplication.h">
      <Filter>Samples\common\include</Filter>
    </ClInclude>
    <ClInclude Include="..\..\..\..\Samples\common\include\CEGuiOpenGLBaseApplication.h">
      <Filter>Samples\common\include</Filter>
    </ClInclude>
    <ClInclude Include="..\..\..\..\Samples\common\include\CEGuiRendererSelector.h">
      <Filter>Samples\common\include</Filter>
    </ClInclude>
    <ClInclude Include="..\..\..\..\Samples\common\include\CEGuiSample.h">
      <Filter>Samples\common\include</Filter>
    </ClInclude>
    <ClInclude Include="..\..\..\..\Samples\common\include\CEGUISamplesConfig.h">
      <Filter>Samples\common\include</Filter>
    </ClInclude>
    <ClInclude Include="..\..\..\..\Samples\common\include\Win32AppHelper.h">
      <Filter>Samples\common\include</Filter>
    </ClInclude>
    <ClInclude Include="..\..\..\..\Samples\common\include\Win32CEGuiRendererSelector.h">
      <Filter>Samples\common\include</Filter>
    </ClInclude>
  </ItemGroup>
</Project>