<?xml version="1.0" encoding="utf-8"?>
<Project ToolsVersion="4.0" xmlns="http://schemas.microsoft.com/developer/msbuild/2003">
  <ItemGroup>
    <Filter Include="Samples">
      <UniqueIdentifier>{b5ce058e-6e4f-4e7c-8283-2983c0ec0bf8}</UniqueIdentifier>
    </Filter>
    <Filter Include="Samples\FirstWindow">
      <UniqueIdentifier>{d4205b27-41ad-4057-b347-ff409a40c9e2}</UniqueIdentifier>
    </Filter>
  </ItemGroup>
  <ItemGroup>
    <ClCompile Include="..\..\..\..\Samples\FirstWindow\Sample_FirstWindow.cpp">
      <Filter>Samples\FirstWindow</Filter>
    </ClCompile>
  </ItemGroup>
  <ItemGroup>
    <ClInclude Include="..\..\..\..\Samples\FirstWindow\Sample_FirstWindow.h">
      <Filter>Samples\FirstWindow</Filter>
    </ClInclude>
  </ItemGroup>
</Project>