<?xml version="1.0" encoding="utf-8"?>
<Project ToolsVersion="4.0" xmlns="http://schemas.microsoft.com/developer/msbuild/2003">
  <ItemGroup>
    <Filter Include="cegui">
      <UniqueIdentifier>{459c80c5-6ef9-4e8c-9f96-636159bf14f2}</UniqueIdentifier>
    </Filter>
    <Filter Include="cegui\src">
      <UniqueIdentifier>{f085b4e1-960a-4d81-bef3-2fcd7310aa52}</UniqueIdentifier>
    </Filter>
    <Filter Include="cegui\src\ScriptingModules">
      <UniqueIdentifier>{241fa1fe-2e3c-4fa6-88b1-2819cd628665}</UniqueIdentifier>
    </Filter>
    <Filter Include="cegui\src\ScriptingModules\LuaScriptModule">
      <UniqueIdentifier>{97ed0670-66ac-4838-9c92-82dcf1965830}</UniqueIdentifier>
    </Filter>
    <Filter Include="cegui\src\ScriptingModules\LuaScriptModule\support">
      <UniqueIdentifier>{d5cfe978-eb26-4f1a-aabc-890e6418fb8a}</UniqueIdentifier>
    </Filter>
    <Filter Include="cegui\src\ScriptingModules\LuaScriptModule\support\tolua++">
      <UniqueIdentifier>{2c6750c1-ee29-4fb4-ba3d-bb48f28506a6}</UniqueIdentifier>
    </Filter>
    <Filter Include="cegui\include">
      <UniqueIdentifier>{d3e9cec8-e5e6-4845-84f9-948e1c81e031}</UniqueIdentifier>
    </Filter>
    <Filter Include="cegui\include\ScriptingModules">
      <UniqueIdentifier>{7ecc9c1b-5424-49c3-913d-636234120ca1}</UniqueIdentifier>
    </Filter>
    <Filter Include="cegui\include\ScriptingModules\LuaScriptModule">
      <UniqueIdentifier>{586fc040-ba2f-4b82-a995-80ff5815d7db}</UniqueIdentifier>
    </Filter>
    <Filter Include="cegui\include\ScriptingModules\LuaScriptModule\support">
      <UniqueIdentifier>{3231b87d-c75a-49c8-a89e-4ee7aa5d244a}</UniqueIdentifier>
    </Filter>
    <Filter Include="cegui\include\ScriptingModules\LuaScriptModule\support\tolua++">
      <UniqueIdentifier>{14b13d31-5e94-4d5c-be88-30d0fc6ca6d9}</UniqueIdentifier>
    </Filter>
  </ItemGroup>
  <ItemGroup>
    <ClCompile Include="..\..\..\..\..\..\cegui\src\ScriptingModules\LuaScriptModule\support\tolua++\tolua_event.c">
      <Filter>cegui\src\ScriptingModules\LuaScriptModule\support\tolua++</Filter>
    </ClCompile>
    <ClCompile Include="..\..\..\..\..\..\cegui\src\ScriptingModules\LuaScriptModule\support\tolua++\tolua_is.c">
      <Filter>cegui\src\ScriptingModules\LuaScriptModule\support\tolua++</Filter>
    </ClCompile>
    <ClCompile Include="..\..\..\..\..\..\cegui\src\ScriptingModules\LuaScriptModule\support\tolua++\tolua_map.c">
      <Filter>cegui\src\ScriptingModules\LuaScriptModule\support\tolua++</Filter>
    </ClCompile>
    <ClCompile Include="..\..\..\..\..\..\cegui\src\ScriptingModules\LuaScriptModule\support\tolua++\tolua_push.c">
      <Filter>cegui\src\ScriptingModules\LuaScriptModule\support\tolua++</Filter>
    </ClCompile>
    <ClCompile Include="..\..\..\..\..\..\cegui\src\ScriptingModules\LuaScriptModule\support\tolua++\tolua_to.c">
      <Filter>cegui\src\ScriptingModules\LuaScriptModule\support\tolua++</Filter>
    </ClCompile>
  </ItemGroup>
  <ItemGroup>
    <ClInclude Include="..\..\..\..\..\..\cegui\src\ScriptingModules\LuaScriptModule\support\tolua++\tolua_event.h">
      <Filter>cegui\src\ScriptingModules\LuaScriptModule\support\tolua++</Filter>
    </ClInclude>
    <ClInclude Include="..\..\..\..\..\..\cegui\include\ScriptingModules\LuaScriptModule\support\tolua++\tolua++.h">
      <Filter>cegui\include\ScriptingModules\LuaScriptModule\support\tolua++</Filter>
    </ClInclude>
  </ItemGroup>
</Project>