<?xml version="1.0" encoding="utf-8"?>
<Project ToolsVersion="4.0" xmlns="http://schemas.microsoft.com/developer/msbuild/2003">
  <ItemGroup>
    <Filter Include="Samples">
      <UniqueIdentifier>{2b30d9c9-b0d9-4874-b8a8-2d848be8789e}</UniqueIdentifier>
    </Filter>
    <Filter Include="Samples\FontDemo">
      <UniqueIdentifier>{9e466db7-6adf-465a-a40d-43f2387a6fd4}</UniqueIdentifier>
    </Filter>
  </ItemGroup>
  <ItemGroup>
    <ClCompile Include="..\..\..\..\Samples\FontDemo\Sample_FontDemo.cpp">
      <Filter>Samples\FontDemo</Filter>
    </ClCompile>
  </ItemGroup>
</Project>