<?xml version="1.0" encoding="utf-8"?>
<Project ToolsVersion="4.0" xmlns="http://schemas.microsoft.com/developer/msbuild/2003">
  <ItemGroup>
    <Filter Include="Samples">
      <UniqueIdentifier>{3d535d58-da2c-4c5d-b09f-86892143df94}</UniqueIdentifier>
    </Filter>
    <Filter Include="Samples\test_cef">
      <UniqueIdentifier>{b61653ec-03cb-43d3-a2cc-e77ec2680e2a}</UniqueIdentifier>
    </Filter>
    <Filter Include="Samples\cefclient">
      <UniqueIdentifier>{8da79119-9848-4e6e-b07b-e52dfeccd0fc}</UniqueIdentifier>
    </Filter>
  </ItemGroup>
  <ItemGroup>
    <ClCompile Include="..\..\..\..\Samples\test_cef\Sample_FirstWindow.cpp">
      <Filter>Samples\test_cef</Filter>
    </ClCompile>
    <ClCompile Include="..\..\..\..\Samples\test_cef\BrowserWindow.cpp">
      <Filter>Samples\test_cef</Filter>
    </ClCompile>
    <ClCompile Include="..\..\..\..\Samples\test_cef\cefclient\client_handler.cpp">
      <Filter>Samples\cefclient</Filter>
    </ClCompile>
    <ClCompile Include="..\..\..\..\Samples\test_cef\cefclient\string_util.cpp">
      <Filter>Samples\cefclient</Filter>
    </ClCompile>
  </ItemGroup>
  <ItemGroup>
    <ClInclude Include="..\..\..\..\Samples\test_cef\Sample_FirstWindow.h">
      <Filter>Samples\test_cef</Filter>
    </ClInclude>
    <ClInclude Include="..\..\..\..\Samples\test_cef\BrowserWindow.h">
      <Filter>Samples\test_cef</Filter>
    </ClInclude>
    <ClInclude Include="..\..\..\..\Samples\test_cef\cefclient\client_handler.h">
      <Filter>Samples\cefclient</Filter>
    </ClInclude>
    <ClInclude Include="..\..\..\..\Samples\test_cef\cefclient\string_util.h">
      <Filter>Samples\cefclient</Filter>
    </ClInclude>
    <ClInclude Include="..\..\..\..\Samples\test_cef\cefclient\util.h">
      <Filter>Samples\cefclient</Filter>
    </ClInclude>
  </ItemGroup>
</Project>