<?xml version="1.0" encoding="utf-8"?>
<Project ToolsVersion="4.0" xmlns="http://schemas.microsoft.com/developer/msbuild/2003">
  <ItemGroup>
    <Filter Include="Samples">
      <UniqueIdentifier>{f448211a-b59d-40d1-b60d-8cbb1a9595d6}</UniqueIdentifier>
    </Filter>
    <Filter Include="Samples\Minesweeper">
      <UniqueIdentifier>{e9954412-e533-4c15-9298-598cd98fae76}</UniqueIdentifier>
    </Filter>
  </ItemGroup>
  <ItemGroup>
    <ClCompile Include="..\..\..\..\Samples\Minesweeper\Minesweeper_Timer.cpp">
      <Filter>Samples\Minesweeper</Filter>
    </ClCompile>
    <ClCompile Include="..\..\..\..\Samples\Minesweeper\Sample_Minesweeper.cpp">
      <Filter>Samples\Minesweeper</Filter>
    </ClCompile>
  </ItemGroup>
  <ItemGroup>
    <ClInclude Include="..\..\..\..\Samples\Minesweeper\Minesweeper_Timer.h">
      <Filter>Samples\Minesweeper</Filter>
    </ClInclude>
  </ItemGroup>
</Project>